
Microsoft Visual Studio Solution File, Format Version 12.00
# Visual Studio 15
VisualStudioVersion = 15.0.26228.9
MinimumVisualStudioVersion = 10.0.40219.1
Project("{FAE04EC0-301F-11D3-BF4B-00C04F79EFBC}") = "Geolocator.Plugin", "..\src\Geolocator.Plugin\Geolocator.Plugin.csproj", "{A6FCEF44-D2BA-42C7-B3CB-13667BCD7B54}"
EndProject
Project("{FAE04EC0-301F-11D3-BF4B-00C04F79EFBC}") = "Geolocator.Plugin.Abstractions", "..\src\Geolocator.Plugin.Abstractions\Geolocator.Plugin.Abstractions.csproj", "{6EDB0588-FFC5-4EF5-8A99-9E241D0F878D}"
EndProject
Project("{FAE04EC0-301F-11D3-BF4B-00C04F79EFBC}") = "Geolocator.Plugin.Android", "..\src\Geolocator.Plugin.Android\Geolocator.Plugin.Android.csproj", "{56A56F17-7DE1-4CA1-9617-BF32E971AC84}"
EndProject
Project("{2150E333-8FDC-42A3-9474-1A3956D46DE8}") = "Solution Items", "Solution Items", "{33498B6F-E3B8-4C37-9BB6-600D0E089742}"
	ProjectSection(SolutionItems) = preProject
		..\CHANGELOG.md = ..\CHANGELOG.md
		..\nuget\Plugin.nuspec = ..\nuget\Plugin.nuspec
		..\nuget\readme.txt = ..\nuget\readme.txt
		..\README.md = ..\README.md
	EndProjectSection
EndProject
Project("{2150E333-8FDC-42A3-9474-1A3956D46DE8}") = "TestApps", "TestApps", "{F47FDCB8-7128-4322-9972-2FA6570BE15D}"
EndProject
Project("{FAE04EC0-301F-11D3-BF4B-00C04F79EFBC}") = "GeolocatorTests", "GeolocatorTests\GeolocatorTests.csproj", "{7D60E3CB-2799-4416-85BA-2374284EB3F1}"
EndProject
Project("{FAE04EC0-301F-11D3-BF4B-00C04F79EFBC}") = "GeolocatorTests.iOS", "GeolocatorTests.iOS\GeolocatorTests.iOS.csproj", "{5F010020-BEE6-47EE-A4CE-6A8C42B9CB29}"
EndProject
Project("{FAE04EC0-301F-11D3-BF4B-00C04F79EFBC}") = "GeolocatorTests.Droid", "GeolocatorTests.Droid\GeolocatorTests.Droid.csproj", "{E9C12CE5-7691-47AE-8D1E-C0598F6C5518}"
EndProject
Project("{FAE04EC0-301F-11D3-BF4B-00C04F79EFBC}") = "Geolocator.Plugin.UWP", "..\src\Geolocator.Plugin.UWP\Geolocator.Plugin.UWP.csproj", "{14318CB2-06EC-4B31-BE72-C4702D8AEB5F}"
EndProject
Project("{FAE04EC0-301F-11D3-BF4B-00C04F79EFBC}") = "Geolocator.Plugin.Net45", "..\src\Geolocator.Plugin.Net45\Geolocator.Plugin.Net45.csproj", "{674D29BB-9528-46E6-9353-D45E8A1D4C76}"
EndProject
Project("{D954291E-2A0B-460D-934E-DC6B0785DB48}") = "Geolocator.Shared", "..\src\Geolocator.Shared\Geolocator.Shared.shproj", "{F447D32E-5A83-4905-9B55-D224CFDB44C0}"
EndProject
Project("{FAE04EC0-301F-11D3-BF4B-00C04F79EFBC}") = "Geolocator.Plugin.iOS", "..\src\Geolocator.Plugin.iOSUnified\Geolocator.Plugin.iOS.csproj", "{2882AEEB-D4CD-4EB9-8A6C-6653B33681F0}"
EndProject
Project("{FAE04EC0-301F-11D3-BF4B-00C04F79EFBC}") = "GeolocatorTests.UWP", "GeolocatorTests.UWP\GeolocatorTests.UWP.csproj", "{F513A0EA-31CE-40C7-8DF9-3C0287B520E6}"
EndProject
Project("{FAE04EC0-301F-11D3-BF4B-00C04F79EFBC}") = "GeolocatorTests.Mac", "GeolocatorTests.Mac\GeolocatorTests.Mac.csproj", "{716095F1-D4B9-4C76-A2E5-395BDE971C67}"
EndProject
Project("{FAE04EC0-301F-11D3-BF4B-00C04F79EFBC}") = "Geolocator.Plugin.macOS", "..\src\Geolocator.Plugin.macOS\Geolocator.Plugin.macOS.csproj", "{C9E2506E-7CC0-43B8-BCED-93C2F69920D1}"
EndProject
Global
	GlobalSection(SharedMSBuildProjectFiles) = preSolution
		..\src\Geolocator.Shared\Geolocator.Shared.projitems*{14318cb2-06ec-4b31-be72-c4702d8aeb5f}*SharedItemsImports = 4
		..\src\Geolocator.Shared\Geolocator.Shared.projitems*{2882aeeb-d4cd-4eb9-8a6c-6653b33681f0}*SharedItemsImports = 4
		..\src\Geolocator.Shared\Geolocator.Shared.projitems*{56a56f17-7de1-4ca1-9617-bf32e971ac84}*SharedItemsImports = 4
		..\src\Geolocator.Shared\Geolocator.Shared.projitems*{674d29bb-9528-46e6-9353-d45e8a1d4c76}*SharedItemsImports = 4
		..\src\Geolocator.Shared\Geolocator.Shared.projitems*{6edb0588-ffc5-4ef5-8a99-9e241d0f878d}*SharedItemsImports = 4
		..\src\Geolocator.Shared\Geolocator.Shared.projitems*{a6fcef44-d2ba-42c7-b3cb-13667bcd7b54}*SharedItemsImports = 4
		..\src\Geolocator.Shared\Geolocator.Shared.projitems*{f447d32e-5a83-4905-9b55-d224cfdb44c0}*SharedItemsImports = 13
	EndGlobalSection
	GlobalSection(SolutionConfigurationPlatforms) = preSolution
		Debug|Any CPU = Debug|Any CPU
		Debug|ARM = Debug|ARM
		Debug|iPhone = Debug|iPhone
		Debug|iPhoneSimulator = Debug|iPhoneSimulator
		Debug|x64 = Debug|x64
		Debug|x86 = Debug|x86
		Release|Any CPU = Release|Any CPU
		Release|ARM = Release|ARM
		Release|iPhone = Release|iPhone
		Release|iPhoneSimulator = Release|iPhoneSimulator
		Release|x64 = Release|x64
		Release|x86 = Release|x86
	EndGlobalSection
	GlobalSection(ProjectConfigurationPlatforms) = postSolution
		{A6FCEF44-D2BA-42C7-B3CB-13667BCD7B54}.Debug|Any CPU.ActiveCfg = Debug|Any CPU
		{A6FCEF44-D2BA-42C7-B3CB-13667BCD7B54}.Debug|Any CPU.Build.0 = Debug|Any CPU
		{A6FCEF44-D2BA-42C7-B3CB-13667BCD7B54}.Debug|ARM.ActiveCfg = Debug|Any CPU
		{A6FCEF44-D2BA-42C7-B3CB-13667BCD7B54}.Debug|iPhone.ActiveCfg = Debug|Any CPU
		{A6FCEF44-D2BA-42C7-B3CB-13667BCD7B54}.Debug|iPhone.Build.0 = Debug|Any CPU
		{A6FCEF44-D2BA-42C7-B3CB-13667BCD7B54}.Debug|iPhoneSimulator.ActiveCfg = Debug|Any CPU
		{A6FCEF44-D2BA-42C7-B3CB-13667BCD7B54}.Debug|iPhoneSimulator.Build.0 = Debug|Any CPU
		{A6FCEF44-D2BA-42C7-B3CB-13667BCD7B54}.Debug|x64.ActiveCfg = Debug|Any CPU
		{A6FCEF44-D2BA-42C7-B3CB-13667BCD7B54}.Debug|x86.ActiveCfg = Debug|Any CPU
		{A6FCEF44-D2BA-42C7-B3CB-13667BCD7B54}.Release|Any CPU.ActiveCfg = Release|Any CPU
		{A6FCEF44-D2BA-42C7-B3CB-13667BCD7B54}.Release|Any CPU.Build.0 = Release|Any CPU
		{A6FCEF44-D2BA-42C7-B3CB-13667BCD7B54}.Release|ARM.ActiveCfg = Release|Any CPU
		{A6FCEF44-D2BA-42C7-B3CB-13667BCD7B54}.Release|iPhone.ActiveCfg = Release|Any CPU
		{A6FCEF44-D2BA-42C7-B3CB-13667BCD7B54}.Release|iPhone.Build.0 = Release|Any CPU
		{A6FCEF44-D2BA-42C7-B3CB-13667BCD7B54}.Release|iPhoneSimulator.ActiveCfg = Release|Any CPU
		{A6FCEF44-D2BA-42C7-B3CB-13667BCD7B54}.Release|iPhoneSimulator.Build.0 = Release|Any CPU
		{A6FCEF44-D2BA-42C7-B3CB-13667BCD7B54}.Release|x64.ActiveCfg = Release|Any CPU
		{A6FCEF44-D2BA-42C7-B3CB-13667BCD7B54}.Release|x86.ActiveCfg = Release|Any CPU
		{6EDB0588-FFC5-4EF5-8A99-9E241D0F878D}.Debug|Any CPU.ActiveCfg = Debug|Any CPU
		{6EDB0588-FFC5-4EF5-8A99-9E241D0F878D}.Debug|Any CPU.Build.0 = Debug|Any CPU
		{6EDB0588-FFC5-4EF5-8A99-9E241D0F878D}.Debug|ARM.ActiveCfg = Debug|Any CPU
		{6EDB0588-FFC5-4EF5-8A99-9E241D0F878D}.Debug|iPhone.ActiveCfg = Debug|Any CPU
		{6EDB0588-FFC5-4EF5-8A99-9E241D0F878D}.Debug|iPhone.Build.0 = Debug|Any CPU
		{6EDB0588-FFC5-4EF5-8A99-9E241D0F878D}.Debug|iPhoneSimulator.ActiveCfg = Debug|Any CPU
		{6EDB0588-FFC5-4EF5-8A99-9E241D0F878D}.Debug|iPhoneSimulator.Build.0 = Debug|Any CPU
		{6EDB0588-FFC5-4EF5-8A99-9E241D0F878D}.Debug|x64.ActiveCfg = Debug|Any CPU
		{6EDB0588-FFC5-4EF5-8A99-9E241D0F878D}.Debug|x86.ActiveCfg = Debug|Any CPU
		{6EDB0588-FFC5-4EF5-8A99-9E241D0F878D}.Release|Any CPU.ActiveCfg = Release|Any CPU
		{6EDB0588-FFC5-4EF5-8A99-9E241D0F878D}.Release|Any CPU.Build.0 = Release|Any CPU
		{6EDB0588-FFC5-4EF5-8A99-9E241D0F878D}.Release|ARM.ActiveCfg = Release|Any CPU
		{6EDB0588-FFC5-4EF5-8A99-9E241D0F878D}.Release|iPhone.ActiveCfg = Release|Any CPU
		{6EDB0588-FFC5-4EF5-8A99-9E241D0F878D}.Release|iPhone.Build.0 = Release|Any CPU
		{6EDB0588-FFC5-4EF5-8A99-9E241D0F878D}.Release|iPhoneSimulator.ActiveCfg = Release|Any CPU
		{6EDB0588-FFC5-4EF5-8A99-9E241D0F878D}.Release|iPhoneSimulator.Build.0 = Release|Any CPU
		{6EDB0588-FFC5-4EF5-8A99-9E241D0F878D}.Release|x64.ActiveCfg = Release|Any CPU
		{6EDB0588-FFC5-4EF5-8A99-9E241D0F878D}.Release|x86.ActiveCfg = Release|Any CPU
		{56A56F17-7DE1-4CA1-9617-BF32E971AC84}.Debug|Any CPU.ActiveCfg = Debug|Any CPU
		{56A56F17-7DE1-4CA1-9617-BF32E971AC84}.Debug|Any CPU.Build.0 = Debug|Any CPU
		{56A56F17-7DE1-4CA1-9617-BF32E971AC84}.Debug|ARM.ActiveCfg = Debug|Any CPU
		{56A56F17-7DE1-4CA1-9617-BF32E971AC84}.Debug|iPhone.ActiveCfg = Debug|Any CPU
		{56A56F17-7DE1-4CA1-9617-BF32E971AC84}.Debug|iPhone.Build.0 = Debug|Any CPU
		{56A56F17-7DE1-4CA1-9617-BF32E971AC84}.Debug|iPhoneSimulator.ActiveCfg = Debug|Any CPU
		{56A56F17-7DE1-4CA1-9617-BF32E971AC84}.Debug|iPhoneSimulator.Build.0 = Debug|Any CPU
		{56A56F17-7DE1-4CA1-9617-BF32E971AC84}.Debug|x64.ActiveCfg = Debug|Any CPU
		{56A56F17-7DE1-4CA1-9617-BF32E971AC84}.Debug|x86.ActiveCfg = Debug|Any CPU
		{56A56F17-7DE1-4CA1-9617-BF32E971AC84}.Release|Any CPU.ActiveCfg = Release|Any CPU
		{56A56F17-7DE1-4CA1-9617-BF32E971AC84}.Release|Any CPU.Build.0 = Release|Any CPU
		{56A56F17-7DE1-4CA1-9617-BF32E971AC84}.Release|ARM.ActiveCfg = Release|Any CPU
		{56A56F17-7DE1-4CA1-9617-BF32E971AC84}.Release|iPhone.ActiveCfg = Release|Any CPU
		{56A56F17-7DE1-4CA1-9617-BF32E971AC84}.Release|iPhone.Build.0 = Release|Any CPU
		{56A56F17-7DE1-4CA1-9617-BF32E971AC84}.Release|iPhoneSimulator.ActiveCfg = Release|Any CPU
		{56A56F17-7DE1-4CA1-9617-BF32E971AC84}.Release|iPhoneSimulator.Build.0 = Release|Any CPU
		{56A56F17-7DE1-4CA1-9617-BF32E971AC84}.Release|x64.ActiveCfg = Release|Any CPU
		{56A56F17-7DE1-4CA1-9617-BF32E971AC84}.Release|x86.ActiveCfg = Release|Any CPU
		{7D60E3CB-2799-4416-85BA-2374284EB3F1}.Debug|Any CPU.ActiveCfg = Debug|Any CPU
		{7D60E3CB-2799-4416-85BA-2374284EB3F1}.Debug|Any CPU.Build.0 = Debug|Any CPU
		{7D60E3CB-2799-4416-85BA-2374284EB3F1}.Debug|ARM.ActiveCfg = Debug|Any CPU
		{7D60E3CB-2799-4416-85BA-2374284EB3F1}.Debug|ARM.Build.0 = Debug|Any CPU
		{7D60E3CB-2799-4416-85BA-2374284EB3F1}.Debug|iPhone.ActiveCfg = Debug|Any CPU
		{7D60E3CB-2799-4416-85BA-2374284EB3F1}.Debug|iPhone.Build.0 = Debug|Any CPU
		{7D60E3CB-2799-4416-85BA-2374284EB3F1}.Debug|iPhoneSimulator.ActiveCfg = Debug|Any CPU
		{7D60E3CB-2799-4416-85BA-2374284EB3F1}.Debug|iPhoneSimulator.Build.0 = Debug|Any CPU
		{7D60E3CB-2799-4416-85BA-2374284EB3F1}.Debug|x64.ActiveCfg = Debug|Any CPU
		{7D60E3CB-2799-4416-85BA-2374284EB3F1}.Debug|x64.Build.0 = Debug|Any CPU
		{7D60E3CB-2799-4416-85BA-2374284EB3F1}.Debug|x86.ActiveCfg = Debug|Any CPU
		{7D60E3CB-2799-4416-85BA-2374284EB3F1}.Debug|x86.Build.0 = Debug|Any CPU
		{7D60E3CB-2799-4416-85BA-2374284EB3F1}.Release|Any CPU.ActiveCfg = Release|Any CPU
		{7D60E3CB-2799-4416-85BA-2374284EB3F1}.Release|ARM.ActiveCfg = Release|Any CPU
		{7D60E3CB-2799-4416-85BA-2374284EB3F1}.Release|ARM.Build.0 = Release|Any CPU
		{7D60E3CB-2799-4416-85BA-2374284EB3F1}.Release|iPhone.ActiveCfg = Release|Any CPU
		{7D60E3CB-2799-4416-85BA-2374284EB3F1}.Release|iPhone.Build.0 = Release|Any CPU
		{7D60E3CB-2799-4416-85BA-2374284EB3F1}.Release|iPhoneSimulator.ActiveCfg = Release|Any CPU
		{7D60E3CB-2799-4416-85BA-2374284EB3F1}.Release|iPhoneSimulator.Build.0 = Release|Any CPU
		{7D60E3CB-2799-4416-85BA-2374284EB3F1}.Release|x64.ActiveCfg = Release|Any CPU
		{7D60E3CB-2799-4416-85BA-2374284EB3F1}.Release|x64.Build.0 = Release|Any CPU
		{7D60E3CB-2799-4416-85BA-2374284EB3F1}.Release|x86.ActiveCfg = Release|Any CPU
		{7D60E3CB-2799-4416-85BA-2374284EB3F1}.Release|x86.Build.0 = Release|Any CPU
		{5F010020-BEE6-47EE-A4CE-6A8C42B9CB29}.Debug|Any CPU.ActiveCfg = Debug|iPhoneSimulator
		{5F010020-BEE6-47EE-A4CE-6A8C42B9CB29}.Debug|Any CPU.Build.0 = Debug|iPhoneSimulator
		{5F010020-BEE6-47EE-A4CE-6A8C42B9CB29}.Debug|ARM.ActiveCfg = Debug|iPhoneSimulator
		{5F010020-BEE6-47EE-A4CE-6A8C42B9CB29}.Debug|ARM.Build.0 = Debug|iPhoneSimulator
		{5F010020-BEE6-47EE-A4CE-6A8C42B9CB29}.Debug|iPhone.ActiveCfg = Debug|iPhone
		{5F010020-BEE6-47EE-A4CE-6A8C42B9CB29}.Debug|iPhone.Build.0 = Debug|iPhone
		{5F010020-BEE6-47EE-A4CE-6A8C42B9CB29}.Debug|iPhoneSimulator.ActiveCfg = Debug|iPhoneSimulator
		{5F010020-BEE6-47EE-A4CE-6A8C42B9CB29}.Debug|iPhoneSimulator.Build.0 = Debug|iPhoneSimulator
		{5F010020-BEE6-47EE-A4CE-6A8C42B9CB29}.Debug|x64.ActiveCfg = Debug|iPhoneSimulator
		{5F010020-BEE6-47EE-A4CE-6A8C42B9CB29}.Debug|x64.Build.0 = Debug|iPhoneSimulator
		{5F010020-BEE6-47EE-A4CE-6A8C42B9CB29}.Debug|x86.ActiveCfg = Debug|iPhoneSimulator
		{5F010020-BEE6-47EE-A4CE-6A8C42B9CB29}.Debug|x86.Build.0 = Debug|iPhoneSimulator
		{5F010020-BEE6-47EE-A4CE-6A8C42B9CB29}.Release|Any CPU.ActiveCfg = Release|iPhone
		{5F010020-BEE6-47EE-A4CE-6A8C42B9CB29}.Release|ARM.ActiveCfg = Release|iPhone
		{5F010020-BEE6-47EE-A4CE-6A8C42B9CB29}.Release|ARM.Build.0 = Release|iPhone
		{5F010020-BEE6-47EE-A4CE-6A8C42B9CB29}.Release|iPhone.ActiveCfg = Release|iPhone
		{5F010020-BEE6-47EE-A4CE-6A8C42B9CB29}.Release|iPhone.Build.0 = Release|iPhone
		{5F010020-BEE6-47EE-A4CE-6A8C42B9CB29}.Release|iPhoneSimulator.ActiveCfg = Release|iPhoneSimulator
		{5F010020-BEE6-47EE-A4CE-6A8C42B9CB29}.Release|iPhoneSimulator.Build.0 = Release|iPhoneSimulator
		{5F010020-BEE6-47EE-A4CE-6A8C42B9CB29}.Release|x64.ActiveCfg = Release|iPhone
		{5F010020-BEE6-47EE-A4CE-6A8C42B9CB29}.Release|x64.Build.0 = Release|iPhone
		{5F010020-BEE6-47EE-A4CE-6A8C42B9CB29}.Release|x86.ActiveCfg = Release|iPhone
		{5F010020-BEE6-47EE-A4CE-6A8C42B9CB29}.Release|x86.Build.0 = Release|iPhone
		{E9C12CE5-7691-47AE-8D1E-C0598F6C5518}.Debug|Any CPU.ActiveCfg = Debug|Any CPU
		{E9C12CE5-7691-47AE-8D1E-C0598F6C5518}.Debug|Any CPU.Build.0 = Debug|Any CPU
		{E9C12CE5-7691-47AE-8D1E-C0598F6C5518}.Debug|Any CPU.Deploy.0 = Debug|Any CPU
		{E9C12CE5-7691-47AE-8D1E-C0598F6C5518}.Debug|ARM.ActiveCfg = Debug|Any CPU
		{E9C12CE5-7691-47AE-8D1E-C0598F6C5518}.Debug|ARM.Build.0 = Debug|Any CPU
		{E9C12CE5-7691-47AE-8D1E-C0598F6C5518}.Debug|iPhone.ActiveCfg = Debug|Any CPU
		{E9C12CE5-7691-47AE-8D1E-C0598F6C5518}.Debug|iPhone.Build.0 = Debug|Any CPU
		{E9C12CE5-7691-47AE-8D1E-C0598F6C5518}.Debug|iPhoneSimulator.ActiveCfg = Debug|Any CPU
		{E9C12CE5-7691-47AE-8D1E-C0598F6C5518}.Debug|iPhoneSimulator.Build.0 = Debug|Any CPU
		{E9C12CE5-7691-47AE-8D1E-C0598F6C5518}.Debug|x64.ActiveCfg = Debug|Any CPU
		{E9C12CE5-7691-47AE-8D1E-C0598F6C5518}.Debug|x64.Build.0 = Debug|Any CPU
		{E9C12CE5-7691-47AE-8D1E-C0598F6C5518}.Debug|x86.ActiveCfg = Debug|Any CPU
		{E9C12CE5-7691-47AE-8D1E-C0598F6C5518}.Debug|x86.Build.0 = Debug|Any CPU
		{E9C12CE5-7691-47AE-8D1E-C0598F6C5518}.Release|Any CPU.ActiveCfg = Release|Any CPU
		{E9C12CE5-7691-47AE-8D1E-C0598F6C5518}.Release|ARM.ActiveCfg = Release|Any CPU
		{E9C12CE5-7691-47AE-8D1E-C0598F6C5518}.Release|ARM.Build.0 = Release|Any CPU
		{E9C12CE5-7691-47AE-8D1E-C0598F6C5518}.Release|iPhone.ActiveCfg = Release|Any CPU
		{E9C12CE5-7691-47AE-8D1E-C0598F6C5518}.Release|iPhone.Build.0 = Release|Any CPU
		{E9C12CE5-7691-47AE-8D1E-C0598F6C5518}.Release|iPhoneSimulator.ActiveCfg = Release|Any CPU
		{E9C12CE5-7691-47AE-8D1E-C0598F6C5518}.Release|iPhoneSimulator.Build.0 = Release|Any CPU
		{E9C12CE5-7691-47AE-8D1E-C0598F6C5518}.Release|x64.ActiveCfg = Release|Any CPU
		{E9C12CE5-7691-47AE-8D1E-C0598F6C5518}.Release|x64.Build.0 = Release|Any CPU
		{E9C12CE5-7691-47AE-8D1E-C0598F6C5518}.Release|x86.ActiveCfg = Release|Any CPU
		{E9C12CE5-7691-47AE-8D1E-C0598F6C5518}.Release|x86.Build.0 = Release|Any CPU
		{14318CB2-06EC-4B31-BE72-C4702D8AEB5F}.Debug|Any CPU.ActiveCfg = Debug|Any CPU
		{14318CB2-06EC-4B31-BE72-C4702D8AEB5F}.Debug|Any CPU.Build.0 = Debug|Any CPU
		{14318CB2-06EC-4B31-BE72-C4702D8AEB5F}.Debug|ARM.ActiveCfg = Debug|ARM
		{14318CB2-06EC-4B31-BE72-C4702D8AEB5F}.Debug|ARM.Build.0 = Debug|ARM
		{14318CB2-06EC-4B31-BE72-C4702D8AEB5F}.Debug|iPhone.ActiveCfg = Debug|Any CPU
		{14318CB2-06EC-4B31-BE72-C4702D8AEB5F}.Debug|iPhone.Build.0 = Debug|Any CPU
		{14318CB2-06EC-4B31-BE72-C4702D8AEB5F}.Debug|iPhoneSimulator.ActiveCfg = Debug|Any CPU
		{14318CB2-06EC-4B31-BE72-C4702D8AEB5F}.Debug|iPhoneSimulator.Build.0 = Debug|Any CPU
		{14318CB2-06EC-4B31-BE72-C4702D8AEB5F}.Debug|x64.ActiveCfg = Debug|x64
		{14318CB2-06EC-4B31-BE72-C4702D8AEB5F}.Debug|x64.Build.0 = Debug|x64
		{14318CB2-06EC-4B31-BE72-C4702D8AEB5F}.Debug|x86.ActiveCfg = Debug|x86
		{14318CB2-06EC-4B31-BE72-C4702D8AEB5F}.Debug|x86.Build.0 = Debug|x86
		{14318CB2-06EC-4B31-BE72-C4702D8AEB5F}.Release|Any CPU.ActiveCfg = Release|Any CPU
		{14318CB2-06EC-4B31-BE72-C4702D8AEB5F}.Release|Any CPU.Build.0 = Release|Any CPU
		{14318CB2-06EC-4B31-BE72-C4702D8AEB5F}.Release|ARM.ActiveCfg = Release|ARM
		{14318CB2-06EC-4B31-BE72-C4702D8AEB5F}.Release|ARM.Build.0 = Release|ARM
		{14318CB2-06EC-4B31-BE72-C4702D8AEB5F}.Release|iPhone.ActiveCfg = Release|Any CPU
		{14318CB2-06EC-4B31-BE72-C4702D8AEB5F}.Release|iPhone.Build.0 = Release|Any CPU
		{14318CB2-06EC-4B31-BE72-C4702D8AEB5F}.Release|iPhoneSimulator.ActiveCfg = Release|Any CPU
		{14318CB2-06EC-4B31-BE72-C4702D8AEB5F}.Release|iPhoneSimulator.Build.0 = Release|Any CPU
		{14318CB2-06EC-4B31-BE72-C4702D8AEB5F}.Release|x64.ActiveCfg = Release|x64
		{14318CB2-06EC-4B31-BE72-C4702D8AEB5F}.Release|x64.Build.0 = Release|x64
		{14318CB2-06EC-4B31-BE72-C4702D8AEB5F}.Release|x86.ActiveCfg = Release|x86
		{14318CB2-06EC-4B31-BE72-C4702D8AEB5F}.Release|x86.Build.0 = Release|x86
		{674D29BB-9528-46E6-9353-D45E8A1D4C76}.Debug|Any CPU.ActiveCfg = Debug|Any CPU
		{674D29BB-9528-46E6-9353-D45E8A1D4C76}.Debug|Any CPU.Build.0 = Debug|Any CPU
		{674D29BB-9528-46E6-9353-D45E8A1D4C76}.Debug|ARM.ActiveCfg = Debug|Any CPU
		{674D29BB-9528-46E6-9353-D45E8A1D4C76}.Debug|ARM.Build.0 = Debug|Any CPU
		{674D29BB-9528-46E6-9353-D45E8A1D4C76}.Debug|iPhone.ActiveCfg = Debug|Any CPU
		{674D29BB-9528-46E6-9353-D45E8A1D4C76}.Debug|iPhone.Build.0 = Debug|Any CPU
		{674D29BB-9528-46E6-9353-D45E8A1D4C76}.Debug|iPhoneSimulator.ActiveCfg = Debug|Any CPU
		{674D29BB-9528-46E6-9353-D45E8A1D4C76}.Debug|iPhoneSimulator.Build.0 = Debug|Any CPU
		{674D29BB-9528-46E6-9353-D45E8A1D4C76}.Debug|x64.ActiveCfg = Debug|Any CPU
		{674D29BB-9528-46E6-9353-D45E8A1D4C76}.Debug|x64.Build.0 = Debug|Any CPU
		{674D29BB-9528-46E6-9353-D45E8A1D4C76}.Debug|x86.ActiveCfg = Debug|Any CPU
		{674D29BB-9528-46E6-9353-D45E8A1D4C76}.Debug|x86.Build.0 = Debug|Any CPU
		{674D29BB-9528-46E6-9353-D45E8A1D4C76}.Release|Any CPU.ActiveCfg = Release|Any CPU
		{674D29BB-9528-46E6-9353-D45E8A1D4C76}.Release|Any CPU.Build.0 = Release|Any CPU
		{674D29BB-9528-46E6-9353-D45E8A1D4C76}.Release|ARM.ActiveCfg = Release|Any CPU
		{674D29BB-9528-46E6-9353-D45E8A1D4C76}.Release|ARM.Build.0 = Release|Any CPU
		{674D29BB-9528-46E6-9353-D45E8A1D4C76}.Release|iPhone.ActiveCfg = Release|Any CPU
		{674D29BB-9528-46E6-9353-D45E8A1D4C76}.Release|iPhone.Build.0 = Release|Any CPU
		{674D29BB-9528-46E6-9353-D45E8A1D4C76}.Release|iPhoneSimulator.ActiveCfg = Release|Any CPU
		{674D29BB-9528-46E6-9353-D45E8A1D4C76}.Release|iPhoneSimulator.Build.0 = Release|Any CPU
		{674D29BB-9528-46E6-9353-D45E8A1D4C76}.Release|x64.ActiveCfg = Release|Any CPU
		{674D29BB-9528-46E6-9353-D45E8A1D4C76}.Release|x64.Build.0 = Release|Any CPU
		{674D29BB-9528-46E6-9353-D45E8A1D4C76}.Release|x86.ActiveCfg = Release|Any CPU
		{674D29BB-9528-46E6-9353-D45E8A1D4C76}.Release|x86.Build.0 = Release|Any CPU
		{2882AEEB-D4CD-4EB9-8A6C-6653B33681F0}.Debug|Any CPU.ActiveCfg = Debug|Any CPU
		{2882AEEB-D4CD-4EB9-8A6C-6653B33681F0}.Debug|Any CPU.Build.0 = Debug|Any CPU
		{2882AEEB-D4CD-4EB9-8A6C-6653B33681F0}.Debug|ARM.ActiveCfg = Debug|Any CPU
		{2882AEEB-D4CD-4EB9-8A6C-6653B33681F0}.Debug|ARM.Build.0 = Debug|Any CPU
		{2882AEEB-D4CD-4EB9-8A6C-6653B33681F0}.Debug|iPhone.ActiveCfg = Debug|Any CPU
		{2882AEEB-D4CD-4EB9-8A6C-6653B33681F0}.Debug|iPhone.Build.0 = Debug|Any CPU
		{2882AEEB-D4CD-4EB9-8A6C-6653B33681F0}.Debug|iPhoneSimulator.ActiveCfg = Debug|Any CPU
		{2882AEEB-D4CD-4EB9-8A6C-6653B33681F0}.Debug|iPhoneSimulator.Build.0 = Debug|Any CPU
		{2882AEEB-D4CD-4EB9-8A6C-6653B33681F0}.Debug|x64.ActiveCfg = Debug|Any CPU
		{2882AEEB-D4CD-4EB9-8A6C-6653B33681F0}.Debug|x64.Build.0 = Debug|Any CPU
		{2882AEEB-D4CD-4EB9-8A6C-6653B33681F0}.Debug|x86.ActiveCfg = Debug|Any CPU
		{2882AEEB-D4CD-4EB9-8A6C-6653B33681F0}.Debug|x86.Build.0 = Debug|Any CPU
		{2882AEEB-D4CD-4EB9-8A6C-6653B33681F0}.Release|Any CPU.ActiveCfg = Release|Any CPU
		{2882AEEB-D4CD-4EB9-8A6C-6653B33681F0}.Release|Any CPU.Build.0 = Release|Any CPU
		{2882AEEB-D4CD-4EB9-8A6C-6653B33681F0}.Release|ARM.ActiveCfg = Release|Any CPU
		{2882AEEB-D4CD-4EB9-8A6C-6653B33681F0}.Release|ARM.Build.0 = Release|Any CPU
		{2882AEEB-D4CD-4EB9-8A6C-6653B33681F0}.Release|iPhone.ActiveCfg = Release|Any CPU
		{2882AEEB-D4CD-4EB9-8A6C-6653B33681F0}.Release|iPhone.Build.0 = Release|Any CPU
		{2882AEEB-D4CD-4EB9-8A6C-6653B33681F0}.Release|iPhoneSimulator.ActiveCfg = Release|Any CPU
		{2882AEEB-D4CD-4EB9-8A6C-6653B33681F0}.Release|iPhoneSimulator.Build.0 = Release|Any CPU
		{2882AEEB-D4CD-4EB9-8A6C-6653B33681F0}.Release|x64.ActiveCfg = Release|Any CPU
		{2882AEEB-D4CD-4EB9-8A6C-6653B33681F0}.Release|x64.Build.0 = Release|Any CPU
		{2882AEEB-D4CD-4EB9-8A6C-6653B33681F0}.Release|x86.ActiveCfg = Release|Any CPU
		{2882AEEB-D4CD-4EB9-8A6C-6653B33681F0}.Release|x86.Build.0 = Release|Any CPU
		{F513A0EA-31CE-40C7-8DF9-3C0287B520E6}.Debug|Any CPU.ActiveCfg = Debug|x86
		{F513A0EA-31CE-40C7-8DF9-3C0287B520E6}.Debug|Any CPU.Build.0 = Debug|x86
		{F513A0EA-31CE-40C7-8DF9-3C0287B520E6}.Debug|Any CPU.Deploy.0 = Debug|x86
		{F513A0EA-31CE-40C7-8DF9-3C0287B520E6}.Debug|ARM.ActiveCfg = Debug|ARM
		{F513A0EA-31CE-40C7-8DF9-3C0287B520E6}.Debug|ARM.Build.0 = Debug|ARM
		{F513A0EA-31CE-40C7-8DF9-3C0287B520E6}.Debug|ARM.Deploy.0 = Debug|ARM
		{F513A0EA-31CE-40C7-8DF9-3C0287B520E6}.Debug|iPhone.ActiveCfg = Debug|x86
		{F513A0EA-31CE-40C7-8DF9-3C0287B520E6}.Debug|iPhoneSimulator.ActiveCfg = Debug|x86
		{F513A0EA-31CE-40C7-8DF9-3C0287B520E6}.Debug|x64.ActiveCfg = Debug|x64
		{F513A0EA-31CE-40C7-8DF9-3C0287B520E6}.Debug|x64.Build.0 = Debug|x64
		{F513A0EA-31CE-40C7-8DF9-3C0287B520E6}.Debug|x64.Deploy.0 = Debug|x64
		{F513A0EA-31CE-40C7-8DF9-3C0287B520E6}.Debug|x86.ActiveCfg = Debug|x86
		{F513A0EA-31CE-40C7-8DF9-3C0287B520E6}.Debug|x86.Build.0 = Debug|x86
		{F513A0EA-31CE-40C7-8DF9-3C0287B520E6}.Debug|x86.Deploy.0 = Debug|x86
		{F513A0EA-31CE-40C7-8DF9-3C0287B520E6}.Release|Any CPU.ActiveCfg = Release|x86
		{F513A0EA-31CE-40C7-8DF9-3C0287B520E6}.Release|ARM.ActiveCfg = Release|ARM
		{F513A0EA-31CE-40C7-8DF9-3C0287B520E6}.Release|ARM.Build.0 = Release|ARM
		{F513A0EA-31CE-40C7-8DF9-3C0287B520E6}.Release|ARM.Deploy.0 = Release|ARM
		{F513A0EA-31CE-40C7-8DF9-3C0287B520E6}.Release|iPhone.ActiveCfg = Release|x86
		{F513A0EA-31CE-40C7-8DF9-3C0287B520E6}.Release|iPhoneSimulator.ActiveCfg = Release|x86
		{F513A0EA-31CE-40C7-8DF9-3C0287B520E6}.Release|x64.ActiveCfg = Release|x64
		{F513A0EA-31CE-40C7-8DF9-3C0287B520E6}.Release|x64.Build.0 = Release|x64
		{F513A0EA-31CE-40C7-8DF9-3C0287B520E6}.Release|x64.Deploy.0 = Release|x64
		{F513A0EA-31CE-40C7-8DF9-3C0287B520E6}.Release|x86.ActiveCfg = Release|x86
		{F513A0EA-31CE-40C7-8DF9-3C0287B520E6}.Release|x86.Build.0 = Release|x86
		{F513A0EA-31CE-40C7-8DF9-3C0287B520E6}.Release|x86.Deploy.0 = Release|x86
		{716095F1-D4B9-4C76-A2E5-395BDE971C67}.Debug|Any CPU.ActiveCfg = Debug|Any CPU
		{716095F1-D4B9-4C76-A2E5-395BDE971C67}.Debug|Any CPU.Build.0 = Debug|Any CPU
		{716095F1-D4B9-4C76-A2E5-395BDE971C67}.Debug|ARM.ActiveCfg = Debug|Any CPU
		{716095F1-D4B9-4C76-A2E5-395BDE971C67}.Debug|ARM.Build.0 = Debug|Any CPU
		{716095F1-D4B9-4C76-A2E5-395BDE971C67}.Debug|iPhone.ActiveCfg = Debug|Any CPU
		{716095F1-D4B9-4C76-A2E5-395BDE971C67}.Debug|iPhone.Build.0 = Debug|Any CPU
		{716095F1-D4B9-4C76-A2E5-395BDE971C67}.Debug|iPhoneSimulator.ActiveCfg = Debug|Any CPU
		{716095F1-D4B9-4C76-A2E5-395BDE971C67}.Debug|iPhoneSimulator.Build.0 = Debug|Any CPU
		{716095F1-D4B9-4C76-A2E5-395BDE971C67}.Debug|x64.ActiveCfg = Debug|Any CPU
		{716095F1-D4B9-4C76-A2E5-395BDE971C67}.Debug|x64.Build.0 = Debug|Any CPU
		{716095F1-D4B9-4C76-A2E5-395BDE971C67}.Debug|x86.ActiveCfg = Debug|Any CPU
		{716095F1-D4B9-4C76-A2E5-395BDE971C67}.Debug|x86.Build.0 = Debug|Any CPU
		{716095F1-D4B9-4C76-A2E5-395BDE971C67}.Release|Any CPU.ActiveCfg = Release|Any CPU
		{716095F1-D4B9-4C76-A2E5-395BDE971C67}.Release|Any CPU.Build.0 = Release|Any CPU
		{716095F1-D4B9-4C76-A2E5-395BDE971C67}.Release|ARM.ActiveCfg = Release|Any CPU
		{716095F1-D4B9-4C76-A2E5-395BDE971C67}.Release|ARM.Build.0 = Release|Any CPU
		{716095F1-D4B9-4C76-A2E5-395BDE971C67}.Release|iPhone.ActiveCfg = Release|Any CPU
		{716095F1-D4B9-4C76-A2E5-395BDE971C67}.Release|iPhone.Build.0 = Release|Any CPU
		{716095F1-D4B9-4C76-A2E5-395BDE971C67}.Release|iPhoneSimulator.ActiveCfg = Release|Any CPU
		{716095F1-D4B9-4C76-A2E5-395BDE971C67}.Release|iPhoneSimulator.Build.0 = Release|Any CPU
		{716095F1-D4B9-4C76-A2E5-395BDE971C67}.Release|x64.ActiveCfg = Release|Any CPU
		{716095F1-D4B9-4C76-A2E5-395BDE971C67}.Release|x64.Build.0 = Release|Any CPU
		{716095F1-D4B9-4C76-A2E5-395BDE971C67}.Release|x86.ActiveCfg = Release|Any CPU
		{716095F1-D4B9-4C76-A2E5-395BDE971C67}.Release|x86.Build.0 = Release|Any CPU
		{C9E2506E-7CC0-43B8-BCED-93C2F69920D1}.Debug|Any CPU.ActiveCfg = Debug|Any CPU
		{C9E2506E-7CC0-43B8-BCED-93C2F69920D1}.Debug|Any CPU.Build.0 = Debug|Any CPU
		{C9E2506E-7CC0-43B8-BCED-93C2F69920D1}.Debug|ARM.ActiveCfg = Debug|Any CPU
		{C9E2506E-7CC0-43B8-BCED-93C2F69920D1}.Debug|ARM.Build.0 = Debug|Any CPU
		{C9E2506E-7CC0-43B8-BCED-93C2F69920D1}.Debug|iPhone.ActiveCfg = Debug|Any CPU
		{C9E2506E-7CC0-43B8-BCED-93C2F69920D1}.Debug|iPhone.Build.0 = Debug|Any CPU
		{C9E2506E-7CC0-43B8-BCED-93C2F69920D1}.Debug|iPhoneSimulator.ActiveCfg = Debug|Any CPU
		{C9E2506E-7CC0-43B8-BCED-93C2F69920D1}.Debug|iPhoneSimulator.Build.0 = Debug|Any CPU
		{C9E2506E-7CC0-43B8-BCED-93C2F69920D1}.Debug|x64.ActiveCfg = Debug|Any CPU
		{C9E2506E-7CC0-43B8-BCED-93C2F69920D1}.Debug|x64.Build.0 = Debug|Any CPU
		{C9E2506E-7CC0-43B8-BCED-93C2F69920D1}.Debug|x86.ActiveCfg = Debug|Any CPU
		{C9E2506E-7CC0-43B8-BCED-93C2F69920D1}.Debug|x86.Build.0 = Debug|Any CPU
		{C9E2506E-7CC0-43B8-BCED-93C2F69920D1}.Release|Any CPU.ActiveCfg = Release|Any CPU
		{C9E2506E-7CC0-43B8-BCED-93C2F69920D1}.Release|Any CPU.Build.0 = Release|Any CPU
		{C9E2506E-7CC0-43B8-BCED-93C2F69920D1}.Release|ARM.ActiveCfg = Release|Any CPU
		{C9E2506E-7CC0-43B8-BCED-93C2F69920D1}.Release|ARM.Build.0 = Release|Any CPU
		{C9E2506E-7CC0-43B8-BCED-93C2F69920D1}.Release|iPhone.ActiveCfg = Release|Any CPU
		{C9E2506E-7CC0-43B8-BCED-93C2F69920D1}.Release|iPhone.Build.0 = Release|Any CPU
		{C9E2506E-7CC0-43B8-BCED-93C2F69920D1}.Release|iPhoneSimulator.ActiveCfg = Release|Any CPU
		{C9E2506E-7CC0-43B8-BCED-93C2F69920D1}.Release|iPhoneSimulator.Build.0 = Release|Any CPU
		{C9E2506E-7CC0-43B8-BCED-93C2F69920D1}.Release|x64.ActiveCfg = Release|Any CPU
		{C9E2506E-7CC0-43B8-BCED-93C2F69920D1}.Release|x64.Build.0 = Release|Any CPU
		{C9E2506E-7CC0-43B8-BCED-93C2F69920D1}.Release|x86.ActiveCfg = Release|Any CPU
		{C9E2506E-7CC0-43B8-BCED-93C2F69920D1}.Release|x86.Build.0 = Release|Any CPU
	EndGlobalSection
	GlobalSection(SolutionProperties) = preSolution
		HideSolutionNode = FALSE
	EndGlobalSection
	GlobalSection(NestedProjects) = preSolution
		{7D60E3CB-2799-4416-85BA-2374284EB3F1} = {F47FDCB8-7128-4322-9972-2FA6570BE15D}
		{5F010020-BEE6-47EE-A4CE-6A8C42B9CB29} = {F47FDCB8-7128-4322-9972-2FA6570BE15D}
		{E9C12CE5-7691-47AE-8D1E-C0598F6C5518} = {F47FDCB8-7128-4322-9972-2FA6570BE15D}
		{F513A0EA-31CE-40C7-8DF9-3C0287B520E6} = {F47FDCB8-7128-4322-9972-2FA6570BE15D}
		{716095F1-D4B9-4C76-A2E5-395BDE971C67} = {F47FDCB8-7128-4322-9972-2FA6570BE15D}
	EndGlobalSection
EndGlobal
