
Microsoft Visual Studio Solution File, Format Version 12.00
# Visual Studio 15
VisualStudioVersion = 15.0.26730.3
MinimumVisualStudioVersion = 10.0.40219.1
Project("{FAE04EC0-301F-11D3-BF4B-00C04F79EFBC}") = "Geolocator.Plugin.Android", "..\src\Geolocator.Plugin.Android\Geolocator.Plugin.Android.csproj", "{56A56F17-7DE1-4CA1-9617-BF32E971AC84}"
EndProject
Project("{2150E333-8FDC-42A3-9474-1A3956D46DE8}") = "Solution Items", "Solution Items", "{33498B6F-E3B8-4C37-9BB6-600D0E089742}"
	ProjectSection(SolutionItems) = preProject
		..\CHANGELOG.md = ..\CHANGELOG.md
		..\nuget\Plugin.nuspec = ..\nuget\Plugin.nuspec
		..\README.md = ..\README.md
		..\nuget\readme.txt = ..\nuget\readme.txt
	EndProjectSection
EndProject
Project("{2150E333-8FDC-42A3-9474-1A3956D46DE8}") = "TestApps", "TestApps", "{F47FDCB8-7128-4322-9972-2FA6570BE15D}"
EndProject
Project("{FAE04EC0-301F-11D3-BF4B-00C04F79EFBC}") = "GeolocatorTests", "GeolocatorTests\GeolocatorTests.csproj", "{7D60E3CB-2799-4416-85BA-2374284EB3F1}"
EndProject
Project("{FAE04EC0-301F-11D3-BF4B-00C04F79EFBC}") = "GeolocatorTests.iOS", "GeolocatorTests.iOS\GeolocatorTests.iOS.csproj", "{5F010020-BEE6-47EE-A4CE-6A8C42B9CB29}"
EndProject
Project("{FAE04EC0-301F-11D3-BF4B-00C04F79EFBC}") = "GeolocatorTests.Droid", "GeolocatorTests.Droid\GeolocatorTests.Droid.csproj", "{E9C12CE5-7691-47AE-8D1E-C0598F6C5518}"
EndProject
Project("{FAE04EC0-301F-11D3-BF4B-00C04F79EFBC}") = "Geolocator.Plugin.UWP", "..\src\Geolocator.Plugin.UWP\Geolocator.Plugin.UWP.csproj", "{14318CB2-06EC-4B31-BE72-C4702D8AEB5F}"
EndProject
Project("{D954291E-2A0B-460D-934E-DC6B0785DB48}") = "Geolocator.Shared", "..\src\Geolocator.Shared\Geolocator.Shared.shproj", "{F447D32E-5A83-4905-9B55-D224CFDB44C0}"
EndProject
Project("{FAE04EC0-301F-11D3-BF4B-00C04F79EFBC}") = "Geolocator.Plugin.iOS", "..\src\Geolocator.Plugin.iOSUnified\Geolocator.Plugin.iOS.csproj", "{2882AEEB-D4CD-4EB9-8A6C-6653B33681F0}"
EndProject
Project("{FAE04EC0-301F-11D3-BF4B-00C04F79EFBC}") = "GeolocatorTests.UWP", "GeolocatorTests.UWP\GeolocatorTests.UWP.csproj", "{F513A0EA-31CE-40C7-8DF9-3C0287B520E6}"
EndProject
Project("{FAE04EC0-301F-11D3-BF4B-00C04F79EFBC}") = "GeolocatorTests.Mac", "GeolocatorTests.Mac\GeolocatorTests.Mac.csproj", "{716095F1-D4B9-4C76-A2E5-395BDE971C67}"
EndProject
Project("{FAE04EC0-301F-11D3-BF4B-00C04F79EFBC}") = "Geolocator.Plugin.macOS", "..\src\Geolocator.Plugin.macOS\Geolocator.Plugin.macOS.csproj", "{C9E2506E-7CC0-43B8-BCED-93C2F69920D1}"
EndProject
Project("{FAE04EC0-301F-11D3-BF4B-00C04F79EFBC}") = "Geolocator.Plugin.tvOS", "..\src\Geolocator.Plugin.tvOS\Geolocator.Plugin.tvOS.csproj", "{71A925B6-F452-4A2B-9038-4FC611DB2C17}"
EndProject
Project("{FAE04EC0-301F-11D3-BF4B-00C04F79EFBC}") = "GeolocatorTests.tvOS", "GeolocatorTests.tvOS\GeolocatorTests.tvOS.csproj", "{F71B4971-EB5E-4552-8BD4-A61D7049939B}"
EndProject
Project("{9A19103F-16F7-4668-BE54-9A1E7A4F7556}") = "Geolocator.Plugin", "..\src\Geolocator.Plugin\Geolocator.Plugin.csproj", "{45F68BBE-9B86-4578-93F6-2B2C88FB03B2}"
EndProject
Project("{9A19103F-16F7-4668-BE54-9A1E7A4F7556}") = "Geolocator.Plugin.Abstractions", "..\src\Geolocator.Plugin.Abstractions\Geolocator.Plugin.Abstractions.csproj", "{D8A817F4-A999-4BAE-8FBF-FCF86DDF9990}"
EndProject
Global
	GlobalSection(SharedMSBuildProjectFiles) = preSolution
		..\src\Geolocator.Shared\Geolocator.Shared.projitems*{14318cb2-06ec-4b31-be72-c4702d8aeb5f}*SharedItemsImports = 4
		..\src\Geolocator.Shared\Geolocator.Shared.projitems*{2882aeeb-d4cd-4eb9-8a6c-6653b33681f0}*SharedItemsImports = 4
		..\src\Geolocator.Shared\Geolocator.Shared.projitems*{56a56f17-7de1-4ca1-9617-bf32e971ac84}*SharedItemsImports = 4
		..\src\Geolocator.Shared\Geolocator.Shared.projitems*{71a925b6-f452-4a2b-9038-4fc611db2c17}*SharedItemsImports = 4
		..\src\Geolocator.Shared\Geolocator.Shared.projitems*{c9e2506e-7cc0-43b8-bced-93c2f69920d1}*SharedItemsImports = 4
		..\src\Geolocator.Shared\Geolocator.Shared.projitems*{f447d32e-5a83-4905-9b55-d224cfdb44c0}*SharedItemsImports = 13
	EndGlobalSection
	GlobalSection(SolutionConfigurationPlatforms) = preSolution
		Ad-Hoc|Any CPU = Ad-Hoc|Any CPU
		Ad-Hoc|ARM = Ad-Hoc|ARM
		Ad-Hoc|iPhone = Ad-Hoc|iPhone
		Ad-Hoc|iPhoneSimulator = Ad-Hoc|iPhoneSimulator
		Ad-Hoc|x64 = Ad-Hoc|x64
		Ad-Hoc|x86 = Ad-Hoc|x86
		AppStore|Any CPU = AppStore|Any CPU
		AppStore|ARM = AppStore|ARM
		AppStore|iPhone = AppStore|iPhone
		AppStore|iPhoneSimulator = AppStore|iPhoneSimulator
		AppStore|x64 = AppStore|x64
		AppStore|x86 = AppStore|x86
		Debug|Any CPU = Debug|Any CPU
		Debug|ARM = Debug|ARM
		Debug|iPhone = Debug|iPhone
		Debug|iPhoneSimulator = Debug|iPhoneSimulator
		Debug|x64 = Debug|x64
		Debug|x86 = Debug|x86
		Release|Any CPU = Release|Any CPU
		Release|ARM = Release|ARM
		Release|iPhone = Release|iPhone
		Release|iPhoneSimulator = Release|iPhoneSimulator
		Release|x64 = Release|x64
		Release|x86 = Release|x86
	EndGlobalSection
	GlobalSection(ProjectConfigurationPlatforms) = postSolution
		{56A56F17-7DE1-4CA1-9617-BF32E971AC84}.Ad-Hoc|Any CPU.ActiveCfg = Release|Any CPU
		{56A56F17-7DE1-4CA1-9617-BF32E971AC84}.Ad-Hoc|Any CPU.Build.0 = Release|Any CPU
		{56A56F17-7DE1-4CA1-9617-BF32E971AC84}.Ad-Hoc|ARM.ActiveCfg = Release|Any CPU
		{56A56F17-7DE1-4CA1-9617-BF32E971AC84}.Ad-Hoc|ARM.Build.0 = Release|Any CPU
		{56A56F17-7DE1-4CA1-9617-BF32E971AC84}.Ad-Hoc|iPhone.ActiveCfg = Release|Any CPU
		{56A56F17-7DE1-4CA1-9617-BF32E971AC84}.Ad-Hoc|iPhone.Build.0 = Release|Any CPU
		{56A56F17-7DE1-4CA1-9617-BF32E971AC84}.Ad-Hoc|iPhoneSimulator.ActiveCfg = Release|Any CPU
		{56A56F17-7DE1-4CA1-9617-BF32E971AC84}.Ad-Hoc|iPhoneSimulator.Build.0 = Release|Any CPU
		{56A56F17-7DE1-4CA1-9617-BF32E971AC84}.Ad-Hoc|x64.ActiveCfg = Release|Any CPU
		{56A56F17-7DE1-4CA1-9617-BF32E971AC84}.Ad-Hoc|x64.Build.0 = Release|Any CPU
		{56A56F17-7DE1-4CA1-9617-BF32E971AC84}.Ad-Hoc|x86.ActiveCfg = Release|Any CPU
		{56A56F17-7DE1-4CA1-9617-BF32E971AC84}.Ad-Hoc|x86.Build.0 = Release|Any CPU
		{56A56F17-7DE1-4CA1-9617-BF32E971AC84}.AppStore|Any CPU.ActiveCfg = Release|Any CPU
		{56A56F17-7DE1-4CA1-9617-BF32E971AC84}.AppStore|Any CPU.Build.0 = Release|Any CPU
		{56A56F17-7DE1-4CA1-9617-BF32E971AC84}.AppStore|ARM.ActiveCfg = Release|Any CPU
		{56A56F17-7DE1-4CA1-9617-BF32E971AC84}.AppStore|ARM.Build.0 = Release|Any CPU
		{56A56F17-7DE1-4CA1-9617-BF32E971AC84}.AppStore|iPhone.ActiveCfg = Release|Any CPU
		{56A56F17-7DE1-4CA1-9617-BF32E971AC84}.AppStore|iPhone.Build.0 = Release|Any CPU
		{56A56F17-7DE1-4CA1-9617-BF32E971AC84}.AppStore|iPhoneSimulator.ActiveCfg = Release|Any CPU
		{56A56F17-7DE1-4CA1-9617-BF32E971AC84}.AppStore|iPhoneSimulator.Build.0 = Release|Any CPU
		{56A56F17-7DE1-4CA1-9617-BF32E971AC84}.AppStore|x64.ActiveCfg = Release|Any CPU
		{56A56F17-7DE1-4CA1-9617-BF32E971AC84}.AppStore|x64.Build.0 = Release|Any CPU
		{56A56F17-7DE1-4CA1-9617-BF32E971AC84}.AppStore|x86.ActiveCfg = Release|Any CPU
		{56A56F17-7DE1-4CA1-9617-BF32E971AC84}.AppStore|x86.Build.0 = Release|Any CPU
		{56A56F17-7DE1-4CA1-9617-BF32E971AC84}.Debug|Any CPU.ActiveCfg = Debug|Any CPU
		{56A56F17-7DE1-4CA1-9617-BF32E971AC84}.Debug|Any CPU.Build.0 = Debug|Any CPU
		{56A56F17-7DE1-4CA1-9617-BF32E971AC84}.Debug|ARM.ActiveCfg = Debug|Any CPU
		{56A56F17-7DE1-4CA1-9617-BF32E971AC84}.Debug|iPhone.ActiveCfg = Debug|Any CPU
		{56A56F17-7DE1-4CA1-9617-BF32E971AC84}.Debug|iPhone.Build.0 = Debug|Any CPU
		{56A56F17-7DE1-4CA1-9617-BF32E971AC84}.Debug|iPhoneSimulator.ActiveCfg = Debug|Any CPU
		{56A56F17-7DE1-4CA1-9617-BF32E971AC84}.Debug|iPhoneSimulator.Build.0 = Debug|Any CPU
		{56A56F17-7DE1-4CA1-9617-BF32E971AC84}.Debug|x64.ActiveCfg = Debug|Any CPU
		{56A56F17-7DE1-4CA1-9617-BF32E971AC84}.Debug|x86.ActiveCfg = Debug|Any CPU
		{56A56F17-7DE1-4CA1-9617-BF32E971AC84}.Debug|x86.Build.0 = Debug|Any CPU
		{56A56F17-7DE1-4CA1-9617-BF32E971AC84}.Release|Any CPU.ActiveCfg = Release|Any CPU
		{56A56F17-7DE1-4CA1-9617-BF32E971AC84}.Release|Any CPU.Build.0 = Release|Any CPU
		{56A56F17-7DE1-4CA1-9617-BF32E971AC84}.Release|ARM.ActiveCfg = Release|Any CPU
		{56A56F17-7DE1-4CA1-9617-BF32E971AC84}.Release|iPhone.ActiveCfg = Release|Any CPU
		{56A56F17-7DE1-4CA1-9617-BF32E971AC84}.Release|iPhone.Build.0 = Release|Any CPU
		{56A56F17-7DE1-4CA1-9617-BF32E971AC84}.Release|iPhoneSimulator.ActiveCfg = Release|Any CPU
		{56A56F17-7DE1-4CA1-9617-BF32E971AC84}.Release|iPhoneSimulator.Build.0 = Release|Any CPU
		{56A56F17-7DE1-4CA1-9617-BF32E971AC84}.Release|x64.ActiveCfg = Release|Any CPU
		{56A56F17-7DE1-4CA1-9617-BF32E971AC84}.Release|x86.ActiveCfg = Release|Any CPU
		{7D60E3CB-2799-4416-85BA-2374284EB3F1}.Ad-Hoc|Any CPU.ActiveCfg = Release|Any CPU
		{7D60E3CB-2799-4416-85BA-2374284EB3F1}.Ad-Hoc|Any CPU.Build.0 = Release|Any CPU
		{7D60E3CB-2799-4416-85BA-2374284EB3F1}.Ad-Hoc|ARM.ActiveCfg = Release|Any CPU
		{7D60E3CB-2799-4416-85BA-2374284EB3F1}.Ad-Hoc|ARM.Build.0 = Release|Any CPU
		{7D60E3CB-2799-4416-85BA-2374284EB3F1}.Ad-Hoc|iPhone.ActiveCfg = Release|Any CPU
		{7D60E3CB-2799-4416-85BA-2374284EB3F1}.Ad-Hoc|iPhone.Build.0 = Release|Any CPU
		{7D60E3CB-2799-4416-85BA-2374284EB3F1}.Ad-Hoc|iPhoneSimulator.ActiveCfg = Release|Any CPU
		{7D60E3CB-2799-4416-85BA-2374284EB3F1}.Ad-Hoc|iPhoneSimulator.Build.0 = Release|Any CPU
		{7D60E3CB-2799-4416-85BA-2374284EB3F1}.Ad-Hoc|x64.ActiveCfg = Release|Any CPU
		{7D60E3CB-2799-4416-85BA-2374284EB3F1}.Ad-Hoc|x64.Build.0 = Release|Any CPU
		{7D60E3CB-2799-4416-85BA-2374284EB3F1}.Ad-Hoc|x86.ActiveCfg = Release|Any CPU
		{7D60E3CB-2799-4416-85BA-2374284EB3F1}.Ad-Hoc|x86.Build.0 = Release|Any CPU
		{7D60E3CB-2799-4416-85BA-2374284EB3F1}.AppStore|Any CPU.ActiveCfg = Release|Any CPU
		{7D60E3CB-2799-4416-85BA-2374284EB3F1}.AppStore|Any CPU.Build.0 = Release|Any CPU
		{7D60E3CB-2799-4416-85BA-2374284EB3F1}.AppStore|ARM.ActiveCfg = Release|Any CPU
		{7D60E3CB-2799-4416-85BA-2374284EB3F1}.AppStore|ARM.Build.0 = Release|Any CPU
		{7D60E3CB-2799-4416-85BA-2374284EB3F1}.AppStore|iPhone.ActiveCfg = Release|Any CPU
		{7D60E3CB-2799-4416-85BA-2374284EB3F1}.AppStore|iPhone.Build.0 = Release|Any CPU
		{7D60E3CB-2799-4416-85BA-2374284EB3F1}.AppStore|iPhoneSimulator.ActiveCfg = Release|Any CPU
		{7D60E3CB-2799-4416-85BA-2374284EB3F1}.AppStore|iPhoneSimulator.Build.0 = Release|Any CPU
		{7D60E3CB-2799-4416-85BA-2374284EB3F1}.AppStore|x64.ActiveCfg = Release|Any CPU
		{7D60E3CB-2799-4416-85BA-2374284EB3F1}.AppStore|x64.Build.0 = Release|Any CPU
		{7D60E3CB-2799-4416-85BA-2374284EB3F1}.AppStore|x86.ActiveCfg = Release|Any CPU
		{7D60E3CB-2799-4416-85BA-2374284EB3F1}.AppStore|x86.Build.0 = Release|Any CPU
		{7D60E3CB-2799-4416-85BA-2374284EB3F1}.Debug|Any CPU.ActiveCfg = Debug|Any CPU
		{7D60E3CB-2799-4416-85BA-2374284EB3F1}.Debug|Any CPU.Build.0 = Debug|Any CPU
		{7D60E3CB-2799-4416-85BA-2374284EB3F1}.Debug|ARM.ActiveCfg = Debug|Any CPU
		{7D60E3CB-2799-4416-85BA-2374284EB3F1}.Debug|ARM.Build.0 = Debug|Any CPU
		{7D60E3CB-2799-4416-85BA-2374284EB3F1}.Debug|iPhone.ActiveCfg = Debug|Any CPU
		{7D60E3CB-2799-4416-85BA-2374284EB3F1}.Debug|iPhone.Build.0 = Debug|Any CPU
		{7D60E3CB-2799-4416-85BA-2374284EB3F1}.Debug|iPhoneSimulator.ActiveCfg = Debug|Any CPU
		{7D60E3CB-2799-4416-85BA-2374284EB3F1}.Debug|iPhoneSimulator.Build.0 = Debug|Any CPU
		{7D60E3CB-2799-4416-85BA-2374284EB3F1}.Debug|x64.ActiveCfg = Debug|Any CPU
		{7D60E3CB-2799-4416-85BA-2374284EB3F1}.Debug|x64.Build.0 = Debug|Any CPU
		{7D60E3CB-2799-4416-85BA-2374284EB3F1}.Debug|x86.ActiveCfg = Debug|Any CPU
		{7D60E3CB-2799-4416-85BA-2374284EB3F1}.Debug|x86.Build.0 = Debug|Any CPU
		{7D60E3CB-2799-4416-85BA-2374284EB3F1}.Release|Any CPU.ActiveCfg = Release|Any CPU
		{7D60E3CB-2799-4416-85BA-2374284EB3F1}.Release|ARM.ActiveCfg = Release|Any CPU
		{7D60E3CB-2799-4416-85BA-2374284EB3F1}.Release|ARM.Build.0 = Release|Any CPU
		{7D60E3CB-2799-4416-85BA-2374284EB3F1}.Release|iPhone.ActiveCfg = Release|Any CPU
		{7D60E3CB-2799-4416-85BA-2374284EB3F1}.Release|iPhone.Build.0 = Release|Any CPU
		{7D60E3CB-2799-4416-85BA-2374284EB3F1}.Release|iPhoneSimulator.ActiveCfg = Release|Any CPU
		{7D60E3CB-2799-4416-85BA-2374284EB3F1}.Release|iPhoneSimulator.Build.0 = Release|Any CPU
		{7D60E3CB-2799-4416-85BA-2374284EB3F1}.Release|x64.ActiveCfg = Release|Any CPU
		{7D60E3CB-2799-4416-85BA-2374284EB3F1}.Release|x64.Build.0 = Release|Any CPU
		{7D60E3CB-2799-4416-85BA-2374284EB3F1}.Release|x86.ActiveCfg = Release|Any CPU
		{7D60E3CB-2799-4416-85BA-2374284EB3F1}.Release|x86.Build.0 = Release|Any CPU
		{5F010020-BEE6-47EE-A4CE-6A8C42B9CB29}.Ad-Hoc|Any CPU.ActiveCfg = Release|iPhoneSimulator
		{5F010020-BEE6-47EE-A4CE-6A8C42B9CB29}.Ad-Hoc|Any CPU.Build.0 = Release|iPhoneSimulator
		{5F010020-BEE6-47EE-A4CE-6A8C42B9CB29}.Ad-Hoc|ARM.ActiveCfg = Release|iPhoneSimulator
		{5F010020-BEE6-47EE-A4CE-6A8C42B9CB29}.Ad-Hoc|ARM.Build.0 = Release|iPhoneSimulator
		{5F010020-BEE6-47EE-A4CE-6A8C42B9CB29}.Ad-Hoc|iPhone.ActiveCfg = Release|iPhone
		{5F010020-BEE6-47EE-A4CE-6A8C42B9CB29}.Ad-Hoc|iPhone.Build.0 = Release|iPhone
		{5F010020-BEE6-47EE-A4CE-6A8C42B9CB29}.Ad-Hoc|iPhoneSimulator.ActiveCfg = Release|iPhoneSimulator
		{5F010020-BEE6-47EE-A4CE-6A8C42B9CB29}.Ad-Hoc|iPhoneSimulator.Build.0 = Release|iPhoneSimulator
		{5F010020-BEE6-47EE-A4CE-6A8C42B9CB29}.Ad-Hoc|x64.ActiveCfg = Release|iPhoneSimulator
		{5F010020-BEE6-47EE-A4CE-6A8C42B9CB29}.Ad-Hoc|x64.Build.0 = Release|iPhoneSimulator
		{5F010020-BEE6-47EE-A4CE-6A8C42B9CB29}.Ad-Hoc|x86.ActiveCfg = Release|iPhoneSimulator
		{5F010020-BEE6-47EE-A4CE-6A8C42B9CB29}.Ad-Hoc|x86.Build.0 = Release|iPhoneSimulator
		{5F010020-BEE6-47EE-A4CE-6A8C42B9CB29}.AppStore|Any CPU.ActiveCfg = Release|iPhoneSimulator
		{5F010020-BEE6-47EE-A4CE-6A8C42B9CB29}.AppStore|Any CPU.Build.0 = Release|iPhoneSimulator
		{5F010020-BEE6-47EE-A4CE-6A8C42B9CB29}.AppStore|ARM.ActiveCfg = Release|iPhoneSimulator
		{5F010020-BEE6-47EE-A4CE-6A8C42B9CB29}.AppStore|ARM.Build.0 = Release|iPhoneSimulator
		{5F010020-BEE6-47EE-A4CE-6A8C42B9CB29}.AppStore|iPhone.ActiveCfg = Release|iPhone
		{5F010020-BEE6-47EE-A4CE-6A8C42B9CB29}.AppStore|iPhone.Build.0 = Release|iPhone
		{5F010020-BEE6-47EE-A4CE-6A8C42B9CB29}.AppStore|iPhoneSimulator.ActiveCfg = Release|iPhoneSimulator
		{5F010020-BEE6-47EE-A4CE-6A8C42B9CB29}.AppStore|iPhoneSimulator.Build.0 = Release|iPhoneSimulator
		{5F010020-BEE6-47EE-A4CE-6A8C42B9CB29}.AppStore|x64.ActiveCfg = Release|iPhoneSimulator
		{5F010020-BEE6-47EE-A4CE-6A8C42B9CB29}.AppStore|x64.Build.0 = Release|iPhoneSimulator
		{5F010020-BEE6-47EE-A4CE-6A8C42B9CB29}.AppStore|x86.ActiveCfg = Release|iPhoneSimulator
		{5F010020-BEE6-47EE-A4CE-6A8C42B9CB29}.AppStore|x86.Build.0 = Release|iPhoneSimulator
		{5F010020-BEE6-47EE-A4CE-6A8C42B9CB29}.Debug|Any CPU.ActiveCfg = Debug|iPhoneSimulator
		{5F010020-BEE6-47EE-A4CE-6A8C42B9CB29}.Debug|Any CPU.Build.0 = Debug|iPhoneSimulator
		{5F010020-BEE6-47EE-A4CE-6A8C42B9CB29}.Debug|ARM.ActiveCfg = Debug|iPhoneSimulator
		{5F010020-BEE6-47EE-A4CE-6A8C42B9CB29}.Debug|ARM.Build.0 = Debug|iPhoneSimulator
		{5F010020-BEE6-47EE-A4CE-6A8C42B9CB29}.Debug|iPhone.ActiveCfg = Debug|iPhone
		{5F010020-BEE6-47EE-A4CE-6A8C42B9CB29}.Debug|iPhone.Build.0 = Debug|iPhone
		{5F010020-BEE6-47EE-A4CE-6A8C42B9CB29}.Debug|iPhoneSimulator.ActiveCfg = Debug|iPhoneSimulator
		{5F010020-BEE6-47EE-A4CE-6A8C42B9CB29}.Debug|iPhoneSimulator.Build.0 = Debug|iPhoneSimulator
		{5F010020-BEE6-47EE-A4CE-6A8C42B9CB29}.Debug|x64.ActiveCfg = Debug|iPhoneSimulator
		{5F010020-BEE6-47EE-A4CE-6A8C42B9CB29}.Debug|x64.Build.0 = Debug|iPhoneSimulator
		{5F010020-BEE6-47EE-A4CE-6A8C42B9CB29}.Debug|x86.ActiveCfg = Debug|iPhoneSimulator
		{5F010020-BEE6-47EE-A4CE-6A8C42B9CB29}.Debug|x86.Build.0 = Debug|iPhoneSimulator
		{5F010020-BEE6-47EE-A4CE-6A8C42B9CB29}.Release|Any CPU.ActiveCfg = Release|iPhone
		{5F010020-BEE6-47EE-A4CE-6A8C42B9CB29}.Release|ARM.ActiveCfg = Release|iPhone
		{5F010020-BEE6-47EE-A4CE-6A8C42B9CB29}.Release|ARM.Build.0 = Release|iPhone
		{5F010020-BEE6-47EE-A4CE-6A8C42B9CB29}.Release|iPhone.ActiveCfg = Release|iPhone
		{5F010020-BEE6-47EE-A4CE-6A8C42B9CB29}.Release|iPhone.Build.0 = Release|iPhone
		{5F010020-BEE6-47EE-A4CE-6A8C42B9CB29}.Release|iPhoneSimulator.ActiveCfg = Release|iPhoneSimulator
		{5F010020-BEE6-47EE-A4CE-6A8C42B9CB29}.Release|iPhoneSimulator.Build.0 = Release|iPhoneSimulator
		{5F010020-BEE6-47EE-A4CE-6A8C42B9CB29}.Release|x64.ActiveCfg = Release|iPhone
		{5F010020-BEE6-47EE-A4CE-6A8C42B9CB29}.Release|x64.Build.0 = Release|iPhone
		{5F010020-BEE6-47EE-A4CE-6A8C42B9CB29}.Release|x86.ActiveCfg = Release|iPhone
		{5F010020-BEE6-47EE-A4CE-6A8C42B9CB29}.Release|x86.Build.0 = Release|iPhone
		{E9C12CE5-7691-47AE-8D1E-C0598F6C5518}.Ad-Hoc|Any CPU.ActiveCfg = Release|Any CPU
		{E9C12CE5-7691-47AE-8D1E-C0598F6C5518}.Ad-Hoc|Any CPU.Build.0 = Release|Any CPU
		{E9C12CE5-7691-47AE-8D1E-C0598F6C5518}.Ad-Hoc|Any CPU.Deploy.0 = Release|Any CPU
		{E9C12CE5-7691-47AE-8D1E-C0598F6C5518}.Ad-Hoc|ARM.ActiveCfg = Release|Any CPU
		{E9C12CE5-7691-47AE-8D1E-C0598F6C5518}.Ad-Hoc|ARM.Build.0 = Release|Any CPU
		{E9C12CE5-7691-47AE-8D1E-C0598F6C5518}.Ad-Hoc|ARM.Deploy.0 = Release|Any CPU
		{E9C12CE5-7691-47AE-8D1E-C0598F6C5518}.Ad-Hoc|iPhone.ActiveCfg = Release|Any CPU
		{E9C12CE5-7691-47AE-8D1E-C0598F6C5518}.Ad-Hoc|iPhone.Build.0 = Release|Any CPU
		{E9C12CE5-7691-47AE-8D1E-C0598F6C5518}.Ad-Hoc|iPhone.Deploy.0 = Release|Any CPU
		{E9C12CE5-7691-47AE-8D1E-C0598F6C5518}.Ad-Hoc|iPhoneSimulator.ActiveCfg = Release|Any CPU
		{E9C12CE5-7691-47AE-8D1E-C0598F6C5518}.Ad-Hoc|iPhoneSimulator.Build.0 = Release|Any CPU
		{E9C12CE5-7691-47AE-8D1E-C0598F6C5518}.Ad-Hoc|iPhoneSimulator.Deploy.0 = Release|Any CPU
		{E9C12CE5-7691-47AE-8D1E-C0598F6C5518}.Ad-Hoc|x64.ActiveCfg = Release|Any CPU
		{E9C12CE5-7691-47AE-8D1E-C0598F6C5518}.Ad-Hoc|x64.Build.0 = Release|Any CPU
		{E9C12CE5-7691-47AE-8D1E-C0598F6C5518}.Ad-Hoc|x64.Deploy.0 = Release|Any CPU
		{E9C12CE5-7691-47AE-8D1E-C0598F6C5518}.Ad-Hoc|x86.ActiveCfg = Release|Any CPU
		{E9C12CE5-7691-47AE-8D1E-C0598F6C5518}.Ad-Hoc|x86.Build.0 = Release|Any CPU
		{E9C12CE5-7691-47AE-8D1E-C0598F6C5518}.Ad-Hoc|x86.Deploy.0 = Release|Any CPU
		{E9C12CE5-7691-47AE-8D1E-C0598F6C5518}.AppStore|Any CPU.ActiveCfg = Release|Any CPU
		{E9C12CE5-7691-47AE-8D1E-C0598F6C5518}.AppStore|Any CPU.Build.0 = Release|Any CPU
		{E9C12CE5-7691-47AE-8D1E-C0598F6C5518}.AppStore|Any CPU.Deploy.0 = Release|Any CPU
		{E9C12CE5-7691-47AE-8D1E-C0598F6C5518}.AppStore|ARM.ActiveCfg = Release|Any CPU
		{E9C12CE5-7691-47AE-8D1E-C0598F6C5518}.AppStore|ARM.Build.0 = Release|Any CPU
		{E9C12CE5-7691-47AE-8D1E-C0598F6C5518}.AppStore|ARM.Deploy.0 = Release|Any CPU
		{E9C12CE5-7691-47AE-8D1E-C0598F6C5518}.AppStore|iPhone.ActiveCfg = Release|Any CPU
		{E9C12CE5-7691-47AE-8D1E-C0598F6C5518}.AppStore|iPhone.Build.0 = Release|Any CPU
		{E9C12CE5-7691-47AE-8D1E-C0598F6C5518}.AppStore|iPhone.Deploy.0 = Release|Any CPU
		{E9C12CE5-7691-47AE-8D1E-C0598F6C5518}.AppStore|iPhoneSimulator.ActiveCfg = Release|Any CPU
		{E9C12CE5-7691-47AE-8D1E-C0598F6C5518}.AppStore|iPhoneSimulator.Build.0 = Release|Any CPU
		{E9C12CE5-7691-47AE-8D1E-C0598F6C5518}.AppStore|iPhoneSimulator.Deploy.0 = Release|Any CPU
		{E9C12CE5-7691-47AE-8D1E-C0598F6C5518}.AppStore|x64.ActiveCfg = Release|Any CPU
		{E9C12CE5-7691-47AE-8D1E-C0598F6C5518}.AppStore|x64.Build.0 = Release|Any CPU
		{E9C12CE5-7691-47AE-8D1E-C0598F6C5518}.AppStore|x64.Deploy.0 = Release|Any CPU
		{E9C12CE5-7691-47AE-8D1E-C0598F6C5518}.AppStore|x86.ActiveCfg = Release|Any CPU
		{E9C12CE5-7691-47AE-8D1E-C0598F6C5518}.AppStore|x86.Build.0 = Release|Any CPU
		{E9C12CE5-7691-47AE-8D1E-C0598F6C5518}.AppStore|x86.Deploy.0 = Release|Any CPU
		{E9C12CE5-7691-47AE-8D1E-C0598F6C5518}.Debug|Any CPU.ActiveCfg = Debug|Any CPU
		{E9C12CE5-7691-47AE-8D1E-C0598F6C5518}.Debug|Any CPU.Build.0 = Debug|Any CPU
		{E9C12CE5-7691-47AE-8D1E-C0598F6C5518}.Debug|Any CPU.Deploy.0 = Debug|Any CPU
		{E9C12CE5-7691-47AE-8D1E-C0598F6C5518}.Debug|ARM.ActiveCfg = Debug|Any CPU
		{E9C12CE5-7691-47AE-8D1E-C0598F6C5518}.Debug|ARM.Build.0 = Debug|Any CPU
		{E9C12CE5-7691-47AE-8D1E-C0598F6C5518}.Debug|iPhone.ActiveCfg = Debug|Any CPU
		{E9C12CE5-7691-47AE-8D1E-C0598F6C5518}.Debug|iPhone.Build.0 = Debug|Any CPU
		{E9C12CE5-7691-47AE-8D1E-C0598F6C5518}.Debug|iPhoneSimulator.ActiveCfg = Debug|Any CPU
		{E9C12CE5-7691-47AE-8D1E-C0598F6C5518}.Debug|iPhoneSimulator.Build.0 = Debug|Any CPU
		{E9C12CE5-7691-47AE-8D1E-C0598F6C5518}.Debug|x64.ActiveCfg = Debug|Any CPU
		{E9C12CE5-7691-47AE-8D1E-C0598F6C5518}.Debug|x64.Build.0 = Debug|Any CPU
		{E9C12CE5-7691-47AE-8D1E-C0598F6C5518}.Debug|x86.ActiveCfg = Debug|Any CPU
		{E9C12CE5-7691-47AE-8D1E-C0598F6C5518}.Debug|x86.Build.0 = Debug|Any CPU
		{E9C12CE5-7691-47AE-8D1E-C0598F6C5518}.Release|Any CPU.ActiveCfg = Release|Any CPU
		{E9C12CE5-7691-47AE-8D1E-C0598F6C5518}.Release|ARM.ActiveCfg = Release|Any CPU
		{E9C12CE5-7691-47AE-8D1E-C0598F6C5518}.Release|ARM.Build.0 = Release|Any CPU
		{E9C12CE5-7691-47AE-8D1E-C0598F6C5518}.Release|iPhone.ActiveCfg = Release|Any CPU
		{E9C12CE5-7691-47AE-8D1E-C0598F6C5518}.Release|iPhone.Build.0 = Release|Any CPU
		{E9C12CE5-7691-47AE-8D1E-C0598F6C5518}.Release|iPhoneSimulator.ActiveCfg = Release|Any CPU
		{E9C12CE5-7691-47AE-8D1E-C0598F6C5518}.Release|iPhoneSimulator.Build.0 = Release|Any CPU
		{E9C12CE5-7691-47AE-8D1E-C0598F6C5518}.Release|x64.ActiveCfg = Release|Any CPU
		{E9C12CE5-7691-47AE-8D1E-C0598F6C5518}.Release|x64.Build.0 = Release|Any CPU
		{E9C12CE5-7691-47AE-8D1E-C0598F6C5518}.Release|x86.ActiveCfg = Release|Any CPU
		{E9C12CE5-7691-47AE-8D1E-C0598F6C5518}.Release|x86.Build.0 = Release|Any CPU
		{14318CB2-06EC-4B31-BE72-C4702D8AEB5F}.Ad-Hoc|Any CPU.ActiveCfg = Release|Any CPU
		{14318CB2-06EC-4B31-BE72-C4702D8AEB5F}.Ad-Hoc|Any CPU.Build.0 = Release|Any CPU
		{14318CB2-06EC-4B31-BE72-C4702D8AEB5F}.Ad-Hoc|ARM.ActiveCfg = Release|ARM
		{14318CB2-06EC-4B31-BE72-C4702D8AEB5F}.Ad-Hoc|ARM.Build.0 = Release|ARM
		{14318CB2-06EC-4B31-BE72-C4702D8AEB5F}.Ad-Hoc|iPhone.ActiveCfg = Release|Any CPU
		{14318CB2-06EC-4B31-BE72-C4702D8AEB5F}.Ad-Hoc|iPhone.Build.0 = Release|Any CPU
		{14318CB2-06EC-4B31-BE72-C4702D8AEB5F}.Ad-Hoc|iPhoneSimulator.ActiveCfg = Release|Any CPU
		{14318CB2-06EC-4B31-BE72-C4702D8AEB5F}.Ad-Hoc|iPhoneSimulator.Build.0 = Release|Any CPU
		{14318CB2-06EC-4B31-BE72-C4702D8AEB5F}.Ad-Hoc|x64.ActiveCfg = Release|x64
		{14318CB2-06EC-4B31-BE72-C4702D8AEB5F}.Ad-Hoc|x64.Build.0 = Release|x64
		{14318CB2-06EC-4B31-BE72-C4702D8AEB5F}.Ad-Hoc|x86.ActiveCfg = Release|x86
		{14318CB2-06EC-4B31-BE72-C4702D8AEB5F}.Ad-Hoc|x86.Build.0 = Release|x86
		{14318CB2-06EC-4B31-BE72-C4702D8AEB5F}.AppStore|Any CPU.ActiveCfg = Release|Any CPU
		{14318CB2-06EC-4B31-BE72-C4702D8AEB5F}.AppStore|Any CPU.Build.0 = Release|Any CPU
		{14318CB2-06EC-4B31-BE72-C4702D8AEB5F}.AppStore|ARM.ActiveCfg = Release|ARM
		{14318CB2-06EC-4B31-BE72-C4702D8AEB5F}.AppStore|ARM.Build.0 = Release|ARM
		{14318CB2-06EC-4B31-BE72-C4702D8AEB5F}.AppStore|iPhone.ActiveCfg = Release|Any CPU
		{14318CB2-06EC-4B31-BE72-C4702D8AEB5F}.AppStore|iPhone.Build.0 = Release|Any CPU
		{14318CB2-06EC-4B31-BE72-C4702D8AEB5F}.AppStore|iPhoneSimulator.ActiveCfg = Release|Any CPU
		{14318CB2-06EC-4B31-BE72-C4702D8AEB5F}.AppStore|iPhoneSimulator.Build.0 = Release|Any CPU
		{14318CB2-06EC-4B31-BE72-C4702D8AEB5F}.AppStore|x64.ActiveCfg = Release|x64
		{14318CB2-06EC-4B31-BE72-C4702D8AEB5F}.AppStore|x64.Build.0 = Release|x64
		{14318CB2-06EC-4B31-BE72-C4702D8AEB5F}.AppStore|x86.ActiveCfg = Release|x86
		{14318CB2-06EC-4B31-BE72-C4702D8AEB5F}.AppStore|x86.Build.0 = Release|x86
		{14318CB2-06EC-4B31-BE72-C4702D8AEB5F}.Debug|Any CPU.ActiveCfg = Debug|Any CPU
		{14318CB2-06EC-4B31-BE72-C4702D8AEB5F}.Debug|Any CPU.Build.0 = Debug|Any CPU
		{14318CB2-06EC-4B31-BE72-C4702D8AEB5F}.Debug|ARM.ActiveCfg = Debug|ARM
		{14318CB2-06EC-4B31-BE72-C4702D8AEB5F}.Debug|ARM.Build.0 = Debug|ARM
		{14318CB2-06EC-4B31-BE72-C4702D8AEB5F}.Debug|iPhone.ActiveCfg = Debug|Any CPU
		{14318CB2-06EC-4B31-BE72-C4702D8AEB5F}.Debug|iPhone.Build.0 = Debug|Any CPU
		{14318CB2-06EC-4B31-BE72-C4702D8AEB5F}.Debug|iPhoneSimulator.ActiveCfg = Debug|Any CPU
		{14318CB2-06EC-4B31-BE72-C4702D8AEB5F}.Debug|iPhoneSimulator.Build.0 = Debug|Any CPU
		{14318CB2-06EC-4B31-BE72-C4702D8AEB5F}.Debug|x64.ActiveCfg = Debug|x64
		{14318CB2-06EC-4B31-BE72-C4702D8AEB5F}.Debug|x64.Build.0 = Debug|x64
		{14318CB2-06EC-4B31-BE72-C4702D8AEB5F}.Debug|x86.ActiveCfg = Debug|x86
		{14318CB2-06EC-4B31-BE72-C4702D8AEB5F}.Debug|x86.Build.0 = Debug|x86
		{14318CB2-06EC-4B31-BE72-C4702D8AEB5F}.Release|Any CPU.ActiveCfg = Release|Any CPU
		{14318CB2-06EC-4B31-BE72-C4702D8AEB5F}.Release|Any CPU.Build.0 = Release|Any CPU
		{14318CB2-06EC-4B31-BE72-C4702D8AEB5F}.Release|ARM.ActiveCfg = Release|ARM
		{14318CB2-06EC-4B31-BE72-C4702D8AEB5F}.Release|ARM.Build.0 = Release|ARM
		{14318CB2-06EC-4B31-BE72-C4702D8AEB5F}.Release|iPhone.ActiveCfg = Release|Any CPU
		{14318CB2-06EC-4B31-BE72-C4702D8AEB5F}.Release|iPhone.Build.0 = Release|Any CPU
		{14318CB2-06EC-4B31-BE72-C4702D8AEB5F}.Release|iPhoneSimulator.ActiveCfg = Release|Any CPU
		{14318CB2-06EC-4B31-BE72-C4702D8AEB5F}.Release|iPhoneSimulator.Build.0 = Release|Any CPU
		{14318CB2-06EC-4B31-BE72-C4702D8AEB5F}.Release|x64.ActiveCfg = Release|x64
		{14318CB2-06EC-4B31-BE72-C4702D8AEB5F}.Release|x64.Build.0 = Release|x64
		{14318CB2-06EC-4B31-BE72-C4702D8AEB5F}.Release|x86.ActiveCfg = Release|x86
		{14318CB2-06EC-4B31-BE72-C4702D8AEB5F}.Release|x86.Build.0 = Release|x86
		{2882AEEB-D4CD-4EB9-8A6C-6653B33681F0}.Ad-Hoc|Any CPU.ActiveCfg = Release|Any CPU
		{2882AEEB-D4CD-4EB9-8A6C-6653B33681F0}.Ad-Hoc|Any CPU.Build.0 = Release|Any CPU
		{2882AEEB-D4CD-4EB9-8A6C-6653B33681F0}.Ad-Hoc|ARM.ActiveCfg = Release|Any CPU
		{2882AEEB-D4CD-4EB9-8A6C-6653B33681F0}.Ad-Hoc|ARM.Build.0 = Release|Any CPU
		{2882AEEB-D4CD-4EB9-8A6C-6653B33681F0}.Ad-Hoc|iPhone.ActiveCfg = Release|Any CPU
		{2882AEEB-D4CD-4EB9-8A6C-6653B33681F0}.Ad-Hoc|iPhone.Build.0 = Release|Any CPU
		{2882AEEB-D4CD-4EB9-8A6C-6653B33681F0}.Ad-Hoc|iPhoneSimulator.ActiveCfg = Release|Any CPU
		{2882AEEB-D4CD-4EB9-8A6C-6653B33681F0}.Ad-Hoc|iPhoneSimulator.Build.0 = Release|Any CPU
		{2882AEEB-D4CD-4EB9-8A6C-6653B33681F0}.Ad-Hoc|x64.ActiveCfg = Release|Any CPU
		{2882AEEB-D4CD-4EB9-8A6C-6653B33681F0}.Ad-Hoc|x64.Build.0 = Release|Any CPU
		{2882AEEB-D4CD-4EB9-8A6C-6653B33681F0}.Ad-Hoc|x86.ActiveCfg = Release|Any CPU
		{2882AEEB-D4CD-4EB9-8A6C-6653B33681F0}.Ad-Hoc|x86.Build.0 = Release|Any CPU
		{2882AEEB-D4CD-4EB9-8A6C-6653B33681F0}.AppStore|Any CPU.ActiveCfg = Release|Any CPU
		{2882AEEB-D4CD-4EB9-8A6C-6653B33681F0}.AppStore|Any CPU.Build.0 = Release|Any CPU
		{2882AEEB-D4CD-4EB9-8A6C-6653B33681F0}.AppStore|ARM.ActiveCfg = Release|Any CPU
		{2882AEEB-D4CD-4EB9-8A6C-6653B33681F0}.AppStore|ARM.Build.0 = Release|Any CPU
		{2882AEEB-D4CD-4EB9-8A6C-6653B33681F0}.AppStore|iPhone.ActiveCfg = Release|Any CPU
		{2882AEEB-D4CD-4EB9-8A6C-6653B33681F0}.AppStore|iPhone.Build.0 = Release|Any CPU
		{2882AEEB-D4CD-4EB9-8A6C-6653B33681F0}.AppStore|iPhoneSimulator.ActiveCfg = Release|Any CPU
		{2882AEEB-D4CD-4EB9-8A6C-6653B33681F0}.AppStore|iPhoneSimulator.Build.0 = Release|Any CPU
		{2882AEEB-D4CD-4EB9-8A6C-6653B33681F0}.AppStore|x64.ActiveCfg = Release|Any CPU
		{2882AEEB-D4CD-4EB9-8A6C-6653B33681F0}.AppStore|x64.Build.0 = Release|Any CPU
		{2882AEEB-D4CD-4EB9-8A6C-6653B33681F0}.AppStore|x86.ActiveCfg = Release|Any CPU
		{2882AEEB-D4CD-4EB9-8A6C-6653B33681F0}.AppStore|x86.Build.0 = Release|Any CPU
		{2882AEEB-D4CD-4EB9-8A6C-6653B33681F0}.Debug|Any CPU.ActiveCfg = Debug|Any CPU
		{2882AEEB-D4CD-4EB9-8A6C-6653B33681F0}.Debug|Any CPU.Build.0 = Debug|Any CPU
		{2882AEEB-D4CD-4EB9-8A6C-6653B33681F0}.Debug|ARM.ActiveCfg = Debug|Any CPU
		{2882AEEB-D4CD-4EB9-8A6C-6653B33681F0}.Debug|ARM.Build.0 = Debug|Any CPU
		{2882AEEB-D4CD-4EB9-8A6C-6653B33681F0}.Debug|iPhone.ActiveCfg = Debug|Any CPU
		{2882AEEB-D4CD-4EB9-8A6C-6653B33681F0}.Debug|iPhone.Build.0 = Debug|Any CPU
		{2882AEEB-D4CD-4EB9-8A6C-6653B33681F0}.Debug|iPhoneSimulator.ActiveCfg = Debug|Any CPU
		{2882AEEB-D4CD-4EB9-8A6C-6653B33681F0}.Debug|iPhoneSimulator.Build.0 = Debug|Any CPU
		{2882AEEB-D4CD-4EB9-8A6C-6653B33681F0}.Debug|x64.ActiveCfg = Debug|Any CPU
		{2882AEEB-D4CD-4EB9-8A6C-6653B33681F0}.Debug|x64.Build.0 = Debug|Any CPU
		{2882AEEB-D4CD-4EB9-8A6C-6653B33681F0}.Debug|x86.ActiveCfg = Debug|Any CPU
		{2882AEEB-D4CD-4EB9-8A6C-6653B33681F0}.Debug|x86.Build.0 = Debug|Any CPU
		{2882AEEB-D4CD-4EB9-8A6C-6653B33681F0}.Release|Any CPU.ActiveCfg = Release|Any CPU
		{2882AEEB-D4CD-4EB9-8A6C-6653B33681F0}.Release|Any CPU.Build.0 = Release|Any CPU
		{2882AEEB-D4CD-4EB9-8A6C-6653B33681F0}.Release|ARM.ActiveCfg = Release|Any CPU
		{2882AEEB-D4CD-4EB9-8A6C-6653B33681F0}.Release|ARM.Build.0 = Release|Any CPU
		{2882AEEB-D4CD-4EB9-8A6C-6653B33681F0}.Release|iPhone.ActiveCfg = Release|Any CPU
		{2882AEEB-D4CD-4EB9-8A6C-6653B33681F0}.Release|iPhone.Build.0 = Release|Any CPU
		{2882AEEB-D4CD-4EB9-8A6C-6653B33681F0}.Release|iPhoneSimulator.ActiveCfg = Release|Any CPU
		{2882AEEB-D4CD-4EB9-8A6C-6653B33681F0}.Release|iPhoneSimulator.Build.0 = Release|Any CPU
		{2882AEEB-D4CD-4EB9-8A6C-6653B33681F0}.Release|x64.ActiveCfg = Release|Any CPU
		{2882AEEB-D4CD-4EB9-8A6C-6653B33681F0}.Release|x64.Build.0 = Release|Any CPU
		{2882AEEB-D4CD-4EB9-8A6C-6653B33681F0}.Release|x86.ActiveCfg = Release|Any CPU
		{2882AEEB-D4CD-4EB9-8A6C-6653B33681F0}.Release|x86.Build.0 = Release|Any CPU
		{F513A0EA-31CE-40C7-8DF9-3C0287B520E6}.Ad-Hoc|Any CPU.ActiveCfg = Release|x64
		{F513A0EA-31CE-40C7-8DF9-3C0287B520E6}.Ad-Hoc|Any CPU.Build.0 = Release|x64
		{F513A0EA-31CE-40C7-8DF9-3C0287B520E6}.Ad-Hoc|Any CPU.Deploy.0 = Release|x64
		{F513A0EA-31CE-40C7-8DF9-3C0287B520E6}.Ad-Hoc|ARM.ActiveCfg = Release|ARM
		{F513A0EA-31CE-40C7-8DF9-3C0287B520E6}.Ad-Hoc|ARM.Build.0 = Release|ARM
		{F513A0EA-31CE-40C7-8DF9-3C0287B520E6}.Ad-Hoc|ARM.Deploy.0 = Release|ARM
		{F513A0EA-31CE-40C7-8DF9-3C0287B520E6}.Ad-Hoc|iPhone.ActiveCfg = Release|x64
		{F513A0EA-31CE-40C7-8DF9-3C0287B520E6}.Ad-Hoc|iPhone.Build.0 = Release|x64
		{F513A0EA-31CE-40C7-8DF9-3C0287B520E6}.Ad-Hoc|iPhone.Deploy.0 = Release|x64
		{F513A0EA-31CE-40C7-8DF9-3C0287B520E6}.Ad-Hoc|iPhoneSimulator.ActiveCfg = Release|x64
		{F513A0EA-31CE-40C7-8DF9-3C0287B520E6}.Ad-Hoc|iPhoneSimulator.Build.0 = Release|x64
		{F513A0EA-31CE-40C7-8DF9-3C0287B520E6}.Ad-Hoc|iPhoneSimulator.Deploy.0 = Release|x64
		{F513A0EA-31CE-40C7-8DF9-3C0287B520E6}.Ad-Hoc|x64.ActiveCfg = Release|x64
		{F513A0EA-31CE-40C7-8DF9-3C0287B520E6}.Ad-Hoc|x64.Build.0 = Release|x64
		{F513A0EA-31CE-40C7-8DF9-3C0287B520E6}.Ad-Hoc|x64.Deploy.0 = Release|x64
		{F513A0EA-31CE-40C7-8DF9-3C0287B520E6}.Ad-Hoc|x86.ActiveCfg = Release|x86
		{F513A0EA-31CE-40C7-8DF9-3C0287B520E6}.Ad-Hoc|x86.Build.0 = Release|x86
		{F513A0EA-31CE-40C7-8DF9-3C0287B520E6}.Ad-Hoc|x86.Deploy.0 = Release|x86
		{F513A0EA-31CE-40C7-8DF9-3C0287B520E6}.AppStore|Any CPU.ActiveCfg = Release|x64
		{F513A0EA-31CE-40C7-8DF9-3C0287B520E6}.AppStore|Any CPU.Build.0 = Release|x64
		{F513A0EA-31CE-40C7-8DF9-3C0287B520E6}.AppStore|Any CPU.Deploy.0 = Release|x64
		{F513A0EA-31CE-40C7-8DF9-3C0287B520E6}.AppStore|ARM.ActiveCfg = Release|ARM
		{F513A0EA-31CE-40C7-8DF9-3C0287B520E6}.AppStore|ARM.Build.0 = Release|ARM
		{F513A0EA-31CE-40C7-8DF9-3C0287B520E6}.AppStore|ARM.Deploy.0 = Release|ARM
		{F513A0EA-31CE-40C7-8DF9-3C0287B520E6}.AppStore|iPhone.ActiveCfg = Release|x64
		{F513A0EA-31CE-40C7-8DF9-3C0287B520E6}.AppStore|iPhone.Build.0 = Release|x64
		{F513A0EA-31CE-40C7-8DF9-3C0287B520E6}.AppStore|iPhone.Deploy.0 = Release|x64
		{F513A0EA-31CE-40C7-8DF9-3C0287B520E6}.AppStore|iPhoneSimulator.ActiveCfg = Release|x64
		{F513A0EA-31CE-40C7-8DF9-3C0287B520E6}.AppStore|iPhoneSimulator.Build.0 = Release|x64
		{F513A0EA-31CE-40C7-8DF9-3C0287B520E6}.AppStore|iPhoneSimulator.Deploy.0 = Release|x64
		{F513A0EA-31CE-40C7-8DF9-3C0287B520E6}.AppStore|x64.ActiveCfg = Release|x64
		{F513A0EA-31CE-40C7-8DF9-3C0287B520E6}.AppStore|x64.Build.0 = Release|x64
		{F513A0EA-31CE-40C7-8DF9-3C0287B520E6}.AppStore|x64.Deploy.0 = Release|x64
		{F513A0EA-31CE-40C7-8DF9-3C0287B520E6}.AppStore|x86.ActiveCfg = Release|x86
		{F513A0EA-31CE-40C7-8DF9-3C0287B520E6}.AppStore|x86.Build.0 = Release|x86
		{F513A0EA-31CE-40C7-8DF9-3C0287B520E6}.AppStore|x86.Deploy.0 = Release|x86
		{F513A0EA-31CE-40C7-8DF9-3C0287B520E6}.Debug|Any CPU.ActiveCfg = Debug|x86
		{F513A0EA-31CE-40C7-8DF9-3C0287B520E6}.Debug|Any CPU.Build.0 = Debug|x86
		{F513A0EA-31CE-40C7-8DF9-3C0287B520E6}.Debug|Any CPU.Deploy.0 = Debug|x86
		{F513A0EA-31CE-40C7-8DF9-3C0287B520E6}.Debug|ARM.ActiveCfg = Debug|ARM
		{F513A0EA-31CE-40C7-8DF9-3C0287B520E6}.Debug|ARM.Build.0 = Debug|ARM
		{F513A0EA-31CE-40C7-8DF9-3C0287B520E6}.Debug|ARM.Deploy.0 = Debug|ARM
		{F513A0EA-31CE-40C7-8DF9-3C0287B520E6}.Debug|iPhone.ActiveCfg = Debug|x86
		{F513A0EA-31CE-40C7-8DF9-3C0287B520E6}.Debug|iPhoneSimulator.ActiveCfg = Debug|x86
		{F513A0EA-31CE-40C7-8DF9-3C0287B520E6}.Debug|x64.ActiveCfg = Debug|x64
		{F513A0EA-31CE-40C7-8DF9-3C0287B520E6}.Debug|x64.Build.0 = Debug|x64
		{F513A0EA-31CE-40C7-8DF9-3C0287B520E6}.Debug|x64.Deploy.0 = Debug|x64
		{F513A0EA-31CE-40C7-8DF9-3C0287B520E6}.Debug|x86.ActiveCfg = Debug|x86
		{F513A0EA-31CE-40C7-8DF9-3C0287B520E6}.Debug|x86.Build.0 = Debug|x86
		{F513A0EA-31CE-40C7-8DF9-3C0287B520E6}.Debug|x86.Deploy.0 = Debug|x86
		{F513A0EA-31CE-40C7-8DF9-3C0287B520E6}.Release|Any CPU.ActiveCfg = Release|x86
		{F513A0EA-31CE-40C7-8DF9-3C0287B520E6}.Release|ARM.ActiveCfg = Release|ARM
		{F513A0EA-31CE-40C7-8DF9-3C0287B520E6}.Release|ARM.Build.0 = Release|ARM
		{F513A0EA-31CE-40C7-8DF9-3C0287B520E6}.Release|ARM.Deploy.0 = Release|ARM
		{F513A0EA-31CE-40C7-8DF9-3C0287B520E6}.Release|iPhone.ActiveCfg = Release|x86
		{F513A0EA-31CE-40C7-8DF9-3C0287B520E6}.Release|iPhoneSimulator.ActiveCfg = Release|x86
		{F513A0EA-31CE-40C7-8DF9-3C0287B520E6}.Release|x64.ActiveCfg = Release|x64
		{F513A0EA-31CE-40C7-8DF9-3C0287B520E6}.Release|x64.Build.0 = Release|x64
		{F513A0EA-31CE-40C7-8DF9-3C0287B520E6}.Release|x64.Deploy.0 = Release|x64
		{F513A0EA-31CE-40C7-8DF9-3C0287B520E6}.Release|x86.ActiveCfg = Release|x86
		{F513A0EA-31CE-40C7-8DF9-3C0287B520E6}.Release|x86.Build.0 = Release|x86
		{F513A0EA-31CE-40C7-8DF9-3C0287B520E6}.Release|x86.Deploy.0 = Release|x86
		{716095F1-D4B9-4C76-A2E5-395BDE971C67}.Ad-Hoc|Any CPU.ActiveCfg = Release|Any CPU
		{716095F1-D4B9-4C76-A2E5-395BDE971C67}.Ad-Hoc|Any CPU.Build.0 = Release|Any CPU
		{716095F1-D4B9-4C76-A2E5-395BDE971C67}.Ad-Hoc|ARM.ActiveCfg = Release|Any CPU
		{716095F1-D4B9-4C76-A2E5-395BDE971C67}.Ad-Hoc|ARM.Build.0 = Release|Any CPU
		{716095F1-D4B9-4C76-A2E5-395BDE971C67}.Ad-Hoc|iPhone.ActiveCfg = Release|Any CPU
		{716095F1-D4B9-4C76-A2E5-395BDE971C67}.Ad-Hoc|iPhone.Build.0 = Release|Any CPU
		{716095F1-D4B9-4C76-A2E5-395BDE971C67}.Ad-Hoc|iPhoneSimulator.ActiveCfg = Release|Any CPU
		{716095F1-D4B9-4C76-A2E5-395BDE971C67}.Ad-Hoc|iPhoneSimulator.Build.0 = Release|Any CPU
		{716095F1-D4B9-4C76-A2E5-395BDE971C67}.Ad-Hoc|x64.ActiveCfg = Release|Any CPU
		{716095F1-D4B9-4C76-A2E5-395BDE971C67}.Ad-Hoc|x64.Build.0 = Release|Any CPU
		{716095F1-D4B9-4C76-A2E5-395BDE971C67}.Ad-Hoc|x86.ActiveCfg = Release|Any CPU
		{716095F1-D4B9-4C76-A2E5-395BDE971C67}.Ad-Hoc|x86.Build.0 = Release|Any CPU
		{716095F1-D4B9-4C76-A2E5-395BDE971C67}.AppStore|Any CPU.ActiveCfg = Release|Any CPU
		{716095F1-D4B9-4C76-A2E5-395BDE971C67}.AppStore|Any CPU.Build.0 = Release|Any CPU
		{716095F1-D4B9-4C76-A2E5-395BDE971C67}.AppStore|ARM.ActiveCfg = Release|Any CPU
		{716095F1-D4B9-4C76-A2E5-395BDE971C67}.AppStore|ARM.Build.0 = Release|Any CPU
		{716095F1-D4B9-4C76-A2E5-395BDE971C67}.AppStore|iPhone.ActiveCfg = Release|Any CPU
		{716095F1-D4B9-4C76-A2E5-395BDE971C67}.AppStore|iPhone.Build.0 = Release|Any CPU
		{716095F1-D4B9-4C76-A2E5-395BDE971C67}.AppStore|iPhoneSimulator.ActiveCfg = Release|Any CPU
		{716095F1-D4B9-4C76-A2E5-395BDE971C67}.AppStore|iPhoneSimulator.Build.0 = Release|Any CPU
		{716095F1-D4B9-4C76-A2E5-395BDE971C67}.AppStore|x64.ActiveCfg = Release|Any CPU
		{716095F1-D4B9-4C76-A2E5-395BDE971C67}.AppStore|x64.Build.0 = Release|Any CPU
		{716095F1-D4B9-4C76-A2E5-395BDE971C67}.AppStore|x86.ActiveCfg = Release|Any CPU
		{716095F1-D4B9-4C76-A2E5-395BDE971C67}.AppStore|x86.Build.0 = Release|Any CPU
		{716095F1-D4B9-4C76-A2E5-395BDE971C67}.Debug|Any CPU.ActiveCfg = Debug|Any CPU
		{716095F1-D4B9-4C76-A2E5-395BDE971C67}.Debug|Any CPU.Build.0 = Debug|Any CPU
		{716095F1-D4B9-4C76-A2E5-395BDE971C67}.Debug|ARM.ActiveCfg = Debug|Any CPU
		{716095F1-D4B9-4C76-A2E5-395BDE971C67}.Debug|ARM.Build.0 = Debug|Any CPU
		{716095F1-D4B9-4C76-A2E5-395BDE971C67}.Debug|iPhone.ActiveCfg = Debug|Any CPU
		{716095F1-D4B9-4C76-A2E5-395BDE971C67}.Debug|iPhone.Build.0 = Debug|Any CPU
		{716095F1-D4B9-4C76-A2E5-395BDE971C67}.Debug|iPhoneSimulator.ActiveCfg = Debug|Any CPU
		{716095F1-D4B9-4C76-A2E5-395BDE971C67}.Debug|iPhoneSimulator.Build.0 = Debug|Any CPU
		{716095F1-D4B9-4C76-A2E5-395BDE971C67}.Debug|x64.ActiveCfg = Debug|Any CPU
		{716095F1-D4B9-4C76-A2E5-395BDE971C67}.Debug|x64.Build.0 = Debug|Any CPU
		{716095F1-D4B9-4C76-A2E5-395BDE971C67}.Debug|x86.ActiveCfg = Debug|Any CPU
		{716095F1-D4B9-4C76-A2E5-395BDE971C67}.Debug|x86.Build.0 = Debug|Any CPU
		{716095F1-D4B9-4C76-A2E5-395BDE971C67}.Release|Any CPU.ActiveCfg = Release|Any CPU
		{716095F1-D4B9-4C76-A2E5-395BDE971C67}.Release|Any CPU.Build.0 = Release|Any CPU
		{716095F1-D4B9-4C76-A2E5-395BDE971C67}.Release|ARM.ActiveCfg = Release|Any CPU
		{716095F1-D4B9-4C76-A2E5-395BDE971C67}.Release|ARM.Build.0 = Release|Any CPU
		{716095F1-D4B9-4C76-A2E5-395BDE971C67}.Release|iPhone.ActiveCfg = Release|Any CPU
		{716095F1-D4B9-4C76-A2E5-395BDE971C67}.Release|iPhone.Build.0 = Release|Any CPU
		{716095F1-D4B9-4C76-A2E5-395BDE971C67}.Release|iPhoneSimulator.ActiveCfg = Release|Any CPU
		{716095F1-D4B9-4C76-A2E5-395BDE971C67}.Release|iPhoneSimulator.Build.0 = Release|Any CPU
		{716095F1-D4B9-4C76-A2E5-395BDE971C67}.Release|x64.ActiveCfg = Release|Any CPU
		{716095F1-D4B9-4C76-A2E5-395BDE971C67}.Release|x64.Build.0 = Release|Any CPU
		{716095F1-D4B9-4C76-A2E5-395BDE971C67}.Release|x86.ActiveCfg = Release|Any CPU
		{716095F1-D4B9-4C76-A2E5-395BDE971C67}.Release|x86.Build.0 = Release|Any CPU
		{C9E2506E-7CC0-43B8-BCED-93C2F69920D1}.Ad-Hoc|Any CPU.ActiveCfg = Release|Any CPU
		{C9E2506E-7CC0-43B8-BCED-93C2F69920D1}.Ad-Hoc|Any CPU.Build.0 = Release|Any CPU
		{C9E2506E-7CC0-43B8-BCED-93C2F69920D1}.Ad-Hoc|ARM.ActiveCfg = Release|Any CPU
		{C9E2506E-7CC0-43B8-BCED-93C2F69920D1}.Ad-Hoc|ARM.Build.0 = Release|Any CPU
		{C9E2506E-7CC0-43B8-BCED-93C2F69920D1}.Ad-Hoc|iPhone.ActiveCfg = Release|Any CPU
		{C9E2506E-7CC0-43B8-BCED-93C2F69920D1}.Ad-Hoc|iPhone.Build.0 = Release|Any CPU
		{C9E2506E-7CC0-43B8-BCED-93C2F69920D1}.Ad-Hoc|iPhoneSimulator.ActiveCfg = Release|Any CPU
		{C9E2506E-7CC0-43B8-BCED-93C2F69920D1}.Ad-Hoc|iPhoneSimulator.Build.0 = Release|Any CPU
		{C9E2506E-7CC0-43B8-BCED-93C2F69920D1}.Ad-Hoc|x64.ActiveCfg = Release|Any CPU
		{C9E2506E-7CC0-43B8-BCED-93C2F69920D1}.Ad-Hoc|x64.Build.0 = Release|Any CPU
		{C9E2506E-7CC0-43B8-BCED-93C2F69920D1}.Ad-Hoc|x86.ActiveCfg = Release|Any CPU
		{C9E2506E-7CC0-43B8-BCED-93C2F69920D1}.Ad-Hoc|x86.Build.0 = Release|Any CPU
		{C9E2506E-7CC0-43B8-BCED-93C2F69920D1}.AppStore|Any CPU.ActiveCfg = Release|Any CPU
		{C9E2506E-7CC0-43B8-BCED-93C2F69920D1}.AppStore|Any CPU.Build.0 = Release|Any CPU
		{C9E2506E-7CC0-43B8-BCED-93C2F69920D1}.AppStore|ARM.ActiveCfg = Release|Any CPU
		{C9E2506E-7CC0-43B8-BCED-93C2F69920D1}.AppStore|ARM.Build.0 = Release|Any CPU
		{C9E2506E-7CC0-43B8-BCED-93C2F69920D1}.AppStore|iPhone.ActiveCfg = Release|Any CPU
		{C9E2506E-7CC0-43B8-BCED-93C2F69920D1}.AppStore|iPhone.Build.0 = Release|Any CPU
		{C9E2506E-7CC0-43B8-BCED-93C2F69920D1}.AppStore|iPhoneSimulator.ActiveCfg = Release|Any CPU
		{C9E2506E-7CC0-43B8-BCED-93C2F69920D1}.AppStore|iPhoneSimulator.Build.0 = Release|Any CPU
		{C9E2506E-7CC0-43B8-BCED-93C2F69920D1}.AppStore|x64.ActiveCfg = Release|Any CPU
		{C9E2506E-7CC0-43B8-BCED-93C2F69920D1}.AppStore|x64.Build.0 = Release|Any CPU
		{C9E2506E-7CC0-43B8-BCED-93C2F69920D1}.AppStore|x86.ActiveCfg = Release|Any CPU
		{C9E2506E-7CC0-43B8-BCED-93C2F69920D1}.AppStore|x86.Build.0 = Release|Any CPU
		{C9E2506E-7CC0-43B8-BCED-93C2F69920D1}.Debug|Any CPU.ActiveCfg = Debug|Any CPU
		{C9E2506E-7CC0-43B8-BCED-93C2F69920D1}.Debug|Any CPU.Build.0 = Debug|Any CPU
		{C9E2506E-7CC0-43B8-BCED-93C2F69920D1}.Debug|ARM.ActiveCfg = Debug|Any CPU
		{C9E2506E-7CC0-43B8-BCED-93C2F69920D1}.Debug|ARM.Build.0 = Debug|Any CPU
		{C9E2506E-7CC0-43B8-BCED-93C2F69920D1}.Debug|iPhone.ActiveCfg = Debug|Any CPU
		{C9E2506E-7CC0-43B8-BCED-93C2F69920D1}.Debug|iPhone.Build.0 = Debug|Any CPU
		{C9E2506E-7CC0-43B8-BCED-93C2F69920D1}.Debug|iPhoneSimulator.ActiveCfg = Debug|Any CPU
		{C9E2506E-7CC0-43B8-BCED-93C2F69920D1}.Debug|iPhoneSimulator.Build.0 = Debug|Any CPU
		{C9E2506E-7CC0-43B8-BCED-93C2F69920D1}.Debug|x64.ActiveCfg = Debug|Any CPU
		{C9E2506E-7CC0-43B8-BCED-93C2F69920D1}.Debug|x64.Build.0 = Debug|Any CPU
		{C9E2506E-7CC0-43B8-BCED-93C2F69920D1}.Debug|x86.ActiveCfg = Debug|Any CPU
		{C9E2506E-7CC0-43B8-BCED-93C2F69920D1}.Debug|x86.Build.0 = Debug|Any CPU
		{C9E2506E-7CC0-43B8-BCED-93C2F69920D1}.Release|Any CPU.ActiveCfg = Release|Any CPU
		{C9E2506E-7CC0-43B8-BCED-93C2F69920D1}.Release|Any CPU.Build.0 = Release|Any CPU
		{C9E2506E-7CC0-43B8-BCED-93C2F69920D1}.Release|ARM.ActiveCfg = Release|Any CPU
		{C9E2506E-7CC0-43B8-BCED-93C2F69920D1}.Release|ARM.Build.0 = Release|Any CPU
		{C9E2506E-7CC0-43B8-BCED-93C2F69920D1}.Release|iPhone.ActiveCfg = Release|Any CPU
		{C9E2506E-7CC0-43B8-BCED-93C2F69920D1}.Release|iPhone.Build.0 = Release|Any CPU
		{C9E2506E-7CC0-43B8-BCED-93C2F69920D1}.Release|iPhoneSimulator.ActiveCfg = Release|Any CPU
		{C9E2506E-7CC0-43B8-BCED-93C2F69920D1}.Release|iPhoneSimulator.Build.0 = Release|Any CPU
		{C9E2506E-7CC0-43B8-BCED-93C2F69920D1}.Release|x64.ActiveCfg = Release|Any CPU
		{C9E2506E-7CC0-43B8-BCED-93C2F69920D1}.Release|x64.Build.0 = Release|Any CPU
		{C9E2506E-7CC0-43B8-BCED-93C2F69920D1}.Release|x86.ActiveCfg = Release|Any CPU
		{C9E2506E-7CC0-43B8-BCED-93C2F69920D1}.Release|x86.Build.0 = Release|Any CPU
		{71A925B6-F452-4A2B-9038-4FC611DB2C17}.Ad-Hoc|Any CPU.ActiveCfg = Release|Any CPU
		{71A925B6-F452-4A2B-9038-4FC611DB2C17}.Ad-Hoc|Any CPU.Build.0 = Release|Any CPU
		{71A925B6-F452-4A2B-9038-4FC611DB2C17}.Ad-Hoc|ARM.ActiveCfg = Release|Any CPU
		{71A925B6-F452-4A2B-9038-4FC611DB2C17}.Ad-Hoc|ARM.Build.0 = Release|Any CPU
		{71A925B6-F452-4A2B-9038-4FC611DB2C17}.Ad-Hoc|iPhone.ActiveCfg = Release|Any CPU
		{71A925B6-F452-4A2B-9038-4FC611DB2C17}.Ad-Hoc|iPhone.Build.0 = Release|Any CPU
		{71A925B6-F452-4A2B-9038-4FC611DB2C17}.Ad-Hoc|iPhoneSimulator.ActiveCfg = Release|Any CPU
		{71A925B6-F452-4A2B-9038-4FC611DB2C17}.Ad-Hoc|iPhoneSimulator.Build.0 = Release|Any CPU
		{71A925B6-F452-4A2B-9038-4FC611DB2C17}.Ad-Hoc|x64.ActiveCfg = Release|Any CPU
		{71A925B6-F452-4A2B-9038-4FC611DB2C17}.Ad-Hoc|x64.Build.0 = Release|Any CPU
		{71A925B6-F452-4A2B-9038-4FC611DB2C17}.Ad-Hoc|x86.ActiveCfg = Release|Any CPU
		{71A925B6-F452-4A2B-9038-4FC611DB2C17}.Ad-Hoc|x86.Build.0 = Release|Any CPU
		{71A925B6-F452-4A2B-9038-4FC611DB2C17}.AppStore|Any CPU.ActiveCfg = Release|Any CPU
		{71A925B6-F452-4A2B-9038-4FC611DB2C17}.AppStore|Any CPU.Build.0 = Release|Any CPU
		{71A925B6-F452-4A2B-9038-4FC611DB2C17}.AppStore|ARM.ActiveCfg = Release|Any CPU
		{71A925B6-F452-4A2B-9038-4FC611DB2C17}.AppStore|ARM.Build.0 = Release|Any CPU
		{71A925B6-F452-4A2B-9038-4FC611DB2C17}.AppStore|iPhone.ActiveCfg = Release|Any CPU
		{71A925B6-F452-4A2B-9038-4FC611DB2C17}.AppStore|iPhone.Build.0 = Release|Any CPU
		{71A925B6-F452-4A2B-9038-4FC611DB2C17}.AppStore|iPhoneSimulator.ActiveCfg = Release|Any CPU
		{71A925B6-F452-4A2B-9038-4FC611DB2C17}.AppStore|iPhoneSimulator.Build.0 = Release|Any CPU
		{71A925B6-F452-4A2B-9038-4FC611DB2C17}.AppStore|x64.ActiveCfg = Release|Any CPU
		{71A925B6-F452-4A2B-9038-4FC611DB2C17}.AppStore|x64.Build.0 = Release|Any CPU
		{71A925B6-F452-4A2B-9038-4FC611DB2C17}.AppStore|x86.ActiveCfg = Release|Any CPU
		{71A925B6-F452-4A2B-9038-4FC611DB2C17}.AppStore|x86.Build.0 = Release|Any CPU
		{71A925B6-F452-4A2B-9038-4FC611DB2C17}.Debug|Any CPU.ActiveCfg = Debug|Any CPU
		{71A925B6-F452-4A2B-9038-4FC611DB2C17}.Debug|Any CPU.Build.0 = Debug|Any CPU
		{71A925B6-F452-4A2B-9038-4FC611DB2C17}.Debug|ARM.ActiveCfg = Debug|Any CPU
		{71A925B6-F452-4A2B-9038-4FC611DB2C17}.Debug|ARM.Build.0 = Debug|Any CPU
		{71A925B6-F452-4A2B-9038-4FC611DB2C17}.Debug|iPhone.ActiveCfg = Debug|Any CPU
		{71A925B6-F452-4A2B-9038-4FC611DB2C17}.Debug|iPhone.Build.0 = Debug|Any CPU
		{71A925B6-F452-4A2B-9038-4FC611DB2C17}.Debug|iPhoneSimulator.ActiveCfg = Debug|Any CPU
		{71A925B6-F452-4A2B-9038-4FC611DB2C17}.Debug|iPhoneSimulator.Build.0 = Debug|Any CPU
		{71A925B6-F452-4A2B-9038-4FC611DB2C17}.Debug|x64.ActiveCfg = Debug|Any CPU
		{71A925B6-F452-4A2B-9038-4FC611DB2C17}.Debug|x64.Build.0 = Debug|Any CPU
		{71A925B6-F452-4A2B-9038-4FC611DB2C17}.Debug|x86.ActiveCfg = Debug|Any CPU
		{71A925B6-F452-4A2B-9038-4FC611DB2C17}.Debug|x86.Build.0 = Debug|Any CPU
		{71A925B6-F452-4A2B-9038-4FC611DB2C17}.Release|Any CPU.ActiveCfg = Release|Any CPU
		{71A925B6-F452-4A2B-9038-4FC611DB2C17}.Release|Any CPU.Build.0 = Release|Any CPU
		{71A925B6-F452-4A2B-9038-4FC611DB2C17}.Release|ARM.ActiveCfg = Release|Any CPU
		{71A925B6-F452-4A2B-9038-4FC611DB2C17}.Release|ARM.Build.0 = Release|Any CPU
		{71A925B6-F452-4A2B-9038-4FC611DB2C17}.Release|iPhone.ActiveCfg = Release|Any CPU
		{71A925B6-F452-4A2B-9038-4FC611DB2C17}.Release|iPhone.Build.0 = Release|Any CPU
		{71A925B6-F452-4A2B-9038-4FC611DB2C17}.Release|iPhoneSimulator.ActiveCfg = Release|Any CPU
		{71A925B6-F452-4A2B-9038-4FC611DB2C17}.Release|iPhoneSimulator.Build.0 = Release|Any CPU
		{71A925B6-F452-4A2B-9038-4FC611DB2C17}.Release|x64.ActiveCfg = Release|Any CPU
		{71A925B6-F452-4A2B-9038-4FC611DB2C17}.Release|x64.Build.0 = Release|Any CPU
		{71A925B6-F452-4A2B-9038-4FC611DB2C17}.Release|x86.ActiveCfg = Release|Any CPU
		{71A925B6-F452-4A2B-9038-4FC611DB2C17}.Release|x86.Build.0 = Release|Any CPU
		{F71B4971-EB5E-4552-8BD4-A61D7049939B}.Ad-Hoc|Any CPU.ActiveCfg = Ad-Hoc|iPhone
		{F71B4971-EB5E-4552-8BD4-A61D7049939B}.Ad-Hoc|ARM.ActiveCfg = Ad-Hoc|iPhone
		{F71B4971-EB5E-4552-8BD4-A61D7049939B}.Ad-Hoc|iPhone.ActiveCfg = Ad-Hoc|iPhone
		{F71B4971-EB5E-4552-8BD4-A61D7049939B}.Ad-Hoc|iPhone.Build.0 = Ad-Hoc|iPhone
		{F71B4971-EB5E-4552-8BD4-A61D7049939B}.Ad-Hoc|iPhoneSimulator.ActiveCfg = Ad-Hoc|iPhoneSimulator
		{F71B4971-EB5E-4552-8BD4-A61D7049939B}.Ad-Hoc|iPhoneSimulator.Build.0 = Ad-Hoc|iPhoneSimulator
		{F71B4971-EB5E-4552-8BD4-A61D7049939B}.Ad-Hoc|x64.ActiveCfg = Ad-Hoc|iPhone
		{F71B4971-EB5E-4552-8BD4-A61D7049939B}.Ad-Hoc|x86.ActiveCfg = Ad-Hoc|iPhone
		{F71B4971-EB5E-4552-8BD4-A61D7049939B}.AppStore|Any CPU.ActiveCfg = AppStore|iPhone
		{F71B4971-EB5E-4552-8BD4-A61D7049939B}.AppStore|ARM.ActiveCfg = AppStore|iPhone
		{F71B4971-EB5E-4552-8BD4-A61D7049939B}.AppStore|iPhone.ActiveCfg = AppStore|iPhone
		{F71B4971-EB5E-4552-8BD4-A61D7049939B}.AppStore|iPhone.Build.0 = AppStore|iPhone
		{F71B4971-EB5E-4552-8BD4-A61D7049939B}.AppStore|iPhoneSimulator.ActiveCfg = AppStore|iPhoneSimulator
		{F71B4971-EB5E-4552-8BD4-A61D7049939B}.AppStore|iPhoneSimulator.Build.0 = AppStore|iPhoneSimulator
		{F71B4971-EB5E-4552-8BD4-A61D7049939B}.AppStore|x64.ActiveCfg = AppStore|iPhone
		{F71B4971-EB5E-4552-8BD4-A61D7049939B}.AppStore|x86.ActiveCfg = AppStore|iPhone
		{F71B4971-EB5E-4552-8BD4-A61D7049939B}.Debug|Any CPU.ActiveCfg = Debug|iPhone
		{F71B4971-EB5E-4552-8BD4-A61D7049939B}.Debug|ARM.ActiveCfg = Debug|iPhone
		{F71B4971-EB5E-4552-8BD4-A61D7049939B}.Debug|iPhone.ActiveCfg = Debug|iPhone
		{F71B4971-EB5E-4552-8BD4-A61D7049939B}.Debug|iPhone.Build.0 = Debug|iPhone
		{F71B4971-EB5E-4552-8BD4-A61D7049939B}.Debug|iPhoneSimulator.ActiveCfg = Debug|iPhoneSimulator
		{F71B4971-EB5E-4552-8BD4-A61D7049939B}.Debug|iPhoneSimulator.Build.0 = Debug|iPhoneSimulator
		{F71B4971-EB5E-4552-8BD4-A61D7049939B}.Debug|x64.ActiveCfg = Debug|iPhone
		{F71B4971-EB5E-4552-8BD4-A61D7049939B}.Debug|x86.ActiveCfg = Debug|iPhone
		{F71B4971-EB5E-4552-8BD4-A61D7049939B}.Release|Any CPU.ActiveCfg = Release|iPhone
		{F71B4971-EB5E-4552-8BD4-A61D7049939B}.Release|ARM.ActiveCfg = Release|iPhone
		{F71B4971-EB5E-4552-8BD4-A61D7049939B}.Release|iPhone.ActiveCfg = Release|iPhone
		{F71B4971-EB5E-4552-8BD4-A61D7049939B}.Release|iPhone.Build.0 = Release|iPhone
		{F71B4971-EB5E-4552-8BD4-A61D7049939B}.Release|iPhoneSimulator.ActiveCfg = Release|iPhoneSimulator
		{F71B4971-EB5E-4552-8BD4-A61D7049939B}.Release|iPhoneSimulator.Build.0 = Release|iPhoneSimulator
		{F71B4971-EB5E-4552-8BD4-A61D7049939B}.Release|x64.ActiveCfg = Release|iPhone
		{F71B4971-EB5E-4552-8BD4-A61D7049939B}.Release|x86.ActiveCfg = Release|iPhone
		{45F68BBE-9B86-4578-93F6-2B2C88FB03B2}.Ad-Hoc|Any CPU.ActiveCfg = Debug|Any CPU
		{45F68BBE-9B86-4578-93F6-2B2C88FB03B2}.Ad-Hoc|Any CPU.Build.0 = Debug|Any CPU
		{45F68BBE-9B86-4578-93F6-2B2C88FB03B2}.Ad-Hoc|ARM.ActiveCfg = Debug|Any CPU
		{45F68BBE-9B86-4578-93F6-2B2C88FB03B2}.Ad-Hoc|ARM.Build.0 = Debug|Any CPU
		{45F68BBE-9B86-4578-93F6-2B2C88FB03B2}.Ad-Hoc|iPhone.ActiveCfg = Debug|Any CPU
		{45F68BBE-9B86-4578-93F6-2B2C88FB03B2}.Ad-Hoc|iPhone.Build.0 = Debug|Any CPU
		{45F68BBE-9B86-4578-93F6-2B2C88FB03B2}.Ad-Hoc|iPhoneSimulator.ActiveCfg = Debug|Any CPU
		{45F68BBE-9B86-4578-93F6-2B2C88FB03B2}.Ad-Hoc|iPhoneSimulator.Build.0 = Debug|Any CPU
		{45F68BBE-9B86-4578-93F6-2B2C88FB03B2}.Ad-Hoc|x64.ActiveCfg = Debug|Any CPU
		{45F68BBE-9B86-4578-93F6-2B2C88FB03B2}.Ad-Hoc|x64.Build.0 = Debug|Any CPU
		{45F68BBE-9B86-4578-93F6-2B2C88FB03B2}.Ad-Hoc|x86.ActiveCfg = Debug|Any CPU
		{45F68BBE-9B86-4578-93F6-2B2C88FB03B2}.Ad-Hoc|x86.Build.0 = Debug|Any CPU
		{45F68BBE-9B86-4578-93F6-2B2C88FB03B2}.AppStore|Any CPU.ActiveCfg = Debug|Any CPU
		{45F68BBE-9B86-4578-93F6-2B2C88FB03B2}.AppStore|Any CPU.Build.0 = Debug|Any CPU
		{45F68BBE-9B86-4578-93F6-2B2C88FB03B2}.AppStore|ARM.ActiveCfg = Debug|Any CPU
		{45F68BBE-9B86-4578-93F6-2B2C88FB03B2}.AppStore|ARM.Build.0 = Debug|Any CPU
		{45F68BBE-9B86-4578-93F6-2B2C88FB03B2}.AppStore|iPhone.ActiveCfg = Debug|Any CPU
		{45F68BBE-9B86-4578-93F6-2B2C88FB03B2}.AppStore|iPhone.Build.0 = Debug|Any CPU
		{45F68BBE-9B86-4578-93F6-2B2C88FB03B2}.AppStore|iPhoneSimulator.ActiveCfg = Debug|Any CPU
		{45F68BBE-9B86-4578-93F6-2B2C88FB03B2}.AppStore|iPhoneSimulator.Build.0 = Debug|Any CPU
		{45F68BBE-9B86-4578-93F6-2B2C88FB03B2}.AppStore|x64.ActiveCfg = Debug|Any CPU
		{45F68BBE-9B86-4578-93F6-2B2C88FB03B2}.AppStore|x64.Build.0 = Debug|Any CPU
		{45F68BBE-9B86-4578-93F6-2B2C88FB03B2}.AppStore|x86.ActiveCfg = Debug|Any CPU
		{45F68BBE-9B86-4578-93F6-2B2C88FB03B2}.AppStore|x86.Build.0 = Debug|Any CPU
		{45F68BBE-9B86-4578-93F6-2B2C88FB03B2}.Debug|Any CPU.ActiveCfg = Debug|Any CPU
		{45F68BBE-9B86-4578-93F6-2B2C88FB03B2}.Debug|Any CPU.Build.0 = Debug|Any CPU
		{45F68BBE-9B86-4578-93F6-2B2C88FB03B2}.Debug|ARM.ActiveCfg = Debug|Any CPU
		{45F68BBE-9B86-4578-93F6-2B2C88FB03B2}.Debug|ARM.Build.0 = Debug|Any CPU
		{45F68BBE-9B86-4578-93F6-2B2C88FB03B2}.Debug|iPhone.ActiveCfg = Debug|Any CPU
		{45F68BBE-9B86-4578-93F6-2B2C88FB03B2}.Debug|iPhone.Build.0 = Debug|Any CPU
		{45F68BBE-9B86-4578-93F6-2B2C88FB03B2}.Debug|iPhoneSimulator.ActiveCfg = Debug|Any CPU
		{45F68BBE-9B86-4578-93F6-2B2C88FB03B2}.Debug|iPhoneSimulator.Build.0 = Debug|Any CPU
		{45F68BBE-9B86-4578-93F6-2B2C88FB03B2}.Debug|x64.ActiveCfg = Debug|Any CPU
		{45F68BBE-9B86-4578-93F6-2B2C88FB03B2}.Debug|x64.Build.0 = Debug|Any CPU
		{45F68BBE-9B86-4578-93F6-2B2C88FB03B2}.Debug|x86.ActiveCfg = Debug|Any CPU
		{45F68BBE-9B86-4578-93F6-2B2C88FB03B2}.Debug|x86.Build.0 = Debug|Any CPU
		{45F68BBE-9B86-4578-93F6-2B2C88FB03B2}.Release|Any CPU.ActiveCfg = Release|Any CPU
		{45F68BBE-9B86-4578-93F6-2B2C88FB03B2}.Release|Any CPU.Build.0 = Release|Any CPU
		{45F68BBE-9B86-4578-93F6-2B2C88FB03B2}.Release|ARM.ActiveCfg = Release|Any CPU
		{45F68BBE-9B86-4578-93F6-2B2C88FB03B2}.Release|ARM.Build.0 = Release|Any CPU
		{45F68BBE-9B86-4578-93F6-2B2C88FB03B2}.Release|iPhone.ActiveCfg = Release|Any CPU
		{45F68BBE-9B86-4578-93F6-2B2C88FB03B2}.Release|iPhone.Build.0 = Release|Any CPU
		{45F68BBE-9B86-4578-93F6-2B2C88FB03B2}.Release|iPhoneSimulator.ActiveCfg = Release|Any CPU
		{45F68BBE-9B86-4578-93F6-2B2C88FB03B2}.Release|iPhoneSimulator.Build.0 = Release|Any CPU
		{45F68BBE-9B86-4578-93F6-2B2C88FB03B2}.Release|x64.ActiveCfg = Release|Any CPU
		{45F68BBE-9B86-4578-93F6-2B2C88FB03B2}.Release|x64.Build.0 = Release|Any CPU
		{45F68BBE-9B86-4578-93F6-2B2C88FB03B2}.Release|x86.ActiveCfg = Release|Any CPU
		{45F68BBE-9B86-4578-93F6-2B2C88FB03B2}.Release|x86.Build.0 = Release|Any CPU
		{D8A817F4-A999-4BAE-8FBF-FCF86DDF9990}.Ad-Hoc|Any CPU.ActiveCfg = Debug|Any CPU
		{D8A817F4-A999-4BAE-8FBF-FCF86DDF9990}.Ad-Hoc|Any CPU.Build.0 = Debug|Any CPU
		{D8A817F4-A999-4BAE-8FBF-FCF86DDF9990}.Ad-Hoc|ARM.ActiveCfg = Debug|Any CPU
		{D8A817F4-A999-4BAE-8FBF-FCF86DDF9990}.Ad-Hoc|ARM.Build.0 = Debug|Any CPU
		{D8A817F4-A999-4BAE-8FBF-FCF86DDF9990}.Ad-Hoc|iPhone.ActiveCfg = Debug|Any CPU
		{D8A817F4-A999-4BAE-8FBF-FCF86DDF9990}.Ad-Hoc|iPhone.Build.0 = Debug|Any CPU
		{D8A817F4-A999-4BAE-8FBF-FCF86DDF9990}.Ad-Hoc|iPhoneSimulator.ActiveCfg = Debug|Any CPU
		{D8A817F4-A999-4BAE-8FBF-FCF86DDF9990}.Ad-Hoc|iPhoneSimulator.Build.0 = Debug|Any CPU
		{D8A817F4-A999-4BAE-8FBF-FCF86DDF9990}.Ad-Hoc|x64.ActiveCfg = Debug|Any CPU
		{D8A817F4-A999-4BAE-8FBF-FCF86DDF9990}.Ad-Hoc|x64.Build.0 = Debug|Any CPU
		{D8A817F4-A999-4BAE-8FBF-FCF86DDF9990}.Ad-Hoc|x86.ActiveCfg = Debug|Any CPU
		{D8A817F4-A999-4BAE-8FBF-FCF86DDF9990}.Ad-Hoc|x86.Build.0 = Debug|Any CPU
		{D8A817F4-A999-4BAE-8FBF-FCF86DDF9990}.AppStore|Any CPU.ActiveCfg = Debug|Any CPU
		{D8A817F4-A999-4BAE-8FBF-FCF86DDF9990}.AppStore|Any CPU.Build.0 = Debug|Any CPU
		{D8A817F4-A999-4BAE-8FBF-FCF86DDF9990}.AppStore|ARM.ActiveCfg = Debug|Any CPU
		{D8A817F4-A999-4BAE-8FBF-FCF86DDF9990}.AppStore|ARM.Build.0 = Debug|Any CPU
		{D8A817F4-A999-4BAE-8FBF-FCF86DDF9990}.AppStore|iPhone.ActiveCfg = Debug|Any CPU
		{D8A817F4-A999-4BAE-8FBF-FCF86DDF9990}.AppStore|iPhone.Build.0 = Debug|Any CPU
		{D8A817F4-A999-4BAE-8FBF-FCF86DDF9990}.AppStore|iPhoneSimulator.ActiveCfg = Debug|Any CPU
		{D8A817F4-A999-4BAE-8FBF-FCF86DDF9990}.AppStore|iPhoneSimulator.Build.0 = Debug|Any CPU
		{D8A817F4-A999-4BAE-8FBF-FCF86DDF9990}.AppStore|x64.ActiveCfg = Debug|Any CPU
		{D8A817F4-A999-4BAE-8FBF-FCF86DDF9990}.AppStore|x64.Build.0 = Debug|Any CPU
		{D8A817F4-A999-4BAE-8FBF-FCF86DDF9990}.AppStore|x86.ActiveCfg = Debug|Any CPU
		{D8A817F4-A999-4BAE-8FBF-FCF86DDF9990}.AppStore|x86.Build.0 = Debug|Any CPU
		{D8A817F4-A999-4BAE-8FBF-FCF86DDF9990}.Debug|Any CPU.ActiveCfg = Debug|Any CPU
		{D8A817F4-A999-4BAE-8FBF-FCF86DDF9990}.Debug|Any CPU.Build.0 = Debug|Any CPU
		{D8A817F4-A999-4BAE-8FBF-FCF86DDF9990}.Debug|ARM.ActiveCfg = Debug|Any CPU
		{D8A817F4-A999-4BAE-8FBF-FCF86DDF9990}.Debug|ARM.Build.0 = Debug|Any CPU
		{D8A817F4-A999-4BAE-8FBF-FCF86DDF9990}.Debug|iPhone.ActiveCfg = Debug|Any CPU
		{D8A817F4-A999-4BAE-8FBF-FCF86DDF9990}.Debug|iPhone.Build.0 = Debug|Any CPU
		{D8A817F4-A999-4BAE-8FBF-FCF86DDF9990}.Debug|iPhoneSimulator.ActiveCfg = Debug|Any CPU
		{D8A817F4-A999-4BAE-8FBF-FCF86DDF9990}.Debug|iPhoneSimulator.Build.0 = Debug|Any CPU
		{D8A817F4-A999-4BAE-8FBF-FCF86DDF9990}.Debug|x64.ActiveCfg = Debug|Any CPU
		{D8A817F4-A999-4BAE-8FBF-FCF86DDF9990}.Debug|x64.Build.0 = Debug|Any CPU
		{D8A817F4-A999-4BAE-8FBF-FCF86DDF9990}.Debug|x86.ActiveCfg = Debug|Any CPU
		{D8A817F4-A999-4BAE-8FBF-FCF86DDF9990}.Debug|x86.Build.0 = Debug|Any CPU
		{D8A817F4-A999-4BAE-8FBF-FCF86DDF9990}.Release|Any CPU.ActiveCfg = Release|Any CPU
		{D8A817F4-A999-4BAE-8FBF-FCF86DDF9990}.Release|Any CPU.Build.0 = Release|Any CPU
		{D8A817F4-A999-4BAE-8FBF-FCF86DDF9990}.Release|ARM.ActiveCfg = Release|Any CPU
		{D8A817F4-A999-4BAE-8FBF-FCF86DDF9990}.Release|ARM.Build.0 = Release|Any CPU
		{D8A817F4-A999-4BAE-8FBF-FCF86DDF9990}.Release|iPhone.ActiveCfg = Release|Any CPU
		{D8A817F4-A999-4BAE-8FBF-FCF86DDF9990}.Release|iPhone.Build.0 = Release|Any CPU
		{D8A817F4-A999-4BAE-8FBF-FCF86DDF9990}.Release|iPhoneSimulator.ActiveCfg = Release|Any CPU
		{D8A817F4-A999-4BAE-8FBF-FCF86DDF9990}.Release|iPhoneSimulator.Build.0 = Release|Any CPU
		{D8A817F4-A999-4BAE-8FBF-FCF86DDF9990}.Release|x64.ActiveCfg = Release|Any CPU
		{D8A817F4-A999-4BAE-8FBF-FCF86DDF9990}.Release|x64.Build.0 = Release|Any CPU
		{D8A817F4-A999-4BAE-8FBF-FCF86DDF9990}.Release|x86.ActiveCfg = Release|Any CPU
		{D8A817F4-A999-4BAE-8FBF-FCF86DDF9990}.Release|x86.Build.0 = Release|Any CPU
	EndGlobalSection
	GlobalSection(SolutionProperties) = preSolution
		HideSolutionNode = FALSE
	EndGlobalSection
	GlobalSection(NestedProjects) = preSolution
		{7D60E3CB-2799-4416-85BA-2374284EB3F1} = {F47FDCB8-7128-4322-9972-2FA6570BE15D}
		{5F010020-BEE6-47EE-A4CE-6A8C42B9CB29} = {F47FDCB8-7128-4322-9972-2FA6570BE15D}
		{E9C12CE5-7691-47AE-8D1E-C0598F6C5518} = {F47FDCB8-7128-4322-9972-2FA6570BE15D}
		{F513A0EA-31CE-40C7-8DF9-3C0287B520E6} = {F47FDCB8-7128-4322-9972-2FA6570BE15D}
		{716095F1-D4B9-4C76-A2E5-395BDE971C67} = {F47FDCB8-7128-4322-9972-2FA6570BE15D}
		{F71B4971-EB5E-4552-8BD4-A61D7049939B} = {F47FDCB8-7128-4322-9972-2FA6570BE15D}
	EndGlobalSection
	GlobalSection(ExtensibilityGlobals) = postSolution
		SolutionGuid = {8B28AA69-A4CF-4BF5-8361-089D3760743E}
	EndGlobalSection
EndGlobal
