
Microsoft Visual Studio Solution File, Format Version 12.00
# Visual Studio 15
VisualStudioVersion = 15.0.26430.14
MinimumVisualStudioVersion = 10.0.40219.1
Project("{FAE04EC0-301F-11D3-BF4B-00C04F79EFBC}") = "GeolocatorSample", "GeolocatorSample\GeolocatorSample\GeolocatorSample.csproj", "{02BB8331-934C-424B-A0ED-438E6F1C39D4}"
EndProject
Project("{FAE04EC0-301F-11D3-BF4B-00C04F79EFBC}") = "GeolocatorSample.iOS", "GeolocatorSample\GeolocatorSample.iOS\GeolocatorSample.iOS.csproj", "{CF64F284-8850-4DC0-ADD4-E066A0744AF3}"
EndProject
Project("{FAE04EC0-301F-11D3-BF4B-00C04F79EFBC}") = "GeolocatorSample.Droid", "GeolocatorSample\GeolocatorSample.Droid\GeolocatorSample.Droid.csproj", "{FD7768FC-ECB7-4E9C-AFBB-ADEB949B2748}"
EndProject
Global
	GlobalSection(SolutionConfigurationPlatforms) = preSolution
		Ad-Hoc|Any CPU = Ad-Hoc|Any CPU
		Ad-Hoc|ARM = Ad-Hoc|ARM
		Ad-Hoc|iPhone = Ad-Hoc|iPhone
		Ad-Hoc|iPhoneSimulator = Ad-Hoc|iPhoneSimulator
		Ad-Hoc|Mixed Platforms = Ad-Hoc|Mixed Platforms
		Ad-Hoc|x86 = Ad-Hoc|x86
		AppStore|Any CPU = AppStore|Any CPU
		AppStore|ARM = AppStore|ARM
		AppStore|iPhone = AppStore|iPhone
		AppStore|iPhoneSimulator = AppStore|iPhoneSimulator
		AppStore|Mixed Platforms = AppStore|Mixed Platforms
		AppStore|x86 = AppStore|x86
		Debug|Any CPU = Debug|Any CPU
		Debug|ARM = Debug|ARM
		Debug|iPhone = Debug|iPhone
		Debug|iPhoneSimulator = Debug|iPhoneSimulator
		Debug|Mixed Platforms = Debug|Mixed Platforms
		Debug|x86 = Debug|x86
		Release|Any CPU = Release|Any CPU
		Release|ARM = Release|ARM
		Release|iPhone = Release|iPhone
		Release|iPhoneSimulator = Release|iPhoneSimulator
		Release|Mixed Platforms = Release|Mixed Platforms
		Release|x86 = Release|x86
	EndGlobalSection
	GlobalSection(ProjectConfigurationPlatforms) = postSolution
		{02BB8331-934C-424B-A0ED-438E6F1C39D4}.Ad-Hoc|Any CPU.ActiveCfg = Release|Any CPU
		{02BB8331-934C-424B-A0ED-438E6F1C39D4}.Ad-Hoc|Any CPU.Build.0 = Release|Any CPU
		{02BB8331-934C-424B-A0ED-438E6F1C39D4}.Ad-Hoc|ARM.ActiveCfg = Release|Any CPU
		{02BB8331-934C-424B-A0ED-438E6F1C39D4}.Ad-Hoc|iPhone.ActiveCfg = Release|Any CPU
		{02BB8331-934C-424B-A0ED-438E6F1C39D4}.Ad-Hoc|iPhoneSimulator.ActiveCfg = Release|Any CPU
		{02BB8331-934C-424B-A0ED-438E6F1C39D4}.Ad-Hoc|Mixed Platforms.ActiveCfg = Release|Any CPU
		{02BB8331-934C-424B-A0ED-438E6F1C39D4}.Ad-Hoc|Mixed Platforms.Build.0 = Release|Any CPU
		{02BB8331-934C-424B-A0ED-438E6F1C39D4}.Ad-Hoc|x86.ActiveCfg = Release|Any CPU
		{02BB8331-934C-424B-A0ED-438E6F1C39D4}.AppStore|Any CPU.ActiveCfg = Release|Any CPU
		{02BB8331-934C-424B-A0ED-438E6F1C39D4}.AppStore|Any CPU.Build.0 = Release|Any CPU
		{02BB8331-934C-424B-A0ED-438E6F1C39D4}.AppStore|ARM.ActiveCfg = Release|Any CPU
		{02BB8331-934C-424B-A0ED-438E6F1C39D4}.AppStore|iPhone.ActiveCfg = Release|Any CPU
		{02BB8331-934C-424B-A0ED-438E6F1C39D4}.AppStore|iPhoneSimulator.ActiveCfg = Release|Any CPU
		{02BB8331-934C-424B-A0ED-438E6F1C39D4}.AppStore|Mixed Platforms.ActiveCfg = Release|Any CPU
		{02BB8331-934C-424B-A0ED-438E6F1C39D4}.AppStore|Mixed Platforms.Build.0 = Release|Any CPU
		{02BB8331-934C-424B-A0ED-438E6F1C39D4}.AppStore|x86.ActiveCfg = Release|Any CPU
		{02BB8331-934C-424B-A0ED-438E6F1C39D4}.Debug|Any CPU.ActiveCfg = Debug|Any CPU
		{02BB8331-934C-424B-A0ED-438E6F1C39D4}.Debug|Any CPU.Build.0 = Debug|Any CPU
		{02BB8331-934C-424B-A0ED-438E6F1C39D4}.Debug|ARM.ActiveCfg = Debug|Any CPU
		{02BB8331-934C-424B-A0ED-438E6F1C39D4}.Debug|iPhone.ActiveCfg = Debug|Any CPU
		{02BB8331-934C-424B-A0ED-438E6F1C39D4}.Debug|iPhoneSimulator.ActiveCfg = Debug|Any CPU
		{02BB8331-934C-424B-A0ED-438E6F1C39D4}.Debug|Mixed Platforms.ActiveCfg = Debug|Any CPU
		{02BB8331-934C-424B-A0ED-438E6F1C39D4}.Debug|Mixed Platforms.Build.0 = Debug|Any CPU
		{02BB8331-934C-424B-A0ED-438E6F1C39D4}.Debug|x86.ActiveCfg = Debug|Any CPU
		{02BB8331-934C-424B-A0ED-438E6F1C39D4}.Release|Any CPU.ActiveCfg = Release|Any CPU
		{02BB8331-934C-424B-A0ED-438E6F1C39D4}.Release|Any CPU.Build.0 = Release|Any CPU
		{02BB8331-934C-424B-A0ED-438E6F1C39D4}.Release|ARM.ActiveCfg = Release|Any CPU
		{02BB8331-934C-424B-A0ED-438E6F1C39D4}.Release|iPhone.ActiveCfg = Release|Any CPU
		{02BB8331-934C-424B-A0ED-438E6F1C39D4}.Release|iPhoneSimulator.ActiveCfg = Release|Any CPU
		{02BB8331-934C-424B-A0ED-438E6F1C39D4}.Release|Mixed Platforms.ActiveCfg = Release|Any CPU
		{02BB8331-934C-424B-A0ED-438E6F1C39D4}.Release|Mixed Platforms.Build.0 = Release|Any CPU
		{02BB8331-934C-424B-A0ED-438E6F1C39D4}.Release|x86.ActiveCfg = Release|Any CPU
		{CF64F284-8850-4DC0-ADD4-E066A0744AF3}.Ad-Hoc|Any CPU.ActiveCfg = Ad-Hoc|iPhone
		{CF64F284-8850-4DC0-ADD4-E066A0744AF3}.Ad-Hoc|ARM.ActiveCfg = Ad-Hoc|iPhone
		{CF64F284-8850-4DC0-ADD4-E066A0744AF3}.Ad-Hoc|iPhone.ActiveCfg = Ad-Hoc|iPhone
		{CF64F284-8850-4DC0-ADD4-E066A0744AF3}.Ad-Hoc|iPhone.Build.0 = Ad-Hoc|iPhone
		{CF64F284-8850-4DC0-ADD4-E066A0744AF3}.Ad-Hoc|iPhoneSimulator.ActiveCfg = Ad-Hoc|iPhoneSimulator
		{CF64F284-8850-4DC0-ADD4-E066A0744AF3}.Ad-Hoc|iPhoneSimulator.Build.0 = Ad-Hoc|iPhoneSimulator
		{CF64F284-8850-4DC0-ADD4-E066A0744AF3}.Ad-Hoc|Mixed Platforms.ActiveCfg = Ad-Hoc|iPhone
		{CF64F284-8850-4DC0-ADD4-E066A0744AF3}.Ad-Hoc|Mixed Platforms.Build.0 = Ad-Hoc|iPhone
		{CF64F284-8850-4DC0-ADD4-E066A0744AF3}.Ad-Hoc|x86.ActiveCfg = Ad-Hoc|iPhone
		{CF64F284-8850-4DC0-ADD4-E066A0744AF3}.AppStore|Any CPU.ActiveCfg = AppStore|iPhone
		{CF64F284-8850-4DC0-ADD4-E066A0744AF3}.AppStore|ARM.ActiveCfg = AppStore|iPhone
		{CF64F284-8850-4DC0-ADD4-E066A0744AF3}.AppStore|iPhone.ActiveCfg = AppStore|iPhone
		{CF64F284-8850-4DC0-ADD4-E066A0744AF3}.AppStore|iPhone.Build.0 = AppStore|iPhone
		{CF64F284-8850-4DC0-ADD4-E066A0744AF3}.AppStore|iPhoneSimulator.ActiveCfg = AppStore|iPhoneSimulator
		{CF64F284-8850-4DC0-ADD4-E066A0744AF3}.AppStore|iPhoneSimulator.Build.0 = AppStore|iPhoneSimulator
		{CF64F284-8850-4DC0-ADD4-E066A0744AF3}.AppStore|Mixed Platforms.ActiveCfg = AppStore|iPhone
		{CF64F284-8850-4DC0-ADD4-E066A0744AF3}.AppStore|Mixed Platforms.Build.0 = AppStore|iPhone
		{CF64F284-8850-4DC0-ADD4-E066A0744AF3}.AppStore|x86.ActiveCfg = AppStore|iPhone
		{CF64F284-8850-4DC0-ADD4-E066A0744AF3}.Debug|Any CPU.ActiveCfg = Debug|iPhone
		{CF64F284-8850-4DC0-ADD4-E066A0744AF3}.Debug|ARM.ActiveCfg = Debug|iPhone
		{CF64F284-8850-4DC0-ADD4-E066A0744AF3}.Debug|iPhone.ActiveCfg = Debug|iPhone
		{CF64F284-8850-4DC0-ADD4-E066A0744AF3}.Debug|iPhone.Build.0 = Debug|iPhone
		{CF64F284-8850-4DC0-ADD4-E066A0744AF3}.Debug|iPhoneSimulator.ActiveCfg = Debug|iPhoneSimulator
		{CF64F284-8850-4DC0-ADD4-E066A0744AF3}.Debug|iPhoneSimulator.Build.0 = Debug|iPhoneSimulator
		{CF64F284-8850-4DC0-ADD4-E066A0744AF3}.Debug|Mixed Platforms.ActiveCfg = Debug|iPhone
		{CF64F284-8850-4DC0-ADD4-E066A0744AF3}.Debug|Mixed Platforms.Build.0 = Debug|iPhone
		{CF64F284-8850-4DC0-ADD4-E066A0744AF3}.Debug|x86.ActiveCfg = Debug|iPhone
		{CF64F284-8850-4DC0-ADD4-E066A0744AF3}.Release|Any CPU.ActiveCfg = Release|iPhone
		{CF64F284-8850-4DC0-ADD4-E066A0744AF3}.Release|ARM.ActiveCfg = Release|iPhone
		{CF64F284-8850-4DC0-ADD4-E066A0744AF3}.Release|iPhone.ActiveCfg = Release|iPhone
		{CF64F284-8850-4DC0-ADD4-E066A0744AF3}.Release|iPhone.Build.0 = Release|iPhone
		{CF64F284-8850-4DC0-ADD4-E066A0744AF3}.Release|iPhoneSimulator.ActiveCfg = Release|iPhoneSimulator
		{CF64F284-8850-4DC0-ADD4-E066A0744AF3}.Release|iPhoneSimulator.Build.0 = Release|iPhoneSimulator
		{CF64F284-8850-4DC0-ADD4-E066A0744AF3}.Release|Mixed Platforms.ActiveCfg = Release|iPhone
		{CF64F284-8850-4DC0-ADD4-E066A0744AF3}.Release|Mixed Platforms.Build.0 = Release|iPhone
		{CF64F284-8850-4DC0-ADD4-E066A0744AF3}.Release|x86.ActiveCfg = Release|iPhone
		{FD7768FC-ECB7-4E9C-AFBB-ADEB949B2748}.Ad-Hoc|Any CPU.ActiveCfg = Release|Any CPU
		{FD7768FC-ECB7-4E9C-AFBB-ADEB949B2748}.Ad-Hoc|Any CPU.Build.0 = Release|Any CPU
		{FD7768FC-ECB7-4E9C-AFBB-ADEB949B2748}.Ad-Hoc|Any CPU.Deploy.0 = Release|Any CPU
		{FD7768FC-ECB7-4E9C-AFBB-ADEB949B2748}.Ad-Hoc|ARM.ActiveCfg = Release|Any CPU
		{FD7768FC-ECB7-4E9C-AFBB-ADEB949B2748}.Ad-Hoc|iPhone.ActiveCfg = Release|Any CPU
		{FD7768FC-ECB7-4E9C-AFBB-ADEB949B2748}.Ad-Hoc|iPhoneSimulator.ActiveCfg = Release|Any CPU
		{FD7768FC-ECB7-4E9C-AFBB-ADEB949B2748}.Ad-Hoc|Mixed Platforms.ActiveCfg = Release|Any CPU
		{FD7768FC-ECB7-4E9C-AFBB-ADEB949B2748}.Ad-Hoc|Mixed Platforms.Build.0 = Release|Any CPU
		{FD7768FC-ECB7-4E9C-AFBB-ADEB949B2748}.Ad-Hoc|Mixed Platforms.Deploy.0 = Release|Any CPU
		{FD7768FC-ECB7-4E9C-AFBB-ADEB949B2748}.Ad-Hoc|x86.ActiveCfg = Release|Any CPU
		{FD7768FC-ECB7-4E9C-AFBB-ADEB949B2748}.AppStore|Any CPU.ActiveCfg = Release|Any CPU
		{FD7768FC-ECB7-4E9C-AFBB-ADEB949B2748}.AppStore|Any CPU.Build.0 = Release|Any CPU
		{FD7768FC-ECB7-4E9C-AFBB-ADEB949B2748}.AppStore|Any CPU.Deploy.0 = Release|Any CPU
		{FD7768FC-ECB7-4E9C-AFBB-ADEB949B2748}.AppStore|ARM.ActiveCfg = Release|Any CPU
		{FD7768FC-ECB7-4E9C-AFBB-ADEB949B2748}.AppStore|iPhone.ActiveCfg = Release|Any CPU
		{FD7768FC-ECB7-4E9C-AFBB-ADEB949B2748}.AppStore|iPhoneSimulator.ActiveCfg = Release|Any CPU
		{FD7768FC-ECB7-4E9C-AFBB-ADEB949B2748}.AppStore|Mixed Platforms.ActiveCfg = Release|Any CPU
		{FD7768FC-ECB7-4E9C-AFBB-ADEB949B2748}.AppStore|Mixed Platforms.Build.0 = Release|Any CPU
		{FD7768FC-ECB7-4E9C-AFBB-ADEB949B2748}.AppStore|Mixed Platforms.Deploy.0 = Release|Any CPU
		{FD7768FC-ECB7-4E9C-AFBB-ADEB949B2748}.AppStore|x86.ActiveCfg = Release|Any CPU
		{FD7768FC-ECB7-4E9C-AFBB-ADEB949B2748}.Debug|Any CPU.ActiveCfg = Debug|Any CPU
		{FD7768FC-ECB7-4E9C-AFBB-ADEB949B2748}.Debug|Any CPU.Build.0 = Debug|Any CPU
		{FD7768FC-ECB7-4E9C-AFBB-ADEB949B2748}.Debug|Any CPU.Deploy.0 = Debug|Any CPU
		{FD7768FC-ECB7-4E9C-AFBB-ADEB949B2748}.Debug|ARM.ActiveCfg = Debug|Any CPU
		{FD7768FC-ECB7-4E9C-AFBB-ADEB949B2748}.Debug|iPhone.ActiveCfg = Debug|Any CPU
		{FD7768FC-ECB7-4E9C-AFBB-ADEB949B2748}.Debug|iPhoneSimulator.ActiveCfg = Debug|Any CPU
		{FD7768FC-ECB7-4E9C-AFBB-ADEB949B2748}.Debug|Mixed Platforms.ActiveCfg = Debug|Any CPU
		{FD7768FC-ECB7-4E9C-AFBB-ADEB949B2748}.Debug|Mixed Platforms.Build.0 = Debug|Any CPU
		{FD7768FC-ECB7-4E9C-AFBB-ADEB949B2748}.Debug|Mixed Platforms.Deploy.0 = Debug|Any CPU
		{FD7768FC-ECB7-4E9C-AFBB-ADEB949B2748}.Debug|x86.ActiveCfg = Debug|Any CPU
		{FD7768FC-ECB7-4E9C-AFBB-ADEB949B2748}.Release|Any CPU.ActiveCfg = Release|Any CPU
		{FD7768FC-ECB7-4E9C-AFBB-ADEB949B2748}.Release|Any CPU.Build.0 = Release|Any CPU
		{FD7768FC-ECB7-4E9C-AFBB-ADEB949B2748}.Release|Any CPU.Deploy.0 = Release|Any CPU
		{FD7768FC-ECB7-4E9C-AFBB-ADEB949B2748}.Release|ARM.ActiveCfg = Release|Any CPU
		{FD7768FC-ECB7-4E9C-AFBB-ADEB949B2748}.Release|iPhone.ActiveCfg = Release|Any CPU
		{FD7768FC-ECB7-4E9C-AFBB-ADEB949B2748}.Release|iPhoneSimulator.ActiveCfg = Release|Any CPU
		{FD7768FC-ECB7-4E9C-AFBB-ADEB949B2748}.Release|Mixed Platforms.ActiveCfg = Release|Any CPU
		{FD7768FC-ECB7-4E9C-AFBB-ADEB949B2748}.Release|Mixed Platforms.Build.0 = Release|Any CPU
		{FD7768FC-ECB7-4E9C-AFBB-ADEB949B2748}.Release|Mixed Platforms.Deploy.0 = Release|Any CPU
		{FD7768FC-ECB7-4E9C-AFBB-ADEB949B2748}.Release|x86.ActiveCfg = Release|Any CPU
	EndGlobalSection
	GlobalSection(SolutionProperties) = preSolution
		HideSolutionNode = FALSE
	EndGlobalSection
EndGlobal
