
Microsoft Visual Studio Solution File, Format Version 12.00
# Visual Studio 15
VisualStudioVersion = 15.0.27004.2002
MinimumVisualStudioVersion = 10.0.40219.1
Project("{2150E333-8FDC-42A3-9474-1A3956D46DE8}") = "Solution Items", "Solution Items", "{33498B6F-E3B8-4C37-9BB6-600D0E089742}"
	ProjectSection(SolutionItems) = preProject
		..\.editorconfig = ..\.editorconfig
		..\CHANGELOG.md = ..\CHANGELOG.md
		..\README.md = ..\README.md
		..\nuget\readme.txt = ..\nuget\readme.txt
	EndProjectSection
EndProject
Project("{9A19103F-16F7-4668-BE54-9A1E7A4F7556}") = "Geolocator.Plugin", "Geolocator.Plugin\Geolocator.Plugin.csproj", "{36B8DD43-B679-4D13-8BA9-DED633E7B25F}"
EndProject
Project("{2150E333-8FDC-42A3-9474-1A3956D46DE8}") = "Docs", "Docs", "{651D989C-FFDF-4618-9A72-235C83BE8E7B}"
	ProjectSection(SolutionItems) = preProject
		..\docs\Architecture.md = ..\docs\Architecture.md
		..\docs\BackgroundUpdates.md = ..\docs\BackgroundUpdates.md
		..\docs\CurrentLocation.md = ..\docs\CurrentLocation.md
		..\docs\FAQ.md = ..\docs\FAQ.md
		..\docs\Geocoding.md = ..\docs\Geocoding.md
		..\docs\GettingStarted.md = ..\docs\GettingStarted.md
		..\docs\LocationChanges.md = ..\docs\LocationChanges.md
		..\docs\README.md = ..\docs\README.md
	EndProjectSection
EndProject
Global
	GlobalSection(SolutionConfigurationPlatforms) = preSolution
		Debug|Any CPU = Debug|Any CPU
		Debug|ARM = Debug|ARM
		Debug|iPhone = Debug|iPhone
		Debug|iPhoneSimulator = Debug|iPhoneSimulator
		Debug|x64 = Debug|x64
		Debug|x86 = Debug|x86
		Release|Any CPU = Release|Any CPU
		Release|ARM = Release|ARM
		Release|iPhone = Release|iPhone
		Release|iPhoneSimulator = Release|iPhoneSimulator
		Release|x64 = Release|x64
		Release|x86 = Release|x86
	EndGlobalSection
	GlobalSection(ProjectConfigurationPlatforms) = postSolution
		{36B8DD43-B679-4D13-8BA9-DED633E7B25F}.Debug|Any CPU.ActiveCfg = Debug|Any CPU
		{36B8DD43-B679-4D13-8BA9-DED633E7B25F}.Debug|Any CPU.Build.0 = Debug|Any CPU
		{36B8DD43-B679-4D13-8BA9-DED633E7B25F}.Debug|ARM.ActiveCfg = Debug|Any CPU
		{36B8DD43-B679-4D13-8BA9-DED633E7B25F}.Debug|ARM.Build.0 = Debug|Any CPU
		{36B8DD43-B679-4D13-8BA9-DED633E7B25F}.Debug|iPhone.ActiveCfg = Debug|Any CPU
		{36B8DD43-B679-4D13-8BA9-DED633E7B25F}.Debug|iPhone.Build.0 = Debug|Any CPU
		{36B8DD43-B679-4D13-8BA9-DED633E7B25F}.Debug|iPhoneSimulator.ActiveCfg = Debug|Any CPU
		{36B8DD43-B679-4D13-8BA9-DED633E7B25F}.Debug|iPhoneSimulator.Build.0 = Debug|Any CPU
		{36B8DD43-B679-4D13-8BA9-DED633E7B25F}.Debug|x64.ActiveCfg = Debug|Any CPU
		{36B8DD43-B679-4D13-8BA9-DED633E7B25F}.Debug|x64.Build.0 = Debug|Any CPU
		{36B8DD43-B679-4D13-8BA9-DED633E7B25F}.Debug|x86.ActiveCfg = Debug|Any CPU
		{36B8DD43-B679-4D13-8BA9-DED633E7B25F}.Debug|x86.Build.0 = Debug|Any CPU
		{36B8DD43-B679-4D13-8BA9-DED633E7B25F}.Release|Any CPU.ActiveCfg = Release|Any CPU
		{36B8DD43-B679-4D13-8BA9-DED633E7B25F}.Release|Any CPU.Build.0 = Release|Any CPU
		{36B8DD43-B679-4D13-8BA9-DED633E7B25F}.Release|ARM.ActiveCfg = Release|Any CPU
		{36B8DD43-B679-4D13-8BA9-DED633E7B25F}.Release|ARM.Build.0 = Release|Any CPU
		{36B8DD43-B679-4D13-8BA9-DED633E7B25F}.Release|iPhone.ActiveCfg = Release|Any CPU
		{36B8DD43-B679-4D13-8BA9-DED633E7B25F}.Release|iPhone.Build.0 = Release|Any CPU
		{36B8DD43-B679-4D13-8BA9-DED633E7B25F}.Release|iPhoneSimulator.ActiveCfg = Release|Any CPU
		{36B8DD43-B679-4D13-8BA9-DED633E7B25F}.Release|iPhoneSimulator.Build.0 = Release|Any CPU
		{36B8DD43-B679-4D13-8BA9-DED633E7B25F}.Release|x64.ActiveCfg = Release|Any CPU
		{36B8DD43-B679-4D13-8BA9-DED633E7B25F}.Release|x64.Build.0 = Release|Any CPU
		{36B8DD43-B679-4D13-8BA9-DED633E7B25F}.Release|x86.ActiveCfg = Release|Any CPU
		{36B8DD43-B679-4D13-8BA9-DED633E7B25F}.Release|x86.Build.0 = Release|Any CPU
	EndGlobalSection
	GlobalSection(SolutionProperties) = preSolution
		HideSolutionNode = FALSE
	EndGlobalSection
	GlobalSection(ExtensibilityGlobals) = postSolution
		SolutionGuid = {24798DB0-00A2-4F43-90FB-8CD0D14D6DB8}
	EndGlobalSection
EndGlobal
