
Microsoft Visual Studio Solution File, Format Version 12.00
# Visual Studio 15
VisualStudioVersion = 15.0.27004.2002
MinimumVisualStudioVersion = 10.0.40219.1
Project("{2150E333-8FDC-42A3-9474-1A3956D46DE8}") = "Solution Items", "Solution Items", "{33498B6F-E3B8-4C37-9BB6-600D0E089742}"
	ProjectSection(SolutionItems) = preProject
		..\.editorconfig = ..\.editorconfig
		..\CHANGELOG.md = ..\CHANGELOG.md
		..\README.md = ..\README.md
		..\nuget\readme.txt = ..\nuget\readme.txt
	EndProjectSection
EndProject
Project("{9A19103F-16F7-4668-BE54-9A1E7A4F7556}") = "Geolocator.Plugin", "Geolocator.Plugin\Geolocator.Plugin.csproj", "{36B8DD43-B679-4D13-8BA9-DED633E7B25F}"
EndProject
Project("{2150E333-8FDC-42A3-9474-1A3956D46DE8}") = "Docs", "Docs", "{651D989C-FFDF-4618-9A72-235C83BE8E7B}"
	ProjectSection(SolutionItems) = preProject
		..\docs\Architecture.md = ..\docs\Architecture.md
		..\docs\BackgroundUpdates.md = ..\docs\BackgroundUpdates.md
		..\docs\CurrentLocation.md = ..\docs\CurrentLocation.md
		..\docs\FAQ.md = ..\docs\FAQ.md
		..\docs\Geocoding.md = ..\docs\Geocoding.md
		..\docs\GettingStarted.md = ..\docs\GettingStarted.md
		..\docs\LocationChanges.md = ..\docs\LocationChanges.md
		..\docs\README.md = ..\docs\README.md
	EndProjectSection
EndProject
Project("{2150E333-8FDC-42A3-9474-1A3956D46DE8}") = "Tests", "Tests", "{EFAA42CA-0A04-42A2-8743-AB1C6399FCF2}"
EndProject
Project("{9A19103F-16F7-4668-BE54-9A1E7A4F7556}") = "GeolocatorTests", "Tests\GeolocatorTests\GeolocatorTests.csproj", "{7D60E3CB-2799-4416-85BA-2374284EB3F1}"
EndProject
Project("{FAE04EC0-301F-11D3-BF4B-00C04F79EFBC}") = "GeolocatorTests.Droid", "Tests\GeolocatorTests.Droid\GeolocatorTests.Droid.csproj", "{E9C12CE5-7691-47AE-8D1E-C0598F6C5518}"
EndProject
Project("{FAE04EC0-301F-11D3-BF4B-00C04F79EFBC}") = "GeolocatorTests.iOS", "Tests\GeolocatorTests.iOS\GeolocatorTests.iOS.csproj", "{5F010020-BEE6-47EE-A4CE-6A8C42B9CB29}"
EndProject
Project("{FAE04EC0-301F-11D3-BF4B-00C04F79EFBC}") = "GeolocatorTests.Mac", "Tests\GeolocatorTests.Mac\GeolocatorTests.Mac.csproj", "{716095F1-D4B9-4C76-A2E5-395BDE971C67}"
EndProject
Project("{FAE04EC0-301F-11D3-BF4B-00C04F79EFBC}") = "GeolocatorTests.tvOS", "Tests\GeolocatorTests.tvOS\GeolocatorTests.tvOS.csproj", "{F71B4971-EB5E-4552-8BD4-A61D7049939B}"
EndProject
Project("{FAE04EC0-301F-11D3-BF4B-00C04F79EFBC}") = "GeolocatorTests.UWP", "Tests\GeolocatorTests.UWP\GeolocatorTests.UWP.csproj", "{F513A0EA-31CE-40C7-8DF9-3C0287B520E6}"
EndProject
Global
	GlobalSection(SolutionConfigurationPlatforms) = preSolution
		Ad-Hoc|Any CPU = Ad-Hoc|Any CPU
		Ad-Hoc|ARM = Ad-Hoc|ARM
		Ad-Hoc|iPhone = Ad-Hoc|iPhone
		Ad-Hoc|iPhoneSimulator = Ad-Hoc|iPhoneSimulator
		Ad-Hoc|x64 = Ad-Hoc|x64
		Ad-Hoc|x86 = Ad-Hoc|x86
		AppStore|Any CPU = AppStore|Any CPU
		AppStore|ARM = AppStore|ARM
		AppStore|iPhone = AppStore|iPhone
		AppStore|iPhoneSimulator = AppStore|iPhoneSimulator
		AppStore|x64 = AppStore|x64
		AppStore|x86 = AppStore|x86
		Debug|Any CPU = Debug|Any CPU
		Debug|ARM = Debug|ARM
		Debug|iPhone = Debug|iPhone
		Debug|iPhoneSimulator = Debug|iPhoneSimulator
		Debug|x64 = Debug|x64
		Debug|x86 = Debug|x86
		Release|Any CPU = Release|Any CPU
		Release|ARM = Release|ARM
		Release|iPhone = Release|iPhone
		Release|iPhoneSimulator = Release|iPhoneSimulator
		Release|x64 = Release|x64
		Release|x86 = Release|x86
	EndGlobalSection
	GlobalSection(ProjectConfigurationPlatforms) = postSolution
		{36B8DD43-B679-4D13-8BA9-DED633E7B25F}.Ad-Hoc|Any CPU.ActiveCfg = Release|Any CPU
		{36B8DD43-B679-4D13-8BA9-DED633E7B25F}.Ad-Hoc|Any CPU.Build.0 = Release|Any CPU
		{36B8DD43-B679-4D13-8BA9-DED633E7B25F}.Ad-Hoc|ARM.ActiveCfg = Release|Any CPU
		{36B8DD43-B679-4D13-8BA9-DED633E7B25F}.Ad-Hoc|ARM.Build.0 = Release|Any CPU
		{36B8DD43-B679-4D13-8BA9-DED633E7B25F}.Ad-Hoc|iPhone.ActiveCfg = Release|Any CPU
		{36B8DD43-B679-4D13-8BA9-DED633E7B25F}.Ad-Hoc|iPhone.Build.0 = Release|Any CPU
		{36B8DD43-B679-4D13-8BA9-DED633E7B25F}.Ad-Hoc|iPhoneSimulator.ActiveCfg = Release|Any CPU
		{36B8DD43-B679-4D13-8BA9-DED633E7B25F}.Ad-Hoc|iPhoneSimulator.Build.0 = Release|Any CPU
		{36B8DD43-B679-4D13-8BA9-DED633E7B25F}.Ad-Hoc|x64.ActiveCfg = Release|Any CPU
		{36B8DD43-B679-4D13-8BA9-DED633E7B25F}.Ad-Hoc|x64.Build.0 = Release|Any CPU
		{36B8DD43-B679-4D13-8BA9-DED633E7B25F}.Ad-Hoc|x86.ActiveCfg = Release|Any CPU
		{36B8DD43-B679-4D13-8BA9-DED633E7B25F}.Ad-Hoc|x86.Build.0 = Release|Any CPU
		{36B8DD43-B679-4D13-8BA9-DED633E7B25F}.AppStore|Any CPU.ActiveCfg = Release|Any CPU
		{36B8DD43-B679-4D13-8BA9-DED633E7B25F}.AppStore|Any CPU.Build.0 = Release|Any CPU
		{36B8DD43-B679-4D13-8BA9-DED633E7B25F}.AppStore|ARM.ActiveCfg = Release|Any CPU
		{36B8DD43-B679-4D13-8BA9-DED633E7B25F}.AppStore|ARM.Build.0 = Release|Any CPU
		{36B8DD43-B679-4D13-8BA9-DED633E7B25F}.AppStore|iPhone.ActiveCfg = Release|Any CPU
		{36B8DD43-B679-4D13-8BA9-DED633E7B25F}.AppStore|iPhone.Build.0 = Release|Any CPU
		{36B8DD43-B679-4D13-8BA9-DED633E7B25F}.AppStore|iPhoneSimulator.ActiveCfg = Release|Any CPU
		{36B8DD43-B679-4D13-8BA9-DED633E7B25F}.AppStore|iPhoneSimulator.Build.0 = Release|Any CPU
		{36B8DD43-B679-4D13-8BA9-DED633E7B25F}.AppStore|x64.ActiveCfg = Release|Any CPU
		{36B8DD43-B679-4D13-8BA9-DED633E7B25F}.AppStore|x64.Build.0 = Release|Any CPU
		{36B8DD43-B679-4D13-8BA9-DED633E7B25F}.AppStore|x86.ActiveCfg = Release|Any CPU
		{36B8DD43-B679-4D13-8BA9-DED633E7B25F}.AppStore|x86.Build.0 = Release|Any CPU
		{36B8DD43-B679-4D13-8BA9-DED633E7B25F}.Debug|Any CPU.ActiveCfg = Debug|Any CPU
		{36B8DD43-B679-4D13-8BA9-DED633E7B25F}.Debug|Any CPU.Build.0 = Debug|Any CPU
		{36B8DD43-B679-4D13-8BA9-DED633E7B25F}.Debug|ARM.ActiveCfg = Debug|Any CPU
		{36B8DD43-B679-4D13-8BA9-DED633E7B25F}.Debug|ARM.Build.0 = Debug|Any CPU
		{36B8DD43-B679-4D13-8BA9-DED633E7B25F}.Debug|iPhone.ActiveCfg = Debug|Any CPU
		{36B8DD43-B679-4D13-8BA9-DED633E7B25F}.Debug|iPhone.Build.0 = Debug|Any CPU
		{36B8DD43-B679-4D13-8BA9-DED633E7B25F}.Debug|iPhoneSimulator.ActiveCfg = Debug|Any CPU
		{36B8DD43-B679-4D13-8BA9-DED633E7B25F}.Debug|iPhoneSimulator.Build.0 = Debug|Any CPU
		{36B8DD43-B679-4D13-8BA9-DED633E7B25F}.Debug|x64.ActiveCfg = Debug|Any CPU
		{36B8DD43-B679-4D13-8BA9-DED633E7B25F}.Debug|x64.Build.0 = Debug|Any CPU
		{36B8DD43-B679-4D13-8BA9-DED633E7B25F}.Debug|x86.ActiveCfg = Debug|Any CPU
		{36B8DD43-B679-4D13-8BA9-DED633E7B25F}.Debug|x86.Build.0 = Debug|Any CPU
		{36B8DD43-B679-4D13-8BA9-DED633E7B25F}.Release|Any CPU.ActiveCfg = Release|Any CPU
		{36B8DD43-B679-4D13-8BA9-DED633E7B25F}.Release|Any CPU.Build.0 = Release|Any CPU
		{36B8DD43-B679-4D13-8BA9-DED633E7B25F}.Release|ARM.ActiveCfg = Release|Any CPU
		{36B8DD43-B679-4D13-8BA9-DED633E7B25F}.Release|ARM.Build.0 = Release|Any CPU
		{36B8DD43-B679-4D13-8BA9-DED633E7B25F}.Release|iPhone.ActiveCfg = Release|Any CPU
		{36B8DD43-B679-4D13-8BA9-DED633E7B25F}.Release|iPhone.Build.0 = Release|Any CPU
		{36B8DD43-B679-4D13-8BA9-DED633E7B25F}.Release|iPhoneSimulator.ActiveCfg = Release|Any CPU
		{36B8DD43-B679-4D13-8BA9-DED633E7B25F}.Release|iPhoneSimulator.Build.0 = Release|Any CPU
		{36B8DD43-B679-4D13-8BA9-DED633E7B25F}.Release|x64.ActiveCfg = Release|Any CPU
		{36B8DD43-B679-4D13-8BA9-DED633E7B25F}.Release|x64.Build.0 = Release|Any CPU
		{36B8DD43-B679-4D13-8BA9-DED633E7B25F}.Release|x86.ActiveCfg = Release|Any CPU
		{36B8DD43-B679-4D13-8BA9-DED633E7B25F}.Release|x86.Build.0 = Release|Any CPU
		{7D60E3CB-2799-4416-85BA-2374284EB3F1}.Ad-Hoc|Any CPU.ActiveCfg = Release|Any CPU
		{7D60E3CB-2799-4416-85BA-2374284EB3F1}.Ad-Hoc|Any CPU.Build.0 = Release|Any CPU
		{7D60E3CB-2799-4416-85BA-2374284EB3F1}.Ad-Hoc|ARM.ActiveCfg = Release|Any CPU
		{7D60E3CB-2799-4416-85BA-2374284EB3F1}.Ad-Hoc|ARM.Build.0 = Release|Any CPU
		{7D60E3CB-2799-4416-85BA-2374284EB3F1}.Ad-Hoc|iPhone.ActiveCfg = Release|Any CPU
		{7D60E3CB-2799-4416-85BA-2374284EB3F1}.Ad-Hoc|iPhone.Build.0 = Release|Any CPU
		{7D60E3CB-2799-4416-85BA-2374284EB3F1}.Ad-Hoc|iPhoneSimulator.ActiveCfg = Release|Any CPU
		{7D60E3CB-2799-4416-85BA-2374284EB3F1}.Ad-Hoc|iPhoneSimulator.Build.0 = Release|Any CPU
		{7D60E3CB-2799-4416-85BA-2374284EB3F1}.Ad-Hoc|x64.ActiveCfg = Release|Any CPU
		{7D60E3CB-2799-4416-85BA-2374284EB3F1}.Ad-Hoc|x64.Build.0 = Release|Any CPU
		{7D60E3CB-2799-4416-85BA-2374284EB3F1}.Ad-Hoc|x86.ActiveCfg = Release|Any CPU
		{7D60E3CB-2799-4416-85BA-2374284EB3F1}.Ad-Hoc|x86.Build.0 = Release|Any CPU
		{7D60E3CB-2799-4416-85BA-2374284EB3F1}.AppStore|Any CPU.ActiveCfg = Release|Any CPU
		{7D60E3CB-2799-4416-85BA-2374284EB3F1}.AppStore|Any CPU.Build.0 = Release|Any CPU
		{7D60E3CB-2799-4416-85BA-2374284EB3F1}.AppStore|ARM.ActiveCfg = Release|Any CPU
		{7D60E3CB-2799-4416-85BA-2374284EB3F1}.AppStore|ARM.Build.0 = Release|Any CPU
		{7D60E3CB-2799-4416-85BA-2374284EB3F1}.AppStore|iPhone.ActiveCfg = Release|Any CPU
		{7D60E3CB-2799-4416-85BA-2374284EB3F1}.AppStore|iPhone.Build.0 = Release|Any CPU
		{7D60E3CB-2799-4416-85BA-2374284EB3F1}.AppStore|iPhoneSimulator.ActiveCfg = Release|Any CPU
		{7D60E3CB-2799-4416-85BA-2374284EB3F1}.AppStore|iPhoneSimulator.Build.0 = Release|Any CPU
		{7D60E3CB-2799-4416-85BA-2374284EB3F1}.AppStore|x64.ActiveCfg = Release|Any CPU
		{7D60E3CB-2799-4416-85BA-2374284EB3F1}.AppStore|x64.Build.0 = Release|Any CPU
		{7D60E3CB-2799-4416-85BA-2374284EB3F1}.AppStore|x86.ActiveCfg = Release|Any CPU
		{7D60E3CB-2799-4416-85BA-2374284EB3F1}.AppStore|x86.Build.0 = Release|Any CPU
		{7D60E3CB-2799-4416-85BA-2374284EB3F1}.Debug|Any CPU.ActiveCfg = Debug|Any CPU
		{7D60E3CB-2799-4416-85BA-2374284EB3F1}.Debug|Any CPU.Build.0 = Debug|Any CPU
		{7D60E3CB-2799-4416-85BA-2374284EB3F1}.Debug|ARM.ActiveCfg = Debug|Any CPU
		{7D60E3CB-2799-4416-85BA-2374284EB3F1}.Debug|ARM.Build.0 = Debug|Any CPU
		{7D60E3CB-2799-4416-85BA-2374284EB3F1}.Debug|iPhone.ActiveCfg = Debug|Any CPU
		{7D60E3CB-2799-4416-85BA-2374284EB3F1}.Debug|iPhone.Build.0 = Debug|Any CPU
		{7D60E3CB-2799-4416-85BA-2374284EB3F1}.Debug|iPhoneSimulator.ActiveCfg = Debug|Any CPU
		{7D60E3CB-2799-4416-85BA-2374284EB3F1}.Debug|iPhoneSimulator.Build.0 = Debug|Any CPU
		{7D60E3CB-2799-4416-85BA-2374284EB3F1}.Debug|x64.ActiveCfg = Debug|Any CPU
		{7D60E3CB-2799-4416-85BA-2374284EB3F1}.Debug|x64.Build.0 = Debug|Any CPU
		{7D60E3CB-2799-4416-85BA-2374284EB3F1}.Debug|x86.ActiveCfg = Debug|Any CPU
		{7D60E3CB-2799-4416-85BA-2374284EB3F1}.Debug|x86.Build.0 = Debug|Any CPU
		{7D60E3CB-2799-4416-85BA-2374284EB3F1}.Release|Any CPU.ActiveCfg = Release|Any CPU
		{7D60E3CB-2799-4416-85BA-2374284EB3F1}.Release|Any CPU.Build.0 = Release|Any CPU
		{7D60E3CB-2799-4416-85BA-2374284EB3F1}.Release|ARM.ActiveCfg = Release|Any CPU
		{7D60E3CB-2799-4416-85BA-2374284EB3F1}.Release|ARM.Build.0 = Release|Any CPU
		{7D60E3CB-2799-4416-85BA-2374284EB3F1}.Release|iPhone.ActiveCfg = Release|Any CPU
		{7D60E3CB-2799-4416-85BA-2374284EB3F1}.Release|iPhone.Build.0 = Release|Any CPU
		{7D60E3CB-2799-4416-85BA-2374284EB3F1}.Release|iPhoneSimulator.ActiveCfg = Release|Any CPU
		{7D60E3CB-2799-4416-85BA-2374284EB3F1}.Release|iPhoneSimulator.Build.0 = Release|Any CPU
		{7D60E3CB-2799-4416-85BA-2374284EB3F1}.Release|x64.ActiveCfg = Release|Any CPU
		{7D60E3CB-2799-4416-85BA-2374284EB3F1}.Release|x64.Build.0 = Release|Any CPU
		{7D60E3CB-2799-4416-85BA-2374284EB3F1}.Release|x86.ActiveCfg = Release|Any CPU
		{7D60E3CB-2799-4416-85BA-2374284EB3F1}.Release|x86.Build.0 = Release|Any CPU
		{E9C12CE5-7691-47AE-8D1E-C0598F6C5518}.Ad-Hoc|Any CPU.ActiveCfg = Release|Any CPU
		{E9C12CE5-7691-47AE-8D1E-C0598F6C5518}.Ad-Hoc|Any CPU.Build.0 = Release|Any CPU
		{E9C12CE5-7691-47AE-8D1E-C0598F6C5518}.Ad-Hoc|Any CPU.Deploy.0 = Release|Any CPU
		{E9C12CE5-7691-47AE-8D1E-C0598F6C5518}.Ad-Hoc|ARM.ActiveCfg = Release|Any CPU
		{E9C12CE5-7691-47AE-8D1E-C0598F6C5518}.Ad-Hoc|ARM.Build.0 = Release|Any CPU
		{E9C12CE5-7691-47AE-8D1E-C0598F6C5518}.Ad-Hoc|ARM.Deploy.0 = Release|Any CPU
		{E9C12CE5-7691-47AE-8D1E-C0598F6C5518}.Ad-Hoc|iPhone.ActiveCfg = Release|Any CPU
		{E9C12CE5-7691-47AE-8D1E-C0598F6C5518}.Ad-Hoc|iPhone.Build.0 = Release|Any CPU
		{E9C12CE5-7691-47AE-8D1E-C0598F6C5518}.Ad-Hoc|iPhone.Deploy.0 = Release|Any CPU
		{E9C12CE5-7691-47AE-8D1E-C0598F6C5518}.Ad-Hoc|iPhoneSimulator.ActiveCfg = Release|Any CPU
		{E9C12CE5-7691-47AE-8D1E-C0598F6C5518}.Ad-Hoc|iPhoneSimulator.Build.0 = Release|Any CPU
		{E9C12CE5-7691-47AE-8D1E-C0598F6C5518}.Ad-Hoc|iPhoneSimulator.Deploy.0 = Release|Any CPU
		{E9C12CE5-7691-47AE-8D1E-C0598F6C5518}.Ad-Hoc|x64.ActiveCfg = Release|Any CPU
		{E9C12CE5-7691-47AE-8D1E-C0598F6C5518}.Ad-Hoc|x64.Build.0 = Release|Any CPU
		{E9C12CE5-7691-47AE-8D1E-C0598F6C5518}.Ad-Hoc|x64.Deploy.0 = Release|Any CPU
		{E9C12CE5-7691-47AE-8D1E-C0598F6C5518}.Ad-Hoc|x86.ActiveCfg = Release|Any CPU
		{E9C12CE5-7691-47AE-8D1E-C0598F6C5518}.Ad-Hoc|x86.Build.0 = Release|Any CPU
		{E9C12CE5-7691-47AE-8D1E-C0598F6C5518}.Ad-Hoc|x86.Deploy.0 = Release|Any CPU
		{E9C12CE5-7691-47AE-8D1E-C0598F6C5518}.AppStore|Any CPU.ActiveCfg = Release|Any CPU
		{E9C12CE5-7691-47AE-8D1E-C0598F6C5518}.AppStore|Any CPU.Build.0 = Release|Any CPU
		{E9C12CE5-7691-47AE-8D1E-C0598F6C5518}.AppStore|Any CPU.Deploy.0 = Release|Any CPU
		{E9C12CE5-7691-47AE-8D1E-C0598F6C5518}.AppStore|ARM.ActiveCfg = Release|Any CPU
		{E9C12CE5-7691-47AE-8D1E-C0598F6C5518}.AppStore|ARM.Build.0 = Release|Any CPU
		{E9C12CE5-7691-47AE-8D1E-C0598F6C5518}.AppStore|ARM.Deploy.0 = Release|Any CPU
		{E9C12CE5-7691-47AE-8D1E-C0598F6C5518}.AppStore|iPhone.ActiveCfg = Release|Any CPU
		{E9C12CE5-7691-47AE-8D1E-C0598F6C5518}.AppStore|iPhone.Build.0 = Release|Any CPU
		{E9C12CE5-7691-47AE-8D1E-C0598F6C5518}.AppStore|iPhone.Deploy.0 = Release|Any CPU
		{E9C12CE5-7691-47AE-8D1E-C0598F6C5518}.AppStore|iPhoneSimulator.ActiveCfg = Release|Any CPU
		{E9C12CE5-7691-47AE-8D1E-C0598F6C5518}.AppStore|iPhoneSimulator.Build.0 = Release|Any CPU
		{E9C12CE5-7691-47AE-8D1E-C0598F6C5518}.AppStore|iPhoneSimulator.Deploy.0 = Release|Any CPU
		{E9C12CE5-7691-47AE-8D1E-C0598F6C5518}.AppStore|x64.ActiveCfg = Release|Any CPU
		{E9C12CE5-7691-47AE-8D1E-C0598F6C5518}.AppStore|x64.Build.0 = Release|Any CPU
		{E9C12CE5-7691-47AE-8D1E-C0598F6C5518}.AppStore|x64.Deploy.0 = Release|Any CPU
		{E9C12CE5-7691-47AE-8D1E-C0598F6C5518}.AppStore|x86.ActiveCfg = Release|Any CPU
		{E9C12CE5-7691-47AE-8D1E-C0598F6C5518}.AppStore|x86.Build.0 = Release|Any CPU
		{E9C12CE5-7691-47AE-8D1E-C0598F6C5518}.AppStore|x86.Deploy.0 = Release|Any CPU
		{E9C12CE5-7691-47AE-8D1E-C0598F6C5518}.Debug|Any CPU.ActiveCfg = Debug|Any CPU
		{E9C12CE5-7691-47AE-8D1E-C0598F6C5518}.Debug|Any CPU.Build.0 = Debug|Any CPU
		{E9C12CE5-7691-47AE-8D1E-C0598F6C5518}.Debug|Any CPU.Deploy.0 = Debug|Any CPU
		{E9C12CE5-7691-47AE-8D1E-C0598F6C5518}.Debug|ARM.ActiveCfg = Debug|Any CPU
		{E9C12CE5-7691-47AE-8D1E-C0598F6C5518}.Debug|ARM.Build.0 = Debug|Any CPU
		{E9C12CE5-7691-47AE-8D1E-C0598F6C5518}.Debug|ARM.Deploy.0 = Debug|Any CPU
		{E9C12CE5-7691-47AE-8D1E-C0598F6C5518}.Debug|iPhone.ActiveCfg = Debug|Any CPU
		{E9C12CE5-7691-47AE-8D1E-C0598F6C5518}.Debug|iPhone.Build.0 = Debug|Any CPU
		{E9C12CE5-7691-47AE-8D1E-C0598F6C5518}.Debug|iPhone.Deploy.0 = Debug|Any CPU
		{E9C12CE5-7691-47AE-8D1E-C0598F6C5518}.Debug|iPhoneSimulator.ActiveCfg = Debug|Any CPU
		{E9C12CE5-7691-47AE-8D1E-C0598F6C5518}.Debug|iPhoneSimulator.Build.0 = Debug|Any CPU
		{E9C12CE5-7691-47AE-8D1E-C0598F6C5518}.Debug|x64.ActiveCfg = Debug|Any CPU
		{E9C12CE5-7691-47AE-8D1E-C0598F6C5518}.Debug|x64.Build.0 = Debug|Any CPU
		{E9C12CE5-7691-47AE-8D1E-C0598F6C5518}.Debug|x64.Deploy.0 = Debug|Any CPU
		{E9C12CE5-7691-47AE-8D1E-C0598F6C5518}.Debug|x86.ActiveCfg = Debug|Any CPU
		{E9C12CE5-7691-47AE-8D1E-C0598F6C5518}.Debug|x86.Build.0 = Debug|Any CPU
		{E9C12CE5-7691-47AE-8D1E-C0598F6C5518}.Debug|x86.Deploy.0 = Debug|Any CPU
		{E9C12CE5-7691-47AE-8D1E-C0598F6C5518}.Release|Any CPU.ActiveCfg = Release|Any CPU
		{E9C12CE5-7691-47AE-8D1E-C0598F6C5518}.Release|Any CPU.Build.0 = Release|Any CPU
		{E9C12CE5-7691-47AE-8D1E-C0598F6C5518}.Release|Any CPU.Deploy.0 = Release|Any CPU
		{E9C12CE5-7691-47AE-8D1E-C0598F6C5518}.Release|ARM.ActiveCfg = Release|Any CPU
		{E9C12CE5-7691-47AE-8D1E-C0598F6C5518}.Release|ARM.Build.0 = Release|Any CPU
		{E9C12CE5-7691-47AE-8D1E-C0598F6C5518}.Release|ARM.Deploy.0 = Release|Any CPU
		{E9C12CE5-7691-47AE-8D1E-C0598F6C5518}.Release|iPhone.ActiveCfg = Release|Any CPU
		{E9C12CE5-7691-47AE-8D1E-C0598F6C5518}.Release|iPhone.Build.0 = Release|Any CPU
		{E9C12CE5-7691-47AE-8D1E-C0598F6C5518}.Release|iPhone.Deploy.0 = Release|Any CPU
		{E9C12CE5-7691-47AE-8D1E-C0598F6C5518}.Release|iPhoneSimulator.ActiveCfg = Release|Any CPU
		{E9C12CE5-7691-47AE-8D1E-C0598F6C5518}.Release|iPhoneSimulator.Build.0 = Release|Any CPU
		{E9C12CE5-7691-47AE-8D1E-C0598F6C5518}.Release|iPhoneSimulator.Deploy.0 = Release|Any CPU
		{E9C12CE5-7691-47AE-8D1E-C0598F6C5518}.Release|x64.ActiveCfg = Release|Any CPU
		{E9C12CE5-7691-47AE-8D1E-C0598F6C5518}.Release|x64.Build.0 = Release|Any CPU
		{E9C12CE5-7691-47AE-8D1E-C0598F6C5518}.Release|x64.Deploy.0 = Release|Any CPU
		{E9C12CE5-7691-47AE-8D1E-C0598F6C5518}.Release|x86.ActiveCfg = Release|Any CPU
		{E9C12CE5-7691-47AE-8D1E-C0598F6C5518}.Release|x86.Build.0 = Release|Any CPU
		{E9C12CE5-7691-47AE-8D1E-C0598F6C5518}.Release|x86.Deploy.0 = Release|Any CPU
		{5F010020-BEE6-47EE-A4CE-6A8C42B9CB29}.Ad-Hoc|Any CPU.ActiveCfg = Release|iPhone
		{5F010020-BEE6-47EE-A4CE-6A8C42B9CB29}.Ad-Hoc|Any CPU.Build.0 = Release|iPhone
		{5F010020-BEE6-47EE-A4CE-6A8C42B9CB29}.Ad-Hoc|ARM.ActiveCfg = Release|iPhone
		{5F010020-BEE6-47EE-A4CE-6A8C42B9CB29}.Ad-Hoc|ARM.Build.0 = Release|iPhone
		{5F010020-BEE6-47EE-A4CE-6A8C42B9CB29}.Ad-Hoc|iPhone.ActiveCfg = Release|iPhone
		{5F010020-BEE6-47EE-A4CE-6A8C42B9CB29}.Ad-Hoc|iPhone.Build.0 = Release|iPhone
		{5F010020-BEE6-47EE-A4CE-6A8C42B9CB29}.Ad-Hoc|iPhoneSimulator.ActiveCfg = Release|iPhoneSimulator
		{5F010020-BEE6-47EE-A4CE-6A8C42B9CB29}.Ad-Hoc|iPhoneSimulator.Build.0 = Release|iPhoneSimulator
		{5F010020-BEE6-47EE-A4CE-6A8C42B9CB29}.Ad-Hoc|x64.ActiveCfg = Release|iPhone
		{5F010020-BEE6-47EE-A4CE-6A8C42B9CB29}.Ad-Hoc|x64.Build.0 = Release|iPhone
		{5F010020-BEE6-47EE-A4CE-6A8C42B9CB29}.Ad-Hoc|x86.ActiveCfg = Release|iPhone
		{5F010020-BEE6-47EE-A4CE-6A8C42B9CB29}.Ad-Hoc|x86.Build.0 = Release|iPhone
		{5F010020-BEE6-47EE-A4CE-6A8C42B9CB29}.AppStore|Any CPU.ActiveCfg = Release|iPhone
		{5F010020-BEE6-47EE-A4CE-6A8C42B9CB29}.AppStore|Any CPU.Build.0 = Release|iPhone
		{5F010020-BEE6-47EE-A4CE-6A8C42B9CB29}.AppStore|ARM.ActiveCfg = Release|iPhone
		{5F010020-BEE6-47EE-A4CE-6A8C42B9CB29}.AppStore|ARM.Build.0 = Release|iPhone
		{5F010020-BEE6-47EE-A4CE-6A8C42B9CB29}.AppStore|iPhone.ActiveCfg = Release|iPhone
		{5F010020-BEE6-47EE-A4CE-6A8C42B9CB29}.AppStore|iPhone.Build.0 = Release|iPhone
		{5F010020-BEE6-47EE-A4CE-6A8C42B9CB29}.AppStore|iPhoneSimulator.ActiveCfg = Release|iPhoneSimulator
		{5F010020-BEE6-47EE-A4CE-6A8C42B9CB29}.AppStore|iPhoneSimulator.Build.0 = Release|iPhoneSimulator
		{5F010020-BEE6-47EE-A4CE-6A8C42B9CB29}.AppStore|x64.ActiveCfg = Release|iPhone
		{5F010020-BEE6-47EE-A4CE-6A8C42B9CB29}.AppStore|x64.Build.0 = Release|iPhone
		{5F010020-BEE6-47EE-A4CE-6A8C42B9CB29}.AppStore|x86.ActiveCfg = Release|iPhone
		{5F010020-BEE6-47EE-A4CE-6A8C42B9CB29}.AppStore|x86.Build.0 = Release|iPhone
		{5F010020-BEE6-47EE-A4CE-6A8C42B9CB29}.Debug|Any CPU.ActiveCfg = Debug|iPhone
		{5F010020-BEE6-47EE-A4CE-6A8C42B9CB29}.Debug|ARM.ActiveCfg = Debug|iPhone
		{5F010020-BEE6-47EE-A4CE-6A8C42B9CB29}.Debug|iPhone.ActiveCfg = Debug|iPhone
		{5F010020-BEE6-47EE-A4CE-6A8C42B9CB29}.Debug|iPhone.Build.0 = Debug|iPhone
		{5F010020-BEE6-47EE-A4CE-6A8C42B9CB29}.Debug|iPhoneSimulator.ActiveCfg = Debug|iPhoneSimulator
		{5F010020-BEE6-47EE-A4CE-6A8C42B9CB29}.Debug|iPhoneSimulator.Build.0 = Debug|iPhoneSimulator
		{5F010020-BEE6-47EE-A4CE-6A8C42B9CB29}.Debug|x64.ActiveCfg = Debug|iPhone
		{5F010020-BEE6-47EE-A4CE-6A8C42B9CB29}.Debug|x86.ActiveCfg = Debug|iPhone
		{5F010020-BEE6-47EE-A4CE-6A8C42B9CB29}.Release|Any CPU.ActiveCfg = Release|iPhone
		{5F010020-BEE6-47EE-A4CE-6A8C42B9CB29}.Release|ARM.ActiveCfg = Release|iPhone
		{5F010020-BEE6-47EE-A4CE-6A8C42B9CB29}.Release|iPhone.ActiveCfg = Release|iPhone
		{5F010020-BEE6-47EE-A4CE-6A8C42B9CB29}.Release|iPhone.Build.0 = Release|iPhone
		{5F010020-BEE6-47EE-A4CE-6A8C42B9CB29}.Release|iPhoneSimulator.ActiveCfg = Release|iPhoneSimulator
		{5F010020-BEE6-47EE-A4CE-6A8C42B9CB29}.Release|iPhoneSimulator.Build.0 = Release|iPhoneSimulator
		{5F010020-BEE6-47EE-A4CE-6A8C42B9CB29}.Release|x64.ActiveCfg = Release|iPhone
		{5F010020-BEE6-47EE-A4CE-6A8C42B9CB29}.Release|x86.ActiveCfg = Release|iPhone
		{716095F1-D4B9-4C76-A2E5-395BDE971C67}.Ad-Hoc|Any CPU.ActiveCfg = Release|Any CPU
		{716095F1-D4B9-4C76-A2E5-395BDE971C67}.Ad-Hoc|Any CPU.Build.0 = Release|Any CPU
		{716095F1-D4B9-4C76-A2E5-395BDE971C67}.Ad-Hoc|ARM.ActiveCfg = Release|Any CPU
		{716095F1-D4B9-4C76-A2E5-395BDE971C67}.Ad-Hoc|ARM.Build.0 = Release|Any CPU
		{716095F1-D4B9-4C76-A2E5-395BDE971C67}.Ad-Hoc|iPhone.ActiveCfg = Release|Any CPU
		{716095F1-D4B9-4C76-A2E5-395BDE971C67}.Ad-Hoc|iPhone.Build.0 = Release|Any CPU
		{716095F1-D4B9-4C76-A2E5-395BDE971C67}.Ad-Hoc|iPhoneSimulator.ActiveCfg = Release|Any CPU
		{716095F1-D4B9-4C76-A2E5-395BDE971C67}.Ad-Hoc|iPhoneSimulator.Build.0 = Release|Any CPU
		{716095F1-D4B9-4C76-A2E5-395BDE971C67}.Ad-Hoc|x64.ActiveCfg = Release|Any CPU
		{716095F1-D4B9-4C76-A2E5-395BDE971C67}.Ad-Hoc|x64.Build.0 = Release|Any CPU
		{716095F1-D4B9-4C76-A2E5-395BDE971C67}.Ad-Hoc|x86.ActiveCfg = Release|Any CPU
		{716095F1-D4B9-4C76-A2E5-395BDE971C67}.Ad-Hoc|x86.Build.0 = Release|Any CPU
		{716095F1-D4B9-4C76-A2E5-395BDE971C67}.AppStore|Any CPU.ActiveCfg = Release|Any CPU
		{716095F1-D4B9-4C76-A2E5-395BDE971C67}.AppStore|Any CPU.Build.0 = Release|Any CPU
		{716095F1-D4B9-4C76-A2E5-395BDE971C67}.AppStore|ARM.ActiveCfg = Release|Any CPU
		{716095F1-D4B9-4C76-A2E5-395BDE971C67}.AppStore|ARM.Build.0 = Release|Any CPU
		{716095F1-D4B9-4C76-A2E5-395BDE971C67}.AppStore|iPhone.ActiveCfg = Release|Any CPU
		{716095F1-D4B9-4C76-A2E5-395BDE971C67}.AppStore|iPhone.Build.0 = Release|Any CPU
		{716095F1-D4B9-4C76-A2E5-395BDE971C67}.AppStore|iPhoneSimulator.ActiveCfg = Release|Any CPU
		{716095F1-D4B9-4C76-A2E5-395BDE971C67}.AppStore|iPhoneSimulator.Build.0 = Release|Any CPU
		{716095F1-D4B9-4C76-A2E5-395BDE971C67}.AppStore|x64.ActiveCfg = Release|Any CPU
		{716095F1-D4B9-4C76-A2E5-395BDE971C67}.AppStore|x64.Build.0 = Release|Any CPU
		{716095F1-D4B9-4C76-A2E5-395BDE971C67}.AppStore|x86.ActiveCfg = Release|Any CPU
		{716095F1-D4B9-4C76-A2E5-395BDE971C67}.AppStore|x86.Build.0 = Release|Any CPU
		{716095F1-D4B9-4C76-A2E5-395BDE971C67}.Debug|Any CPU.ActiveCfg = Debug|Any CPU
		{716095F1-D4B9-4C76-A2E5-395BDE971C67}.Debug|Any CPU.Build.0 = Debug|Any CPU
		{716095F1-D4B9-4C76-A2E5-395BDE971C67}.Debug|ARM.ActiveCfg = Debug|Any CPU
		{716095F1-D4B9-4C76-A2E5-395BDE971C67}.Debug|ARM.Build.0 = Debug|Any CPU
		{716095F1-D4B9-4C76-A2E5-395BDE971C67}.Debug|iPhone.ActiveCfg = Debug|Any CPU
		{716095F1-D4B9-4C76-A2E5-395BDE971C67}.Debug|iPhone.Build.0 = Debug|Any CPU
		{716095F1-D4B9-4C76-A2E5-395BDE971C67}.Debug|iPhoneSimulator.ActiveCfg = Debug|Any CPU
		{716095F1-D4B9-4C76-A2E5-395BDE971C67}.Debug|iPhoneSimulator.Build.0 = Debug|Any CPU
		{716095F1-D4B9-4C76-A2E5-395BDE971C67}.Debug|x64.ActiveCfg = Debug|Any CPU
		{716095F1-D4B9-4C76-A2E5-395BDE971C67}.Debug|x64.Build.0 = Debug|Any CPU
		{716095F1-D4B9-4C76-A2E5-395BDE971C67}.Debug|x86.ActiveCfg = Debug|Any CPU
		{716095F1-D4B9-4C76-A2E5-395BDE971C67}.Debug|x86.Build.0 = Debug|Any CPU
		{716095F1-D4B9-4C76-A2E5-395BDE971C67}.Release|Any CPU.ActiveCfg = Release|Any CPU
		{716095F1-D4B9-4C76-A2E5-395BDE971C67}.Release|Any CPU.Build.0 = Release|Any CPU
		{716095F1-D4B9-4C76-A2E5-395BDE971C67}.Release|ARM.ActiveCfg = Release|Any CPU
		{716095F1-D4B9-4C76-A2E5-395BDE971C67}.Release|ARM.Build.0 = Release|Any CPU
		{716095F1-D4B9-4C76-A2E5-395BDE971C67}.Release|iPhone.ActiveCfg = Release|Any CPU
		{716095F1-D4B9-4C76-A2E5-395BDE971C67}.Release|iPhone.Build.0 = Release|Any CPU
		{716095F1-D4B9-4C76-A2E5-395BDE971C67}.Release|iPhoneSimulator.ActiveCfg = Release|Any CPU
		{716095F1-D4B9-4C76-A2E5-395BDE971C67}.Release|iPhoneSimulator.Build.0 = Release|Any CPU
		{716095F1-D4B9-4C76-A2E5-395BDE971C67}.Release|x64.ActiveCfg = Release|Any CPU
		{716095F1-D4B9-4C76-A2E5-395BDE971C67}.Release|x64.Build.0 = Release|Any CPU
		{716095F1-D4B9-4C76-A2E5-395BDE971C67}.Release|x86.ActiveCfg = Release|Any CPU
		{716095F1-D4B9-4C76-A2E5-395BDE971C67}.Release|x86.Build.0 = Release|Any CPU
		{F71B4971-EB5E-4552-8BD4-A61D7049939B}.Ad-Hoc|Any CPU.ActiveCfg = Ad-Hoc|iPhone
		{F71B4971-EB5E-4552-8BD4-A61D7049939B}.Ad-Hoc|ARM.ActiveCfg = Ad-Hoc|iPhone
		{F71B4971-EB5E-4552-8BD4-A61D7049939B}.Ad-Hoc|iPhone.ActiveCfg = Ad-Hoc|iPhone
		{F71B4971-EB5E-4552-8BD4-A61D7049939B}.Ad-Hoc|iPhone.Build.0 = Ad-Hoc|iPhone
		{F71B4971-EB5E-4552-8BD4-A61D7049939B}.Ad-Hoc|iPhoneSimulator.ActiveCfg = Ad-Hoc|iPhoneSimulator
		{F71B4971-EB5E-4552-8BD4-A61D7049939B}.Ad-Hoc|iPhoneSimulator.Build.0 = Ad-Hoc|iPhoneSimulator
		{F71B4971-EB5E-4552-8BD4-A61D7049939B}.Ad-Hoc|x64.ActiveCfg = Ad-Hoc|iPhone
		{F71B4971-EB5E-4552-8BD4-A61D7049939B}.Ad-Hoc|x86.ActiveCfg = Ad-Hoc|iPhone
		{F71B4971-EB5E-4552-8BD4-A61D7049939B}.AppStore|Any CPU.ActiveCfg = AppStore|iPhone
		{F71B4971-EB5E-4552-8BD4-A61D7049939B}.AppStore|ARM.ActiveCfg = AppStore|iPhone
		{F71B4971-EB5E-4552-8BD4-A61D7049939B}.AppStore|iPhone.ActiveCfg = AppStore|iPhone
		{F71B4971-EB5E-4552-8BD4-A61D7049939B}.AppStore|iPhone.Build.0 = AppStore|iPhone
		{F71B4971-EB5E-4552-8BD4-A61D7049939B}.AppStore|iPhoneSimulator.ActiveCfg = AppStore|iPhoneSimulator
		{F71B4971-EB5E-4552-8BD4-A61D7049939B}.AppStore|iPhoneSimulator.Build.0 = AppStore|iPhoneSimulator
		{F71B4971-EB5E-4552-8BD4-A61D7049939B}.AppStore|x64.ActiveCfg = AppStore|iPhone
		{F71B4971-EB5E-4552-8BD4-A61D7049939B}.AppStore|x86.ActiveCfg = AppStore|iPhone
		{F71B4971-EB5E-4552-8BD4-A61D7049939B}.Debug|Any CPU.ActiveCfg = Debug|iPhone
		{F71B4971-EB5E-4552-8BD4-A61D7049939B}.Debug|ARM.ActiveCfg = Debug|iPhone
		{F71B4971-EB5E-4552-8BD4-A61D7049939B}.Debug|iPhone.ActiveCfg = Debug|iPhone
		{F71B4971-EB5E-4552-8BD4-A61D7049939B}.Debug|iPhone.Build.0 = Debug|iPhone
		{F71B4971-EB5E-4552-8BD4-A61D7049939B}.Debug|iPhoneSimulator.ActiveCfg = Debug|iPhoneSimulator
		{F71B4971-EB5E-4552-8BD4-A61D7049939B}.Debug|iPhoneSimulator.Build.0 = Debug|iPhoneSimulator
		{F71B4971-EB5E-4552-8BD4-A61D7049939B}.Debug|x64.ActiveCfg = Debug|iPhone
		{F71B4971-EB5E-4552-8BD4-A61D7049939B}.Debug|x86.ActiveCfg = Debug|iPhone
		{F71B4971-EB5E-4552-8BD4-A61D7049939B}.Release|Any CPU.ActiveCfg = Release|iPhone
		{F71B4971-EB5E-4552-8BD4-A61D7049939B}.Release|ARM.ActiveCfg = Release|iPhone
		{F71B4971-EB5E-4552-8BD4-A61D7049939B}.Release|iPhone.ActiveCfg = Release|iPhone
		{F71B4971-EB5E-4552-8BD4-A61D7049939B}.Release|iPhone.Build.0 = Release|iPhone
		{F71B4971-EB5E-4552-8BD4-A61D7049939B}.Release|iPhoneSimulator.ActiveCfg = Release|iPhoneSimulator
		{F71B4971-EB5E-4552-8BD4-A61D7049939B}.Release|iPhoneSimulator.Build.0 = Release|iPhoneSimulator
		{F71B4971-EB5E-4552-8BD4-A61D7049939B}.Release|x64.ActiveCfg = Release|iPhone
		{F71B4971-EB5E-4552-8BD4-A61D7049939B}.Release|x86.ActiveCfg = Release|iPhone
		{F513A0EA-31CE-40C7-8DF9-3C0287B520E6}.Ad-Hoc|Any CPU.ActiveCfg = Release|x64
		{F513A0EA-31CE-40C7-8DF9-3C0287B520E6}.Ad-Hoc|Any CPU.Build.0 = Release|x64
		{F513A0EA-31CE-40C7-8DF9-3C0287B520E6}.Ad-Hoc|Any CPU.Deploy.0 = Release|x64
		{F513A0EA-31CE-40C7-8DF9-3C0287B520E6}.Ad-Hoc|ARM.ActiveCfg = Release|ARM
		{F513A0EA-31CE-40C7-8DF9-3C0287B520E6}.Ad-Hoc|ARM.Build.0 = Release|ARM
		{F513A0EA-31CE-40C7-8DF9-3C0287B520E6}.Ad-Hoc|ARM.Deploy.0 = Release|ARM
		{F513A0EA-31CE-40C7-8DF9-3C0287B520E6}.Ad-Hoc|iPhone.ActiveCfg = Release|x64
		{F513A0EA-31CE-40C7-8DF9-3C0287B520E6}.Ad-Hoc|iPhone.Build.0 = Release|x64
		{F513A0EA-31CE-40C7-8DF9-3C0287B520E6}.Ad-Hoc|iPhone.Deploy.0 = Release|x64
		{F513A0EA-31CE-40C7-8DF9-3C0287B520E6}.Ad-Hoc|iPhoneSimulator.ActiveCfg = Release|x64
		{F513A0EA-31CE-40C7-8DF9-3C0287B520E6}.Ad-Hoc|iPhoneSimulator.Build.0 = Release|x64
		{F513A0EA-31CE-40C7-8DF9-3C0287B520E6}.Ad-Hoc|iPhoneSimulator.Deploy.0 = Release|x64
		{F513A0EA-31CE-40C7-8DF9-3C0287B520E6}.Ad-Hoc|x64.ActiveCfg = Release|x64
		{F513A0EA-31CE-40C7-8DF9-3C0287B520E6}.Ad-Hoc|x64.Build.0 = Release|x64
		{F513A0EA-31CE-40C7-8DF9-3C0287B520E6}.Ad-Hoc|x64.Deploy.0 = Release|x64
		{F513A0EA-31CE-40C7-8DF9-3C0287B520E6}.Ad-Hoc|x86.ActiveCfg = Release|x86
		{F513A0EA-31CE-40C7-8DF9-3C0287B520E6}.Ad-Hoc|x86.Build.0 = Release|x86
		{F513A0EA-31CE-40C7-8DF9-3C0287B520E6}.Ad-Hoc|x86.Deploy.0 = Release|x86
		{F513A0EA-31CE-40C7-8DF9-3C0287B520E6}.AppStore|Any CPU.ActiveCfg = Release|x64
		{F513A0EA-31CE-40C7-8DF9-3C0287B520E6}.AppStore|Any CPU.Build.0 = Release|x64
		{F513A0EA-31CE-40C7-8DF9-3C0287B520E6}.AppStore|Any CPU.Deploy.0 = Release|x64
		{F513A0EA-31CE-40C7-8DF9-3C0287B520E6}.AppStore|ARM.ActiveCfg = Release|ARM
		{F513A0EA-31CE-40C7-8DF9-3C0287B520E6}.AppStore|ARM.Build.0 = Release|ARM
		{F513A0EA-31CE-40C7-8DF9-3C0287B520E6}.AppStore|ARM.Deploy.0 = Release|ARM
		{F513A0EA-31CE-40C7-8DF9-3C0287B520E6}.AppStore|iPhone.ActiveCfg = Release|x64
		{F513A0EA-31CE-40C7-8DF9-3C0287B520E6}.AppStore|iPhone.Build.0 = Release|x64
		{F513A0EA-31CE-40C7-8DF9-3C0287B520E6}.AppStore|iPhone.Deploy.0 = Release|x64
		{F513A0EA-31CE-40C7-8DF9-3C0287B520E6}.AppStore|iPhoneSimulator.ActiveCfg = Release|x64
		{F513A0EA-31CE-40C7-8DF9-3C0287B520E6}.AppStore|iPhoneSimulator.Build.0 = Release|x64
		{F513A0EA-31CE-40C7-8DF9-3C0287B520E6}.AppStore|iPhoneSimulator.Deploy.0 = Release|x64
		{F513A0EA-31CE-40C7-8DF9-3C0287B520E6}.AppStore|x64.ActiveCfg = Release|x64
		{F513A0EA-31CE-40C7-8DF9-3C0287B520E6}.AppStore|x64.Build.0 = Release|x64
		{F513A0EA-31CE-40C7-8DF9-3C0287B520E6}.AppStore|x64.Deploy.0 = Release|x64
		{F513A0EA-31CE-40C7-8DF9-3C0287B520E6}.AppStore|x86.ActiveCfg = Release|x86
		{F513A0EA-31CE-40C7-8DF9-3C0287B520E6}.AppStore|x86.Build.0 = Release|x86
		{F513A0EA-31CE-40C7-8DF9-3C0287B520E6}.AppStore|x86.Deploy.0 = Release|x86
		{F513A0EA-31CE-40C7-8DF9-3C0287B520E6}.Debug|Any CPU.ActiveCfg = Debug|x86
		{F513A0EA-31CE-40C7-8DF9-3C0287B520E6}.Debug|ARM.ActiveCfg = Debug|ARM
		{F513A0EA-31CE-40C7-8DF9-3C0287B520E6}.Debug|ARM.Build.0 = Debug|ARM
		{F513A0EA-31CE-40C7-8DF9-3C0287B520E6}.Debug|ARM.Deploy.0 = Debug|ARM
		{F513A0EA-31CE-40C7-8DF9-3C0287B520E6}.Debug|iPhone.ActiveCfg = Debug|x86
		{F513A0EA-31CE-40C7-8DF9-3C0287B520E6}.Debug|iPhoneSimulator.ActiveCfg = Debug|x86
		{F513A0EA-31CE-40C7-8DF9-3C0287B520E6}.Debug|x64.ActiveCfg = Debug|x64
		{F513A0EA-31CE-40C7-8DF9-3C0287B520E6}.Debug|x64.Build.0 = Debug|x64
		{F513A0EA-31CE-40C7-8DF9-3C0287B520E6}.Debug|x64.Deploy.0 = Debug|x64
		{F513A0EA-31CE-40C7-8DF9-3C0287B520E6}.Debug|x86.ActiveCfg = Debug|x86
		{F513A0EA-31CE-40C7-8DF9-3C0287B520E6}.Debug|x86.Build.0 = Debug|x86
		{F513A0EA-31CE-40C7-8DF9-3C0287B520E6}.Debug|x86.Deploy.0 = Debug|x86
		{F513A0EA-31CE-40C7-8DF9-3C0287B520E6}.Release|Any CPU.ActiveCfg = Release|x86
		{F513A0EA-31CE-40C7-8DF9-3C0287B520E6}.Release|ARM.ActiveCfg = Release|ARM
		{F513A0EA-31CE-40C7-8DF9-3C0287B520E6}.Release|ARM.Build.0 = Release|ARM
		{F513A0EA-31CE-40C7-8DF9-3C0287B520E6}.Release|ARM.Deploy.0 = Release|ARM
		{F513A0EA-31CE-40C7-8DF9-3C0287B520E6}.Release|iPhone.ActiveCfg = Release|x86
		{F513A0EA-31CE-40C7-8DF9-3C0287B520E6}.Release|iPhoneSimulator.ActiveCfg = Release|x86
		{F513A0EA-31CE-40C7-8DF9-3C0287B520E6}.Release|x64.ActiveCfg = Release|x64
		{F513A0EA-31CE-40C7-8DF9-3C0287B520E6}.Release|x64.Build.0 = Release|x64
		{F513A0EA-31CE-40C7-8DF9-3C0287B520E6}.Release|x64.Deploy.0 = Release|x64
		{F513A0EA-31CE-40C7-8DF9-3C0287B520E6}.Release|x86.ActiveCfg = Release|x86
		{F513A0EA-31CE-40C7-8DF9-3C0287B520E6}.Release|x86.Build.0 = Release|x86
		{F513A0EA-31CE-40C7-8DF9-3C0287B520E6}.Release|x86.Deploy.0 = Release|x86
	EndGlobalSection
	GlobalSection(SolutionProperties) = preSolution
		HideSolutionNode = FALSE
	EndGlobalSection
	GlobalSection(NestedProjects) = preSolution
		{7D60E3CB-2799-4416-85BA-2374284EB3F1} = {EFAA42CA-0A04-42A2-8743-AB1C6399FCF2}
		{E9C12CE5-7691-47AE-8D1E-C0598F6C5518} = {EFAA42CA-0A04-42A2-8743-AB1C6399FCF2}
		{5F010020-BEE6-47EE-A4CE-6A8C42B9CB29} = {EFAA42CA-0A04-42A2-8743-AB1C6399FCF2}
		{716095F1-D4B9-4C76-A2E5-395BDE971C67} = {EFAA42CA-0A04-42A2-8743-AB1C6399FCF2}
		{F71B4971-EB5E-4552-8BD4-A61D7049939B} = {EFAA42CA-0A04-42A2-8743-AB1C6399FCF2}
		{F513A0EA-31CE-40C7-8DF9-3C0287B520E6} = {EFAA42CA-0A04-42A2-8743-AB1C6399FCF2}
	EndGlobalSection
	GlobalSection(ExtensibilityGlobals) = postSolution
		SolutionGuid = {24798DB0-00A2-4F43-90FB-8CD0D14D6DB8}
	EndGlobalSection
EndGlobal
